// !$*UTF8*$!
{
	archiveVersion = 1;
	classes = {
	};
	objectVersion = 42;
	objects = {

/* Begin PBXAggregateTarget section */
		3F5EDD2B12564DCC00FF2D80 /* Edventurous */ = {
			isa = PBXAggregateTarget;
			buildConfigurationList = 3F5EDD3612564DFF00FF2D80 /* Build configuration list for PBXAggregateTarget "Edventurous" */;
			buildPhases = (
				3F5EDD7812564F3000FF2D80 /* ShellScript */,
			);
			dependencies = (
				3F5EDD2F12564DD500FF2D80 /* PBXTargetDependency */,
				3F5EDD3112564DD800FF2D80 /* PBXTargetDependency */,
				3F5EDDB71256506500FF2D80 /* PBXTargetDependency */,
			);
			name = Edventurous;
			productName = Edventurous;
		};
/* End PBXAggregateTarget section */

/* Begin PBXBuildFile section */
		3F5240C7126809B9009698EA /* JONTULocation.h in Headers */ = {isa = PBXBuildFile; fileRef = 3F5240C5126809B9009698EA /* JONTULocation.h */; settings = {ATTRIBUTES = (Public, ); }; };
		3F5240C8126809B9009698EA /* JONTULocation.m in Sources */ = {isa = PBXBuildFile; fileRef = 3F5240C6126809B9009698EA /* JONTULocation.m */; };
		3F5240C9126809B9009698EA /* JONTULocation.h in Headers */ = {isa = PBXBuildFile; fileRef = 3F5240C5126809B9009698EA /* JONTULocation.h */; settings = {ATTRIBUTES = (Public, ); }; };
		3F5240CA126809B9009698EA /* JONTULocation.m in Sources */ = {isa = PBXBuildFile; fileRef = 3F5240C6126809B9009698EA /* JONTULocation.m */; };
		3F5240CB126809B9009698EA /* JONTULocation.h in Headers */ = {isa = PBXBuildFile; fileRef = 3F5240C5126809B9009698EA /* JONTULocation.h */; settings = {ATTRIBUTES = (Public, ); }; };
		3F5240CC126809B9009698EA /* JONTULocation.m in Sources */ = {isa = PBXBuildFile; fileRef = 3F5240C6126809B9009698EA /* JONTULocation.m */; };
		3F5241601268243C009698EA /* JONTULocationDirections.h in Headers */ = {isa = PBXBuildFile; fileRef = 3F52415E1268243C009698EA /* JONTULocationDirections.h */; settings = {ATTRIBUTES = (Public, ); }; };
		3F5241611268243C009698EA /* JONTULocationDirections.m in Sources */ = {isa = PBXBuildFile; fileRef = 3F52415F1268243C009698EA /* JONTULocationDirections.m */; };
		3F5241621268243C009698EA /* JONTULocationDirections.h in Headers */ = {isa = PBXBuildFile; fileRef = 3F52415E1268243C009698EA /* JONTULocationDirections.h */; settings = {ATTRIBUTES = (Public, ); }; };
		3F5241631268243C009698EA /* JONTULocationDirections.m in Sources */ = {isa = PBXBuildFile; fileRef = 3F52415F1268243C009698EA /* JONTULocationDirections.m */; };
		3F5241641268243C009698EA /* JONTULocationDirections.h in Headers */ = {isa = PBXBuildFile; fileRef = 3F52415E1268243C009698EA /* JONTULocationDirections.h */; settings = {ATTRIBUTES = (Public, ); }; };
		3F5241651268243C009698EA /* JONTULocationDirections.m in Sources */ = {isa = PBXBuildFile; fileRef = 3F52415F1268243C009698EA /* JONTULocationDirections.m */; };
		3F5241681268244B009698EA /* JONTULocationRoute.h in Headers */ = {isa = PBXBuildFile; fileRef = 3F5241661268244B009698EA /* JONTULocationRoute.h */; settings = {ATTRIBUTES = (Public, ); }; };
		3F5241691268244B009698EA /* JONTULocationRoute.m in Sources */ = {isa = PBXBuildFile; fileRef = 3F5241671268244B009698EA /* JONTULocationRoute.m */; };
		3F52416A1268244B009698EA /* JONTULocationRoute.h in Headers */ = {isa = PBXBuildFile; fileRef = 3F5241661268244B009698EA /* JONTULocationRoute.h */; settings = {ATTRIBUTES = (Public, ); }; };
		3F52416B1268244B009698EA /* JONTULocationRoute.m in Sources */ = {isa = PBXBuildFile; fileRef = 3F5241671268244B009698EA /* JONTULocationRoute.m */; };
		3F52416C1268244B009698EA /* JONTULocationRoute.h in Headers */ = {isa = PBXBuildFile; fileRef = 3F5241661268244B009698EA /* JONTULocationRoute.h */; settings = {ATTRIBUTES = (Public, ); }; };
		3F52416D1268244B009698EA /* JONTULocationRoute.m in Sources */ = {isa = PBXBuildFile; fileRef = 3F5241671268244B009698EA /* JONTULocationRoute.m */; };
		3F54E16C125CF75000D17762 /* JONTUVideoLecture.h in Headers */ = {isa = PBXBuildFile; fileRef = 3FAFD1B8125A3D7F0089E5C1 /* JONTUVideoLecture.h */; settings = {ATTRIBUTES = (Public, ); }; };
		3F54E16D125CF75000D17762 /* JONTUVideoLecture.m in Sources */ = {isa = PBXBuildFile; fileRef = 3FAFD1B9125A3D7F0089E5C1 /* JONTUVideoLecture.m */; };
		3F54E16E125CF75000D17762 /* JONTUVideoStreamingServer.h in Headers */ = {isa = PBXBuildFile; fileRef = 3F5BEA27125CEC9000DF5B2B /* JONTUVideoStreamingServer.h */; settings = {ATTRIBUTES = (Public, ); }; };
		3F54E16F125CF75000D17762 /* JONTUVideoStreamingServer.m in Sources */ = {isa = PBXBuildFile; fileRef = 3F5BEA28125CEC9000DF5B2B /* JONTUVideoStreamingServer.m */; };
		3F54E170125CF75000D17762 /* JONTUVideoLecture.h in Headers */ = {isa = PBXBuildFile; fileRef = 3FAFD1B8125A3D7F0089E5C1 /* JONTUVideoLecture.h */; settings = {ATTRIBUTES = (Public, ); }; };
		3F54E171125CF75000D17762 /* JONTUVideoLecture.m in Sources */ = {isa = PBXBuildFile; fileRef = 3FAFD1B9125A3D7F0089E5C1 /* JONTUVideoLecture.m */; };
		3F54E172125CF75000D17762 /* JONTUVideoStreamingServer.h in Headers */ = {isa = PBXBuildFile; fileRef = 3F5BEA27125CEC9000DF5B2B /* JONTUVideoStreamingServer.h */; settings = {ATTRIBUTES = (Public, ); }; };
		3F54E173125CF75000D17762 /* JONTUVideoStreamingServer.m in Sources */ = {isa = PBXBuildFile; fileRef = 3F5BEA28125CEC9000DF5B2B /* JONTUVideoStreamingServer.m */; };
		3F54E174125CF75100D17762 /* JONTUVideoLecture.h in Headers */ = {isa = PBXBuildFile; fileRef = 3FAFD1B8125A3D7F0089E5C1 /* JONTUVideoLecture.h */; settings = {ATTRIBUTES = (Public, ); }; };
		3F54E175125CF75100D17762 /* JONTUVideoLecture.m in Sources */ = {isa = PBXBuildFile; fileRef = 3FAFD1B9125A3D7F0089E5C1 /* JONTUVideoLecture.m */; };
		3F54E176125CF75100D17762 /* JONTUVideoStreamingServer.h in Headers */ = {isa = PBXBuildFile; fileRef = 3F5BEA27125CEC9000DF5B2B /* JONTUVideoStreamingServer.h */; settings = {ATTRIBUTES = (Public, ); }; };
		3F54E177125CF75100D17762 /* JONTUVideoStreamingServer.m in Sources */ = {isa = PBXBuildFile; fileRef = 3F5BEA28125CEC9000DF5B2B /* JONTUVideoStreamingServer.m */; };
		3F5EDD0112564C9F00FF2D80 /* Foundation.framework in Frameworks */ = {isa = PBXBuildFile; fileRef = 3F5EDD0012564C9F00FF2D80 /* Foundation.framework */; };
		3F5EDD0512564CA300FF2D80 /* libicucore.dylib in Frameworks */ = {isa = PBXBuildFile; fileRef = 3F5EDD0412564CA300FF2D80 /* libicucore.dylib */; };
		3F5EDD2512564DB400FF2D80 /* Foundation.framework in Frameworks */ = {isa = PBXBuildFile; fileRef = 3F5EDD2412564DB400FF2D80 /* Foundation.framework */; };
		3F5EDD2912564DBD00FF2D80 /* libicucore.dylib in Frameworks */ = {isa = PBXBuildFile; fileRef = 3F5EDD2812564DBD00FF2D80 /* libicucore.dylib */; };
		3F5EDD3712564E1200FF2D80 /* JONTUBusStop.h in Headers */ = {isa = PBXBuildFile; fileRef = 3F5EDCEC12564C6A00FF2D80 /* JONTUBusStop.h */; settings = {ATTRIBUTES = (Public, ); }; };
		3F5EDD3812564E1200FF2D80 /* JONTUClass.h in Headers */ = {isa = PBXBuildFile; fileRef = 3F5EDCEF12564C6A00FF2D80 /* JONTUClass.h */; settings = {ATTRIBUTES = (Public, ); }; };
		3F5EDD3912564E1200FF2D80 /* JONTUCourse.h in Headers */ = {isa = PBXBuildFile; fileRef = 3F5EDCF112564C6A00FF2D80 /* JONTUCourse.h */; settings = {ATTRIBUTES = (Public, ); }; };
		3F5EDD3A12564E1200FF2D80 /* JONTUAuth.h in Headers */ = {isa = PBXBuildFile; fileRef = 3F5EDCE312564C6A00FF2D80 /* JONTUAuth.h */; settings = {ATTRIBUTES = (Public, ); }; };
		3F5EDD3B12564E1200FF2D80 /* JONTUBus.h in Headers */ = {isa = PBXBuildFile; fileRef = 3F5EDCE612564C6A00FF2D80 /* JONTUBus.h */; settings = {ATTRIBUTES = (Public, ); }; };
		3F5EDD3C12564E1200FF2D80 /* RegexKitLite.h in Headers */ = {isa = PBXBuildFile; fileRef = 3F5EDCDF12564C6A00FF2D80 /* RegexKitLite.h */; settings = {ATTRIBUTES = (Private, ); }; };
		3F5EDD3D12564E1200FF2D80 /* JONTUSemester.h in Headers */ = {isa = PBXBuildFile; fileRef = 3F5EDCF312564C6A00FF2D80 /* JONTUSemester.h */; settings = {ATTRIBUTES = (Public, ); }; };
		3F5EDD3E12564E1200FF2D80 /* NSString+htmlentitiesaddition.h in Headers */ = {isa = PBXBuildFile; fileRef = 3F5EDCDC12564C6A00FF2D80 /* NSString+htmlentitiesaddition.h */; settings = {ATTRIBUTES = (Private, ); }; };
		3F5EDD3F12564E1200FF2D80 /* JONTUSemesterDates.h in Headers */ = {isa = PBXBuildFile; fileRef = 3F5EDCF512564C6B00FF2D80 /* JONTUSemesterDates.h */; settings = {ATTRIBUTES = (Public, ); }; };
		3F5EDD4012564E1200FF2D80 /* JONTUBusEngine.h in Headers */ = {isa = PBXBuildFile; fileRef = 3F5EDCE812564C6A00FF2D80 /* JONTUBusEngine.h */; settings = {ATTRIBUTES = (Public, ); }; };
		3F5EDD4112564E1200FF2D80 /* JONTUBusRoute.h in Headers */ = {isa = PBXBuildFile; fileRef = 3F5EDCEA12564C6A00FF2D80 /* JONTUBusRoute.h */; settings = {ATTRIBUTES = (Public, ); }; };
		3F5EDD4212564E1200FF2D80 /* SynthesizeSingleton.h in Headers */ = {isa = PBXBuildFile; fileRef = 3F5EDCE112564C6A00FF2D80 /* SynthesizeSingleton.h */; settings = {ATTRIBUTES = (Private, ); }; };
		3F5EDD4312564E1F00FF2D80 /* JONTUBusStop.h in Headers */ = {isa = PBXBuildFile; fileRef = 3F5EDCEC12564C6A00FF2D80 /* JONTUBusStop.h */; settings = {ATTRIBUTES = (Public, ); }; };
		3F5EDD4412564E1F00FF2D80 /* JONTUClass.h in Headers */ = {isa = PBXBuildFile; fileRef = 3F5EDCEF12564C6A00FF2D80 /* JONTUClass.h */; settings = {ATTRIBUTES = (Public, ); }; };
		3F5EDD4512564E1F00FF2D80 /* JONTUCourse.h in Headers */ = {isa = PBXBuildFile; fileRef = 3F5EDCF112564C6A00FF2D80 /* JONTUCourse.h */; settings = {ATTRIBUTES = (Public, ); }; };
		3F5EDD4612564E1F00FF2D80 /* JONTUAuth.h in Headers */ = {isa = PBXBuildFile; fileRef = 3F5EDCE312564C6A00FF2D80 /* JONTUAuth.h */; settings = {ATTRIBUTES = (Public, ); }; };
		3F5EDD4712564E1F00FF2D80 /* JONTUBus.h in Headers */ = {isa = PBXBuildFile; fileRef = 3F5EDCE612564C6A00FF2D80 /* JONTUBus.h */; settings = {ATTRIBUTES = (Public, ); }; };
		3F5EDD4812564E1F00FF2D80 /* RegexKitLite.h in Headers */ = {isa = PBXBuildFile; fileRef = 3F5EDCDF12564C6A00FF2D80 /* RegexKitLite.h */; settings = {ATTRIBUTES = (Private, ); }; };
		3F5EDD4912564E1F00FF2D80 /* JONTUSemester.h in Headers */ = {isa = PBXBuildFile; fileRef = 3F5EDCF312564C6A00FF2D80 /* JONTUSemester.h */; settings = {ATTRIBUTES = (Public, ); }; };
		3F5EDD4A12564E1F00FF2D80 /* NSString+htmlentitiesaddition.h in Headers */ = {isa = PBXBuildFile; fileRef = 3F5EDCDC12564C6A00FF2D80 /* NSString+htmlentitiesaddition.h */; settings = {ATTRIBUTES = (Private, ); }; };
		3F5EDD4B12564E1F00FF2D80 /* JONTUSemesterDates.h in Headers */ = {isa = PBXBuildFile; fileRef = 3F5EDCF512564C6B00FF2D80 /* JONTUSemesterDates.h */; settings = {ATTRIBUTES = (Public, ); }; };
		3F5EDD4C12564E1F00FF2D80 /* JONTUBusEngine.h in Headers */ = {isa = PBXBuildFile; fileRef = 3F5EDCE812564C6A00FF2D80 /* JONTUBusEngine.h */; settings = {ATTRIBUTES = (Public, ); }; };
		3F5EDD4D12564E1F00FF2D80 /* JONTUBusRoute.h in Headers */ = {isa = PBXBuildFile; fileRef = 3F5EDCEA12564C6A00FF2D80 /* JONTUBusRoute.h */; settings = {ATTRIBUTES = (Public, ); }; };
		3F5EDD4E12564E1F00FF2D80 /* SynthesizeSingleton.h in Headers */ = {isa = PBXBuildFile; fileRef = 3F5EDCE112564C6A00FF2D80 /* SynthesizeSingleton.h */; settings = {ATTRIBUTES = (Private, ); }; };
		3F5EDD4F12564E2C00FF2D80 /* JONTUSemester.m in Sources */ = {isa = PBXBuildFile; fileRef = 3F5EDCF412564C6B00FF2D80 /* JONTUSemester.m */; };
		3F5EDD5012564E2C00FF2D80 /* JONTUBusRoute.m in Sources */ = {isa = PBXBuildFile; fileRef = 3F5EDCEB12564C6A00FF2D80 /* JONTUBusRoute.m */; };
		3F5EDD5112564E2C00FF2D80 /* JONTUBusEngine.m in Sources */ = {isa = PBXBuildFile; fileRef = 3F5EDCE912564C6A00FF2D80 /* JONTUBusEngine.m */; };
		3F5EDD5212564E2C00FF2D80 /* JONTUAuth.m in Sources */ = {isa = PBXBuildFile; fileRef = 3F5EDCE412564C6A00FF2D80 /* JONTUAuth.m */; };
		3F5EDD5312564E2C00FF2D80 /* JONTUSemesterDates.m in Sources */ = {isa = PBXBuildFile; fileRef = 3F5EDCF612564C6B00FF2D80 /* JONTUSemesterDates.m */; };
		3F5EDD5412564E2C00FF2D80 /* JONTUCourse.m in Sources */ = {isa = PBXBuildFile; fileRef = 3F5EDCF212564C6A00FF2D80 /* JONTUCourse.m */; };
		3F5EDD5512564E2C00FF2D80 /* JONTUBus.m in Sources */ = {isa = PBXBuildFile; fileRef = 3F5EDCE712564C6A00FF2D80 /* JONTUBus.m */; };
		3F5EDD5612564E2C00FF2D80 /* JONTUBusStop.m in Sources */ = {isa = PBXBuildFile; fileRef = 3F5EDCED12564C6A00FF2D80 /* JONTUBusStop.m */; };
		3F5EDD5712564E2C00FF2D80 /* RegexKitLite.m in Sources */ = {isa = PBXBuildFile; fileRef = 3F5EDCE012564C6A00FF2D80 /* RegexKitLite.m */; };
		3F5EDD5812564E2C00FF2D80 /* JONTUClass.m in Sources */ = {isa = PBXBuildFile; fileRef = 3F5EDCF012564C6A00FF2D80 /* JONTUClass.m */; };
		3F5EDD5912564E2C00FF2D80 /* NSString+htmlentitiesaddition.m in Sources */ = {isa = PBXBuildFile; fileRef = 3F5EDCDD12564C6A00FF2D80 /* NSString+htmlentitiesaddition.m */; };
		3F5EDD5A12564E3500FF2D80 /* JONTUSemester.m in Sources */ = {isa = PBXBuildFile; fileRef = 3F5EDCF412564C6B00FF2D80 /* JONTUSemester.m */; };
		3F5EDD5B12564E3500FF2D80 /* JONTUBusRoute.m in Sources */ = {isa = PBXBuildFile; fileRef = 3F5EDCEB12564C6A00FF2D80 /* JONTUBusRoute.m */; };
		3F5EDD5C12564E3500FF2D80 /* JONTUBusEngine.m in Sources */ = {isa = PBXBuildFile; fileRef = 3F5EDCE912564C6A00FF2D80 /* JONTUBusEngine.m */; };
		3F5EDD5D12564E3500FF2D80 /* JONTUAuth.m in Sources */ = {isa = PBXBuildFile; fileRef = 3F5EDCE412564C6A00FF2D80 /* JONTUAuth.m */; };
		3F5EDD5E12564E3500FF2D80 /* JONTUSemesterDates.m in Sources */ = {isa = PBXBuildFile; fileRef = 3F5EDCF612564C6B00FF2D80 /* JONTUSemesterDates.m */; };
		3F5EDD5F12564E3500FF2D80 /* JONTUCourse.m in Sources */ = {isa = PBXBuildFile; fileRef = 3F5EDCF212564C6A00FF2D80 /* JONTUCourse.m */; };
		3F5EDD6012564E3500FF2D80 /* JONTUBus.m in Sources */ = {isa = PBXBuildFile; fileRef = 3F5EDCE712564C6A00FF2D80 /* JONTUBus.m */; };
		3F5EDD6112564E3500FF2D80 /* JONTUBusStop.m in Sources */ = {isa = PBXBuildFile; fileRef = 3F5EDCED12564C6A00FF2D80 /* JONTUBusStop.m */; };
		3F5EDD6212564E3500FF2D80 /* RegexKitLite.m in Sources */ = {isa = PBXBuildFile; fileRef = 3F5EDCE012564C6A00FF2D80 /* RegexKitLite.m */; };
		3F5EDD6312564E3500FF2D80 /* JONTUClass.m in Sources */ = {isa = PBXBuildFile; fileRef = 3F5EDCF012564C6A00FF2D80 /* JONTUClass.m */; };
		3F5EDD6412564E3500FF2D80 /* NSString+htmlentitiesaddition.m in Sources */ = {isa = PBXBuildFile; fileRef = 3F5EDCDD12564C6A00FF2D80 /* NSString+htmlentitiesaddition.m */; };
		3F5EDD9B12564FF600FF2D80 /* JONTUBusStop.h in Headers */ = {isa = PBXBuildFile; fileRef = 3F5EDCEC12564C6A00FF2D80 /* JONTUBusStop.h */; settings = {ATTRIBUTES = (Public, ); }; };
		3F5EDD9C12564FF600FF2D80 /* JONTUClass.h in Headers */ = {isa = PBXBuildFile; fileRef = 3F5EDCEF12564C6A00FF2D80 /* JONTUClass.h */; settings = {ATTRIBUTES = (Public, ); }; };
		3F5EDD9D12564FF600FF2D80 /* JONTUCourse.h in Headers */ = {isa = PBXBuildFile; fileRef = 3F5EDCF112564C6A00FF2D80 /* JONTUCourse.h */; settings = {ATTRIBUTES = (Public, ); }; };
		3F5EDD9E12564FF600FF2D80 /* JONTUAuth.h in Headers */ = {isa = PBXBuildFile; fileRef = 3F5EDCE312564C6A00FF2D80 /* JONTUAuth.h */; settings = {ATTRIBUTES = (Public, ); }; };
		3F5EDD9F12564FF600FF2D80 /* JONTUBus.h in Headers */ = {isa = PBXBuildFile; fileRef = 3F5EDCE612564C6A00FF2D80 /* JONTUBus.h */; settings = {ATTRIBUTES = (Public, ); }; };
		3F5EDDA012564FF600FF2D80 /* RegexKitLite.h in Headers */ = {isa = PBXBuildFile; fileRef = 3F5EDCDF12564C6A00FF2D80 /* RegexKitLite.h */; settings = {ATTRIBUTES = (Private, ); }; };
		3F5EDDA112564FF600FF2D80 /* JONTUSemester.h in Headers */ = {isa = PBXBuildFile; fileRef = 3F5EDCF312564C6A00FF2D80 /* JONTUSemester.h */; settings = {ATTRIBUTES = (Public, ); }; };
		3F5EDDA212564FF600FF2D80 /* NSString+htmlentitiesaddition.h in Headers */ = {isa = PBXBuildFile; fileRef = 3F5EDCDC12564C6A00FF2D80 /* NSString+htmlentitiesaddition.h */; settings = {ATTRIBUTES = (Private, ); }; };
		3F5EDDA312564FF600FF2D80 /* JONTUSemesterDates.h in Headers */ = {isa = PBXBuildFile; fileRef = 3F5EDCF512564C6B00FF2D80 /* JONTUSemesterDates.h */; settings = {ATTRIBUTES = (Public, ); }; };
		3F5EDDA412564FF600FF2D80 /* JONTUBusEngine.h in Headers */ = {isa = PBXBuildFile; fileRef = 3F5EDCE812564C6A00FF2D80 /* JONTUBusEngine.h */; settings = {ATTRIBUTES = (Public, ); }; };
		3F5EDDA512564FF600FF2D80 /* JONTUBusRoute.h in Headers */ = {isa = PBXBuildFile; fileRef = 3F5EDCEA12564C6A00FF2D80 /* JONTUBusRoute.h */; settings = {ATTRIBUTES = (Public, ); }; };
		3F5EDDA612564FF600FF2D80 /* SynthesizeSingleton.h in Headers */ = {isa = PBXBuildFile; fileRef = 3F5EDCE112564C6A00FF2D80 /* SynthesizeSingleton.h */; settings = {ATTRIBUTES = (Private, ); }; };
		3F5EDDA71256500800FF2D80 /* JONTUSemester.m in Sources */ = {isa = PBXBuildFile; fileRef = 3F5EDCF412564C6B00FF2D80 /* JONTUSemester.m */; };
		3F5EDDA81256500800FF2D80 /* JONTUBusRoute.m in Sources */ = {isa = PBXBuildFile; fileRef = 3F5EDCEB12564C6A00FF2D80 /* JONTUBusRoute.m */; };
		3F5EDDA91256500800FF2D80 /* JONTUBusEngine.m in Sources */ = {isa = PBXBuildFile; fileRef = 3F5EDCE912564C6A00FF2D80 /* JONTUBusEngine.m */; };
		3F5EDDAA1256500800FF2D80 /* JONTUAuth.m in Sources */ = {isa = PBXBuildFile; fileRef = 3F5EDCE412564C6A00FF2D80 /* JONTUAuth.m */; };
		3F5EDDAB1256500800FF2D80 /* JONTUSemesterDates.m in Sources */ = {isa = PBXBuildFile; fileRef = 3F5EDCF612564C6B00FF2D80 /* JONTUSemesterDates.m */; };
		3F5EDDAC1256500800FF2D80 /* JONTUCourse.m in Sources */ = {isa = PBXBuildFile; fileRef = 3F5EDCF212564C6A00FF2D80 /* JONTUCourse.m */; };
		3F5EDDAD1256500800FF2D80 /* JONTUBus.m in Sources */ = {isa = PBXBuildFile; fileRef = 3F5EDCE712564C6A00FF2D80 /* JONTUBus.m */; };
		3F5EDDAE1256500800FF2D80 /* JONTUBusStop.m in Sources */ = {isa = PBXBuildFile; fileRef = 3F5EDCED12564C6A00FF2D80 /* JONTUBusStop.m */; };
		3F5EDDAF1256500800FF2D80 /* RegexKitLite.m in Sources */ = {isa = PBXBuildFile; fileRef = 3F5EDCE012564C6A00FF2D80 /* RegexKitLite.m */; };
		3F5EDDB01256500800FF2D80 /* JONTUClass.m in Sources */ = {isa = PBXBuildFile; fileRef = 3F5EDCF012564C6A00FF2D80 /* JONTUClass.m */; };
		3F5EDDB11256500800FF2D80 /* NSString+htmlentitiesaddition.m in Sources */ = {isa = PBXBuildFile; fileRef = 3F5EDCDD12564C6A00FF2D80 /* NSString+htmlentitiesaddition.m */; };
		3F5EDDB31256505100FF2D80 /* Foundation.framework in Frameworks */ = {isa = PBXBuildFile; fileRef = 3F5EDDB21256505100FF2D80 /* Foundation.framework */; };
		3F5EDDB51256505B00FF2D80 /* libicucore.dylib in Frameworks */ = {isa = PBXBuildFile; fileRef = 3F5EDDB41256505B00FF2D80 /* libicucore.dylib */; };
		3F7D66FC1264C5E8008059BA /* JONTUAculearnV7.h in Headers */ = {isa = PBXBuildFile; fileRef = 3F7D66FA1264C5E8008059BA /* JONTUAculearnV7.h */; settings = {ATTRIBUTES = (Public, ); }; };
		3F7D66FD1264C5E8008059BA /* JONTUAculearnV7.m in Sources */ = {isa = PBXBuildFile; fileRef = 3F7D66FB1264C5E8008059BA /* JONTUAculearnV7.m */; };
		3F7D66FE1264C5E8008059BA /* JONTUAculearnV7.h in Headers */ = {isa = PBXBuildFile; fileRef = 3F7D66FA1264C5E8008059BA /* JONTUAculearnV7.h */; settings = {ATTRIBUTES = (Public, ); }; };
		3F7D66FF1264C5E8008059BA /* JONTUAculearnV7.m in Sources */ = {isa = PBXBuildFile; fileRef = 3F7D66FB1264C5E8008059BA /* JONTUAculearnV7.m */; };
		3F7D67001264C5E8008059BA /* JONTUAculearnV7.h in Headers */ = {isa = PBXBuildFile; fileRef = 3F7D66FA1264C5E8008059BA /* JONTUAculearnV7.h */; settings = {ATTRIBUTES = (Public, ); }; };
		3F7D67011264C5E8008059BA /* JONTUAculearnV7.m in Sources */ = {isa = PBXBuildFile; fileRef = 3F7D66FB1264C5E8008059BA /* JONTUAculearnV7.m */; };
		3F7D67051264C5FB008059BA /* JONTUAculearnV4.h in Headers */ = {isa = PBXBuildFile; fileRef = 3F7D67031264C5FB008059BA /* JONTUAculearnV4.h */; settings = {ATTRIBUTES = (Public, ); }; };
		3F7D67061264C5FB008059BA /* JONTUAculearnV4.m in Sources */ = {isa = PBXBuildFile; fileRef = 3F7D67041264C5FB008059BA /* JONTUAculearnV4.m */; };
		3F7D67071264C5FB008059BA /* JONTUAculearnV4.h in Headers */ = {isa = PBXBuildFile; fileRef = 3F7D67031264C5FB008059BA /* JONTUAculearnV4.h */; settings = {ATTRIBUTES = (Public, ); }; };
		3F7D67081264C5FB008059BA /* JONTUAculearnV4.m in Sources */ = {isa = PBXBuildFile; fileRef = 3F7D67041264C5FB008059BA /* JONTUAculearnV4.m */; };
		3F7D67091264C5FB008059BA /* JONTUAculearnV4.h in Headers */ = {isa = PBXBuildFile; fileRef = 3F7D67031264C5FB008059BA /* JONTUAculearnV4.h */; settings = {ATTRIBUTES = (Public, ); }; };
		3F7D670A1264C5FB008059BA /* JONTUAculearnV4.m in Sources */ = {isa = PBXBuildFile; fileRef = 3F7D67041264C5FB008059BA /* JONTUAculearnV4.m */; };
		3F88B6B3125E033400714C6B /* CoreLocation.framework in Frameworks */ = {isa = PBXBuildFile; fileRef = 3F88B6B2125E033400714C6B /* CoreLocation.framework */; };
		3F88B6B7125E034100714C6B /* CoreLocation.framework in Frameworks */ = {isa = PBXBuildFile; fileRef = 3F88B6B6125E034100714C6B /* CoreLocation.framework */; };
		3F88B6B9125E034D00714C6B /* CoreLocation.framework in Frameworks */ = {isa = PBXBuildFile; fileRef = 3F88B6B8125E034D00714C6B /* CoreLocation.framework */; };
		3FC5E2341272ABD8004B991C /* JSON.h in Headers */ = {isa = PBXBuildFile; fileRef = 3FC5E2261272ABD8004B991C /* JSON.h */; settings = {ATTRIBUTES = (Private, ); }; };
		3FC5E2351272ABD8004B991C /* NSObject+SBJSON.h in Headers */ = {isa = PBXBuildFile; fileRef = 3FC5E2271272ABD8004B991C /* NSObject+SBJSON.h */; settings = {ATTRIBUTES = (Private, ); }; };
		3FC5E2361272ABD8004B991C /* NSObject+SBJSON.m in Sources */ = {isa = PBXBuildFile; fileRef = 3FC5E2281272ABD8004B991C /* NSObject+SBJSON.m */; };
		3FC5E2371272ABD8004B991C /* NSString+SBJSON.h in Headers */ = {isa = PBXBuildFile; fileRef = 3FC5E2291272ABD8004B991C /* NSString+SBJSON.h */; settings = {ATTRIBUTES = (Private, ); }; };
		3FC5E2381272ABD8004B991C /* NSString+SBJSON.m in Sources */ = {isa = PBXBuildFile; fileRef = 3FC5E22A1272ABD8004B991C /* NSString+SBJSON.m */; };
		3FC5E2391272ABD8004B991C /* SBJsonBase.h in Headers */ = {isa = PBXBuildFile; fileRef = 3FC5E22B1272ABD8004B991C /* SBJsonBase.h */; settings = {ATTRIBUTES = (Private, ); }; };
		3FC5E23A1272ABD8004B991C /* SBJsonBase.m in Sources */ = {isa = PBXBuildFile; fileRef = 3FC5E22C1272ABD8004B991C /* SBJsonBase.m */; };
		3FC5E23B1272ABD8004B991C /* SBJsonParser.h in Headers */ = {isa = PBXBuildFile; fileRef = 3FC5E22D1272ABD8004B991C /* SBJsonParser.h */; settings = {ATTRIBUTES = (Private, ); }; };
		3FC5E23C1272ABD8004B991C /* SBJsonParser.m in Sources */ = {isa = PBXBuildFile; fileRef = 3FC5E22E1272ABD8004B991C /* SBJsonParser.m */; };
		3FC5E23D1272ABD8004B991C /* SBJsonStreamWriter.h in Headers */ = {isa = PBXBuildFile; fileRef = 3FC5E22F1272ABD8004B991C /* SBJsonStreamWriter.h */; settings = {ATTRIBUTES = (Private, ); }; };
		3FC5E23E1272ABD8004B991C /* SBJsonStreamWriter.m in Sources */ = {isa = PBXBuildFile; fileRef = 3FC5E2301272ABD8004B991C /* SBJsonStreamWriter.m */; };
		3FC5E23F1272ABD8004B991C /* SBJsonWriter.h in Headers */ = {isa = PBXBuildFile; fileRef = 3FC5E2311272ABD8004B991C /* SBJsonWriter.h */; settings = {ATTRIBUTES = (Private, ); }; };
		3FC5E2401272ABD8004B991C /* SBJsonWriter.m in Sources */ = {isa = PBXBuildFile; fileRef = 3FC5E2321272ABD8004B991C /* SBJsonWriter.m */; };
		3FC5E2411272ABD8004B991C /* SBProxyForJson.h in Headers */ = {isa = PBXBuildFile; fileRef = 3FC5E2331272ABD8004B991C /* SBProxyForJson.h */; settings = {ATTRIBUTES = (Private, ); }; };
		3FC5E2421272ABD8004B991C /* JSON.h in Headers */ = {isa = PBXBuildFile; fileRef = 3FC5E2261272ABD8004B991C /* JSON.h */; settings = {ATTRIBUTES = (Private, ); }; };
		3FC5E2431272ABD8004B991C /* NSObject+SBJSON.h in Headers */ = {isa = PBXBuildFile; fileRef = 3FC5E2271272ABD8004B991C /* NSObject+SBJSON.h */; settings = {ATTRIBUTES = (Private, ); }; };
		3FC5E2441272ABD8004B991C /* NSObject+SBJSON.m in Sources */ = {isa = PBXBuildFile; fileRef = 3FC5E2281272ABD8004B991C /* NSObject+SBJSON.m */; };
		3FC5E2451272ABD8004B991C /* NSString+SBJSON.h in Headers */ = {isa = PBXBuildFile; fileRef = 3FC5E2291272ABD8004B991C /* NSString+SBJSON.h */; settings = {ATTRIBUTES = (Private, ); }; };
		3FC5E2461272ABD8004B991C /* NSString+SBJSON.m in Sources */ = {isa = PBXBuildFile; fileRef = 3FC5E22A1272ABD8004B991C /* NSString+SBJSON.m */; };
		3FC5E2471272ABD8004B991C /* SBJsonBase.h in Headers */ = {isa = PBXBuildFile; fileRef = 3FC5E22B1272ABD8004B991C /* SBJsonBase.h */; settings = {ATTRIBUTES = (Private, ); }; };
		3FC5E2481272ABD8004B991C /* SBJsonBase.m in Sources */ = {isa = PBXBuildFile; fileRef = 3FC5E22C1272ABD8004B991C /* SBJsonBase.m */; };
		3FC5E2491272ABD8004B991C /* SBJsonParser.h in Headers */ = {isa = PBXBuildFile; fileRef = 3FC5E22D1272ABD8004B991C /* SBJsonParser.h */; settings = {ATTRIBUTES = (Private, ); }; };
		3FC5E24A1272ABD8004B991C /* SBJsonParser.m in Sources */ = {isa = PBXBuildFile; fileRef = 3FC5E22E1272ABD8004B991C /* SBJsonParser.m */; };
		3FC5E24B1272ABD8004B991C /* SBJsonStreamWriter.h in Headers */ = {isa = PBXBuildFile; fileRef = 3FC5E22F1272ABD8004B991C /* SBJsonStreamWriter.h */; settings = {ATTRIBUTES = (Private, ); }; };
		3FC5E24C1272ABD8004B991C /* SBJsonStreamWriter.m in Sources */ = {isa = PBXBuildFile; fileRef = 3FC5E2301272ABD8004B991C /* SBJsonStreamWriter.m */; };
		3FC5E24D1272ABD8004B991C /* SBJsonWriter.h in Headers */ = {isa = PBXBuildFile; fileRef = 3FC5E2311272ABD8004B991C /* SBJsonWriter.h */; settings = {ATTRIBUTES = (Private, ); }; };
		3FC5E24E1272ABD8004B991C /* SBJsonWriter.m in Sources */ = {isa = PBXBuildFile; fileRef = 3FC5E2321272ABD8004B991C /* SBJsonWriter.m */; };
		3FC5E24F1272ABD8004B991C /* SBProxyForJson.h in Headers */ = {isa = PBXBuildFile; fileRef = 3FC5E2331272ABD8004B991C /* SBProxyForJson.h */; settings = {ATTRIBUTES = (Private, ); }; };
		3FC5E2501272ABD8004B991C /* JSON.h in Headers */ = {isa = PBXBuildFile; fileRef = 3FC5E2261272ABD8004B991C /* JSON.h */; settings = {ATTRIBUTES = (Private, ); }; };
		3FC5E2511272ABD8004B991C /* NSObject+SBJSON.h in Headers */ = {isa = PBXBuildFile; fileRef = 3FC5E2271272ABD8004B991C /* NSObject+SBJSON.h */; settings = {ATTRIBUTES = (Private, ); }; };
		3FC5E2521272ABD8004B991C /* NSObject+SBJSON.m in Sources */ = {isa = PBXBuildFile; fileRef = 3FC5E2281272ABD8004B991C /* NSObject+SBJSON.m */; };
		3FC5E2531272ABD8004B991C /* NSString+SBJSON.h in Headers */ = {isa = PBXBuildFile; fileRef = 3FC5E2291272ABD8004B991C /* NSString+SBJSON.h */; settings = {ATTRIBUTES = (Private, ); }; };
		3FC5E2541272ABD8004B991C /* NSString+SBJSON.m in Sources */ = {isa = PBXBuildFile; fileRef = 3FC5E22A1272ABD8004B991C /* NSString+SBJSON.m */; };
		3FC5E2551272ABD8004B991C /* SBJsonBase.h in Headers */ = {isa = PBXBuildFile; fileRef = 3FC5E22B1272ABD8004B991C /* SBJsonBase.h */; settings = {ATTRIBUTES = (Private, ); }; };
		3FC5E2561272ABD8004B991C /* SBJsonBase.m in Sources */ = {isa = PBXBuildFile; fileRef = 3FC5E22C1272ABD8004B991C /* SBJsonBase.m */; };
		3FC5E2571272ABD8004B991C /* SBJsonParser.h in Headers */ = {isa = PBXBuildFile; fileRef = 3FC5E22D1272ABD8004B991C /* SBJsonParser.h */; settings = {ATTRIBUTES = (Private, ); }; };
		3FC5E2581272ABD8004B991C /* SBJsonParser.m in Sources */ = {isa = PBXBuildFile; fileRef = 3FC5E22E1272ABD8004B991C /* SBJsonParser.m */; };
		3FC5E2591272ABD8004B991C /* SBJsonStreamWriter.h in Headers */ = {isa = PBXBuildFile; fileRef = 3FC5E22F1272ABD8004B991C /* SBJsonStreamWriter.h */; settings = {ATTRIBUTES = (Private, ); }; };
		3FC5E25A1272ABD8004B991C /* SBJsonStreamWriter.m in Sources */ = {isa = PBXBuildFile; fileRef = 3FC5E2301272ABD8004B991C /* SBJsonStreamWriter.m */; };
		3FC5E25B1272ABD8004B991C /* SBJsonWriter.h in Headers */ = {isa = PBXBuildFile; fileRef = 3FC5E2311272ABD8004B991C /* SBJsonWriter.h */; settings = {ATTRIBUTES = (Private, ); }; };
		3FC5E25C1272ABD8004B991C /* SBJsonWriter.m in Sources */ = {isa = PBXBuildFile; fileRef = 3FC5E2321272ABD8004B991C /* SBJsonWriter.m */; };
		3FC5E25D1272ABD8004B991C /* SBProxyForJson.h in Headers */ = {isa = PBXBuildFile; fileRef = 3FC5E2331272ABD8004B991C /* SBProxyForJson.h */; settings = {ATTRIBUTES = (Private, ); }; };
		3FC7CE6F12719E2A00CE1EFA /* JOUTM.h in Headers */ = {isa = PBXBuildFile; fileRef = 3FC7CE6D12719E2A00CE1EFA /* JOUTM.h */; settings = {ATTRIBUTES = (Public, ); }; };
		3FC7CE7012719E2A00CE1EFA /* JOUTM.m in Sources */ = {isa = PBXBuildFile; fileRef = 3FC7CE6E12719E2A00CE1EFA /* JOUTM.m */; };
		3FC7CE7112719E2A00CE1EFA /* JOUTM.h in Headers */ = {isa = PBXBuildFile; fileRef = 3FC7CE6D12719E2A00CE1EFA /* JOUTM.h */; settings = {ATTRIBUTES = (Public, ); }; };
		3FC7CE7212719E2A00CE1EFA /* JOUTM.m in Sources */ = {isa = PBXBuildFile; fileRef = 3FC7CE6E12719E2A00CE1EFA /* JOUTM.m */; };
		3FC7CE7312719E2A00CE1EFA /* JOUTM.h in Headers */ = {isa = PBXBuildFile; fileRef = 3FC7CE6D12719E2A00CE1EFA /* JOUTM.h */; settings = {ATTRIBUTES = (Public, ); }; };
		3FC7CE7412719E2A00CE1EFA /* JOUTM.m in Sources */ = {isa = PBXBuildFile; fileRef = 3FC7CE6E12719E2A00CE1EFA /* JOUTM.m */; };
/* End PBXBuildFile section */

/* Begin PBXContainerItemProxy section */
		3F5EDD2E12564DD500FF2D80 /* PBXContainerItemProxy */ = {
			isa = PBXContainerItemProxy;
			containerPortal = 3F5EDCCE12564B8D00FF2D80 /* Project object */;
			proxyType = 1;
			remoteGlobalIDString = 3F5EDCFA12564C9100FF2D80;
			remoteInfo = "Edventurous-Device";
		};
		3F5EDD3012564DD800FF2D80 /* PBXContainerItemProxy */ = {
			isa = PBXContainerItemProxy;
			containerPortal = 3F5EDCCE12564B8D00FF2D80 /* Project object */;
			proxyType = 1;
			remoteGlobalIDString = 3F5EDD1712564D7600FF2D80;
			remoteInfo = "Edventurous-OSX";
		};
		3F5EDDB61256506500FF2D80 /* PBXContainerItemProxy */ = {
			isa = PBXContainerItemProxy;
			containerPortal = 3F5EDCCE12564B8D00FF2D80 /* Project object */;
			proxyType = 1;
			remoteGlobalIDString = 3F5EDD9412564F8100FF2D80;
			remoteInfo = "Edventurous-Simulator";
		};
/* End PBXContainerItemProxy section */

/* Begin PBXFileReference section */
		3F25B6C9125B17E3005CEBF4 /* NSDataAdditions.h */ = {isa = PBXFileReference; fileEncoding = 4; lastKnownFileType = sourcecode.c.h; path = NSDataAdditions.h; sourceTree = "<group>"; };
		3F25B6CA125B17E3005CEBF4 /* NSDataAdditions.m */ = {isa = PBXFileReference; fileEncoding = 4; lastKnownFileType = sourcecode.c.objc; path = NSDataAdditions.m; sourceTree = "<group>"; };
		3F5240C5126809B9009698EA /* JONTULocation.h */ = {isa = PBXFileReference; fileEncoding = 4; lastKnownFileType = sourcecode.c.h; path = JONTULocation.h; sourceTree = "<group>"; };
		3F5240C6126809B9009698EA /* JONTULocation.m */ = {isa = PBXFileReference; fileEncoding = 4; lastKnownFileType = sourcecode.c.objc; path = JONTULocation.m; sourceTree = "<group>"; };
		3F52415E1268243C009698EA /* JONTULocationDirections.h */ = {isa = PBXFileReference; fileEncoding = 4; lastKnownFileType = sourcecode.c.h; path = JONTULocationDirections.h; sourceTree = "<group>"; };
		3F52415F1268243C009698EA /* JONTULocationDirections.m */ = {isa = PBXFileReference; fileEncoding = 4; lastKnownFileType = sourcecode.c.objc; path = JONTULocationDirections.m; sourceTree = "<group>"; };
		3F5241661268244B009698EA /* JONTULocationRoute.h */ = {isa = PBXFileReference; fileEncoding = 4; lastKnownFileType = sourcecode.c.h; path = JONTULocationRoute.h; sourceTree = "<group>"; };
		3F5241671268244B009698EA /* JONTULocationRoute.m */ = {isa = PBXFileReference; fileEncoding = 4; lastKnownFileType = sourcecode.c.objc; path = JONTULocationRoute.m; sourceTree = "<group>"; };
		3F5BEA27125CEC9000DF5B2B /* JONTUVideoStreamingServer.h */ = {isa = PBXFileReference; fileEncoding = 4; lastKnownFileType = sourcecode.c.h; path = JONTUVideoStreamingServer.h; sourceTree = "<group>"; };
		3F5BEA28125CEC9000DF5B2B /* JONTUVideoStreamingServer.m */ = {isa = PBXFileReference; fileEncoding = 4; lastKnownFileType = sourcecode.c.objc; path = JONTUVideoStreamingServer.m; sourceTree = "<group>"; };
		3F5EDCDC12564C6A00FF2D80 /* NSString+htmlentitiesaddition.h */ = {isa = PBXFileReference; fileEncoding = 4; lastKnownFileType = sourcecode.c.h; name = "NSString+htmlentitiesaddition.h"; path = "Classes/External/NSString+htmlentitiesaddition.h"; sourceTree = SOURCE_ROOT; };
		3F5EDCDD12564C6A00FF2D80 /* NSString+htmlentitiesaddition.m */ = {isa = PBXFileReference; fileEncoding = 4; lastKnownFileType = sourcecode.c.objc; name = "NSString+htmlentitiesaddition.m"; path = "Classes/External/NSString+htmlentitiesaddition.m"; sourceTree = SOURCE_ROOT; };
		3F5EDCDF12564C6A00FF2D80 /* RegexKitLite.h */ = {isa = PBXFileReference; fileEncoding = 4; lastKnownFileType = sourcecode.c.h; name = RegexKitLite.h; path = Classes/External/RegexKitLite/RegexKitLite.h; sourceTree = SOURCE_ROOT; };
		3F5EDCE012564C6A00FF2D80 /* RegexKitLite.m */ = {isa = PBXFileReference; fileEncoding = 4; lastKnownFileType = sourcecode.c.objc; name = RegexKitLite.m; path = Classes/External/RegexKitLite/RegexKitLite.m; sourceTree = SOURCE_ROOT; };
		3F5EDCE112564C6A00FF2D80 /* SynthesizeSingleton.h */ = {isa = PBXFileReference; fileEncoding = 4; lastKnownFileType = sourcecode.c.h; name = SynthesizeSingleton.h; path = Classes/External/SynthesizeSingleton.h; sourceTree = SOURCE_ROOT; };
		3F5EDCE312564C6A00FF2D80 /* JONTUAuth.h */ = {isa = PBXFileReference; fileEncoding = 4; lastKnownFileType = sourcecode.c.h; name = JONTUAuth.h; path = Classes/JONTUAuth/JONTUAuth.h; sourceTree = SOURCE_ROOT; };
		3F5EDCE412564C6A00FF2D80 /* JONTUAuth.m */ = {isa = PBXFileReference; fileEncoding = 4; lastKnownFileType = sourcecode.c.objc; name = JONTUAuth.m; path = Classes/JONTUAuth/JONTUAuth.m; sourceTree = SOURCE_ROOT; };
		3F5EDCE612564C6A00FF2D80 /* JONTUBus.h */ = {isa = PBXFileReference; fileEncoding = 4; lastKnownFileType = sourcecode.c.h; name = JONTUBus.h; path = Classes/JONTUBusCore/JONTUBus.h; sourceTree = SOURCE_ROOT; };
		3F5EDCE712564C6A00FF2D80 /* JONTUBus.m */ = {isa = PBXFileReference; fileEncoding = 4; lastKnownFileType = sourcecode.c.objc; name = JONTUBus.m; path = Classes/JONTUBusCore/JONTUBus.m; sourceTree = SOURCE_ROOT; };
		3F5EDCE812564C6A00FF2D80 /* JONTUBusEngine.h */ = {isa = PBXFileReference; fileEncoding = 4; lastKnownFileType = sourcecode.c.h; name = JONTUBusEngine.h; path = Classes/JONTUBusCore/JONTUBusEngine.h; sourceTree = SOURCE_ROOT; };
		3F5EDCE912564C6A00FF2D80 /* JONTUBusEngine.m */ = {isa = PBXFileReference; fileEncoding = 4; lastKnownFileType = sourcecode.c.objc; name = JONTUBusEngine.m; path = Classes/JONTUBusCore/JONTUBusEngine.m; sourceTree = SOURCE_ROOT; };
		3F5EDCEA12564C6A00FF2D80 /* JONTUBusRoute.h */ = {isa = PBXFileReference; fileEncoding = 4; lastKnownFileType = sourcecode.c.h; name = JONTUBusRoute.h; path = Classes/JONTUBusCore/JONTUBusRoute.h; sourceTree = SOURCE_ROOT; };
		3F5EDCEB12564C6A00FF2D80 /* JONTUBusRoute.m */ = {isa = PBXFileReference; fileEncoding = 4; lastKnownFileType = sourcecode.c.objc; name = JONTUBusRoute.m; path = Classes/JONTUBusCore/JONTUBusRoute.m; sourceTree = SOURCE_ROOT; };
		3F5EDCEC12564C6A00FF2D80 /* JONTUBusStop.h */ = {isa = PBXFileReference; fileEncoding = 4; lastKnownFileType = sourcecode.c.h; name = JONTUBusStop.h; path = Classes/JONTUBusCore/JONTUBusStop.h; sourceTree = SOURCE_ROOT; };
		3F5EDCED12564C6A00FF2D80 /* JONTUBusStop.m */ = {isa = PBXFileReference; fileEncoding = 4; lastKnownFileType = sourcecode.c.objc; name = JONTUBusStop.m; path = Classes/JONTUBusCore/JONTUBusStop.m; sourceTree = SOURCE_ROOT; };
		3F5EDCEF12564C6A00FF2D80 /* JONTUClass.h */ = {isa = PBXFileReference; fileEncoding = 4; lastKnownFileType = sourcecode.c.h; name = JONTUClass.h; path = Classes/JONTUTimeTable/JONTUClass.h; sourceTree = SOURCE_ROOT; };
		3F5EDCF012564C6A00FF2D80 /* JONTUClass.m */ = {isa = PBXFileReference; fileEncoding = 4; lastKnownFileType = sourcecode.c.objc; name = JONTUClass.m; path = Classes/JONTUTimeTable/JONTUClass.m; sourceTree = SOURCE_ROOT; };
		3F5EDCF112564C6A00FF2D80 /* JONTUCourse.h */ = {isa = PBXFileReference; fileEncoding = 4; lastKnownFileType = sourcecode.c.h; name = JONTUCourse.h; path = Classes/JONTUTimeTable/JONTUCourse.h; sourceTree = SOURCE_ROOT; };
		3F5EDCF212564C6A00FF2D80 /* JONTUCourse.m */ = {isa = PBXFileReference; fileEncoding = 4; lastKnownFileType = sourcecode.c.objc; name = JONTUCourse.m; path = Classes/JONTUTimeTable/JONTUCourse.m; sourceTree = SOURCE_ROOT; };
		3F5EDCF312564C6A00FF2D80 /* JONTUSemester.h */ = {isa = PBXFileReference; fileEncoding = 4; lastKnownFileType = sourcecode.c.h; name = JONTUSemester.h; path = Classes/JONTUTimeTable/JONTUSemester.h; sourceTree = SOURCE_ROOT; };
		3F5EDCF412564C6B00FF2D80 /* JONTUSemester.m */ = {isa = PBXFileReference; fileEncoding = 4; lastKnownFileType = sourcecode.c.objc; name = JONTUSemester.m; path = Classes/JONTUTimeTable/JONTUSemester.m; sourceTree = SOURCE_ROOT; };
		3F5EDCF512564C6B00FF2D80 /* JONTUSemesterDates.h */ = {isa = PBXFileReference; fileEncoding = 4; lastKnownFileType = sourcecode.c.h; name = JONTUSemesterDates.h; path = Classes/JONTUTimeTable/JONTUSemesterDates.h; sourceTree = SOURCE_ROOT; };
		3F5EDCF612564C6B00FF2D80 /* JONTUSemesterDates.m */ = {isa = PBXFileReference; fileEncoding = 4; lastKnownFileType = sourcecode.c.objc; name = JONTUSemesterDates.m; path = Classes/JONTUTimeTable/JONTUSemesterDates.m; sourceTree = SOURCE_ROOT; };
		3F5EDCFB12564C9100FF2D80 /* libEdventurous-Device.a */ = {isa = PBXFileReference; explicitFileType = archive.ar; includeInIndex = 0; path = "libEdventurous-Device.a"; sourceTree = BUILT_PRODUCTS_DIR; };
		3F5EDD0012564C9F00FF2D80 /* Foundation.framework */ = {isa = PBXFileReference; lastKnownFileType = wrapper.framework; name = Foundation.framework; path = /System/Library/Frameworks/Foundation.framework; sourceTree = "<absolute>"; };
		3F5EDD0412564CA300FF2D80 /* libicucore.dylib */ = {isa = PBXFileReference; lastKnownFileType = "compiled.mach-o.dylib"; name = libicucore.dylib; path = /usr/lib/libicucore.dylib; sourceTree = "<absolute>"; };
		3F5EDD0612564CB600FF2D80 /* Edventurous.pch */ = {isa = PBXFileReference; fileEncoding = 4; lastKnownFileType = sourcecode.c.h; path = Edventurous.pch; sourceTree = "<group>"; };
		3F5EDD1812564D7600FF2D80 /* libEdventurous-OSX.a */ = {isa = PBXFileReference; explicitFileType = archive.ar; includeInIndex = 0; path = "libEdventurous-OSX.a"; sourceTree = BUILT_PRODUCTS_DIR; };
		3F5EDD2412564DB400FF2D80 /* Foundation.framework */ = {isa = PBXFileReference; lastKnownFileType = wrapper.framework; name = Foundation.framework; path = System/Library/Frameworks/Foundation.framework; sourceTree = SDKROOT; };
		3F5EDD2812564DBD00FF2D80 /* libicucore.dylib */ = {isa = PBXFileReference; lastKnownFileType = "compiled.mach-o.dylib"; name = libicucore.dylib; path = usr/lib/libicucore.dylib; sourceTree = SDKROOT; };
		3F5EDD9512564F8100FF2D80 /* libEdventurous-Simulator.a */ = {isa = PBXFileReference; explicitFileType = archive.ar; includeInIndex = 0; path = "libEdventurous-Simulator.a"; sourceTree = BUILT_PRODUCTS_DIR; };
		3F5EDDB21256505100FF2D80 /* Foundation.framework */ = {isa = PBXFileReference; lastKnownFileType = wrapper.framework; name = Foundation.framework; path = System/Library/Frameworks/Foundation.framework; sourceTree = SDKROOT; };
		3F5EDDB41256505B00FF2D80 /* libicucore.dylib */ = {isa = PBXFileReference; lastKnownFileType = "compiled.mach-o.dylib"; name = libicucore.dylib; path = usr/lib/libicucore.dylib; sourceTree = SDKROOT; };
		3F5EDDC51256513200FF2D80 /* libEdventurous-iOS-Debug.a */ = {isa = PBXFileReference; lastKnownFileType = archive.ar; name = "libEdventurous-iOS-Debug.a"; path = "build/libEdventurous-iOS-Debug.a"; sourceTree = SOURCE_ROOT; };
		3F5EDDC61256513200FF2D80 /* libEdventurous-Debug.a */ = {isa = PBXFileReference; lastKnownFileType = archive.ar; name = "libEdventurous-Debug.a"; path = "build/libEdventurous-Debug.a"; sourceTree = SOURCE_ROOT; };
		3F5EDDCA1256515F00FF2D80 /* libEdventurous-iOS-Release.a */ = {isa = PBXFileReference; lastKnownFileType = archive.ar; name = "libEdventurous-iOS-Release.a"; path = "build/libEdventurous-iOS-Release.a"; sourceTree = SOURCE_ROOT; };
		3F5EDDCB1256515F00FF2D80 /* libEdventurous-Release.a */ = {isa = PBXFileReference; lastKnownFileType = archive.ar; name = "libEdventurous-Release.a"; path = "build/libEdventurous-Release.a"; sourceTree = SOURCE_ROOT; };
		3F7D66FA1264C5E8008059BA /* JONTUAculearnV7.h */ = {isa = PBXFileReference; fileEncoding = 4; lastKnownFileType = sourcecode.c.h; path = JONTUAculearnV7.h; sourceTree = "<group>"; };
		3F7D66FB1264C5E8008059BA /* JONTUAculearnV7.m */ = {isa = PBXFileReference; fileEncoding = 4; lastKnownFileType = sourcecode.c.objc; path = JONTUAculearnV7.m; sourceTree = "<group>"; };
		3F7D67031264C5FB008059BA /* JONTUAculearnV4.h */ = {isa = PBXFileReference; fileEncoding = 4; lastKnownFileType = sourcecode.c.h; path = JONTUAculearnV4.h; sourceTree = "<group>"; };
		3F7D67041264C5FB008059BA /* JONTUAculearnV4.m */ = {isa = PBXFileReference; fileEncoding = 4; lastKnownFileType = sourcecode.c.objc; path = JONTUAculearnV4.m; sourceTree = "<group>"; };
		3F88B6B2125E033400714C6B /* CoreLocation.framework */ = {isa = PBXFileReference; lastKnownFileType = wrapper.framework; name = CoreLocation.framework; path = System/Library/Frameworks/CoreLocation.framework; sourceTree = SDKROOT; };
		3F88B6B6125E034100714C6B /* CoreLocation.framework */ = {isa = PBXFileReference; lastKnownFileType = wrapper.framework; name = CoreLocation.framework; path = System/Library/Frameworks/CoreLocation.framework; sourceTree = SDKROOT; };
		3F88B6B8125E034D00714C6B /* CoreLocation.framework */ = {isa = PBXFileReference; lastKnownFileType = wrapper.framework; name = CoreLocation.framework; path = System/Library/Frameworks/CoreLocation.framework; sourceTree = SDKROOT; };
		3FAFD1B8125A3D7F0089E5C1 /* JONTUVideoLecture.h */ = {isa = PBXFileReference; fileEncoding = 4; lastKnownFileType = sourcecode.c.h; path = JONTUVideoLecture.h; sourceTree = "<group>"; };
		3FAFD1B9125A3D7F0089E5C1 /* JONTUVideoLecture.m */ = {isa = PBXFileReference; fileEncoding = 4; lastKnownFileType = sourcecode.c.objc; path = JONTUVideoLecture.m; sourceTree = "<group>"; };
		3FC5E2261272ABD8004B991C /* JSON.h */ = {isa = PBXFileReference; fileEncoding = 4; lastKnownFileType = sourcecode.c.h; name = JSON.h; path = JSON/Classes/JSON.h; sourceTree = "<group>"; };
		3FC5E2271272ABD8004B991C /* NSObject+SBJSON.h */ = {isa = PBXFileReference; fileEncoding = 4; lastKnownFileType = sourcecode.c.h; name = "NSObject+SBJSON.h"; path = "JSON/Classes/NSObject+SBJSON.h"; sourceTree = "<group>"; };
		3FC5E2281272ABD8004B991C /* NSObject+SBJSON.m */ = {isa = PBXFileReference; fileEncoding = 4; lastKnownFileType = sourcecode.c.objc; name = "NSObject+SBJSON.m"; path = "JSON/Classes/NSObject+SBJSON.m"; sourceTree = "<group>"; };
		3FC5E2291272ABD8004B991C /* NSString+SBJSON.h */ = {isa = PBXFileReference; fileEncoding = 4; lastKnownFileType = sourcecode.c.h; name = "NSString+SBJSON.h"; path = "JSON/Classes/NSString+SBJSON.h"; sourceTree = "<group>"; };
		3FC5E22A1272ABD8004B991C /* NSString+SBJSON.m */ = {isa = PBXFileReference; fileEncoding = 4; lastKnownFileType = sourcecode.c.objc; name = "NSString+SBJSON.m"; path = "JSON/Classes/NSString+SBJSON.m"; sourceTree = "<group>"; };
		3FC5E22B1272ABD8004B991C /* SBJsonBase.h */ = {isa = PBXFileReference; fileEncoding = 4; lastKnownFileType = sourcecode.c.h; name = SBJsonBase.h; path = JSON/Classes/SBJsonBase.h; sourceTree = "<group>"; };
		3FC5E22C1272ABD8004B991C /* SBJsonBase.m */ = {isa = PBXFileReference; fileEncoding = 4; lastKnownFileType = sourcecode.c.objc; name = SBJsonBase.m; path = JSON/Classes/SBJsonBase.m; sourceTree = "<group>"; };
		3FC5E22D1272ABD8004B991C /* SBJsonParser.h */ = {isa = PBXFileReference; fileEncoding = 4; lastKnownFileType = sourcecode.c.h; name = SBJsonParser.h; path = JSON/Classes/SBJsonParser.h; sourceTree = "<group>"; };
		3FC5E22E1272ABD8004B991C /* SBJsonParser.m */ = {isa = PBXFileReference; fileEncoding = 4; lastKnownFileType = sourcecode.c.objc; name = SBJsonParser.m; path = JSON/Classes/SBJsonParser.m; sourceTree = "<group>"; };
		3FC5E22F1272ABD8004B991C /* SBJsonStreamWriter.h */ = {isa = PBXFileReference; fileEncoding = 4; lastKnownFileType = sourcecode.c.h; name = SBJsonStreamWriter.h; path = JSON/Classes/SBJsonStreamWriter.h; sourceTree = "<group>"; };
		3FC5E2301272ABD8004B991C /* SBJsonStreamWriter.m */ = {isa = PBXFileReference; fileEncoding = 4; lastKnownFileType = sourcecode.c.objc; name = SBJsonStreamWriter.m; path = JSON/Classes/SBJsonStreamWriter.m; sourceTree = "<group>"; };
		3FC5E2311272ABD8004B991C /* SBJsonWriter.h */ = {isa = PBXFileReference; fileEncoding = 4; lastKnownFileType = sourcecode.c.h; name = SBJsonWriter.h; path = JSON/Classes/SBJsonWriter.h; sourceTree = "<group>"; };
		3FC5E2321272ABD8004B991C /* SBJsonWriter.m */ = {isa = PBXFileReference; fileEncoding = 4; lastKnownFileType = sourcecode.c.objc; name = SBJsonWriter.m; path = JSON/Classes/SBJsonWriter.m; sourceTree = "<group>"; };
		3FC5E2331272ABD8004B991C /* SBProxyForJson.h */ = {isa = PBXFileReference; fileEncoding = 4; lastKnownFileType = sourcecode.c.h; name = SBProxyForJson.h; path = JSON/Classes/SBProxyForJson.h; sourceTree = "<group>"; };
		3FC7CE6D12719E2A00CE1EFA /* JOUTM.h */ = {isa = PBXFileReference; fileEncoding = 4; lastKnownFileType = sourcecode.c.h; path = JOUTM.h; sourceTree = "<group>"; };
		3FC7CE6E12719E2A00CE1EFA /* JOUTM.m */ = {isa = PBXFileReference; fileEncoding = 4; lastKnownFileType = sourcecode.c.objc; path = JOUTM.m; sourceTree = "<group>"; };
/* End PBXFileReference section */

/* Begin PBXFrameworksBuildPhase section */
		3F5EDCF912564C9100FF2D80 /* Frameworks */ = {
			isa = PBXFrameworksBuildPhase;
			buildActionMask = 2147483647;
			files = (
				3F5EDD0112564C9F00FF2D80 /* Foundation.framework in Frameworks */,
				3F5EDD0512564CA300FF2D80 /* libicucore.dylib in Frameworks */,
				3F88B6B3125E033400714C6B /* CoreLocation.framework in Frameworks */,
			);
			runOnlyForDeploymentPostprocessing = 0;
		};
		3F5EDD1612564D7600FF2D80 /* Frameworks */ = {
			isa = PBXFrameworksBuildPhase;
			buildActionMask = 2147483647;
			files = (
				3F5EDD2512564DB400FF2D80 /* Foundation.framework in Frameworks */,
				3F5EDD2912564DBD00FF2D80 /* libicucore.dylib in Frameworks */,
				3F88B6B7125E034100714C6B /* CoreLocation.framework in Frameworks */,
			);
			runOnlyForDeploymentPostprocessing = 0;
		};
		3F5EDD9312564F8100FF2D80 /* Frameworks */ = {
			isa = PBXFrameworksBuildPhase;
			buildActionMask = 2147483647;
			files = (
				3F5EDDB31256505100FF2D80 /* Foundation.framework in Frameworks */,
				3F5EDDB51256505B00FF2D80 /* libicucore.dylib in Frameworks */,
				3F88B6B9125E034D00714C6B /* CoreLocation.framework in Frameworks */,
			);
			runOnlyForDeploymentPostprocessing = 0;
		};
/* End PBXFrameworksBuildPhase section */

/* Begin PBXGroup section */
		3F4E9B49125B074400C6319F /* JONTULocation */ = {
			isa = PBXGroup;
			children = (
				3FC7CE6D12719E2A00CE1EFA /* JOUTM.h */,
				3FC7CE6E12719E2A00CE1EFA /* JOUTM.m */,
				3F5240C5126809B9009698EA /* JONTULocation.h */,
				3F5240C6126809B9009698EA /* JONTULocation.m */,
				3F52415E1268243C009698EA /* JONTULocationDirections.h */,
				3F52415F1268243C009698EA /* JONTULocationDirections.m */,
				3F5241661268244B009698EA /* JONTULocationRoute.h */,
				3F5241671268244B009698EA /* JONTULocationRoute.m */,
			);
			name = JONTULocation;
			path = Classes/JONTULocation;
			sourceTree = SOURCE_ROOT;
		};
		3F5EDCCC12564B8D00FF2D80 = {
			isa = PBXGroup;
			children = (
				3F5EDD0612564CB600FF2D80 /* Edventurous.pch */,
				3F5EDCDA12564C6A00FF2D80 /* Classes */,
				3F5EDDC1125650E000FF2D80 /* lipo */,
				3F5EDCFC12564C9100FF2D80 /* Products */,
				3F5EDD0012564C9F00FF2D80 /* Foundation.framework */,
				3F5EDD0412564CA300FF2D80 /* libicucore.dylib */,
				3F5EDD2412564DB400FF2D80 /* Foundation.framework */,
				3F5EDD2812564DBD00FF2D80 /* libicucore.dylib */,
				3F5EDDB21256505100FF2D80 /* Foundation.framework */,
				3F5EDDB41256505B00FF2D80 /* libicucore.dylib */,
				3F88B6B2125E033400714C6B /* CoreLocation.framework */,
				3F88B6B6125E034100714C6B /* CoreLocation.framework */,
				3F88B6B8125E034D00714C6B /* CoreLocation.framework */,
			);
			sourceTree = "<group>";
		};
		3F5EDCDA12564C6A00FF2D80 /* Classes */ = {
			isa = PBXGroup;
			children = (
				3F5EDCDB12564C6A00FF2D80 /* External */,
				3F4E9B49125B074400C6319F /* JONTULocation */,
				3FAFD1B2125A3CD30089E5C1 /* JONTUVideoLecture */,
				3F5EDCE212564C6A00FF2D80 /* JONTUAuth */,
				3F5EDCE512564C6A00FF2D80 /* JONTUBusCore */,
				3F5EDCEE12564C6A00FF2D80 /* JONTUTimeTable */,
			);
			path = Classes;
			sourceTree = SOURCE_ROOT;
		};
		3F5EDCDB12564C6A00FF2D80 /* External */ = {
			isa = PBXGroup;
			children = (
				3FC5E2241272ABCF004B991C /* JSON */,
				3F5EDCDE12564C6A00FF2D80 /* RegexKitLite */,
				3F25B6C9125B17E3005CEBF4 /* NSDataAdditions.h */,
				3F25B6CA125B17E3005CEBF4 /* NSDataAdditions.m */,
				3F5EDCDC12564C6A00FF2D80 /* NSString+htmlentitiesaddition.h */,
				3F5EDCDD12564C6A00FF2D80 /* NSString+htmlentitiesaddition.m */,
				3F5EDCE112564C6A00FF2D80 /* SynthesizeSingleton.h */,
			);
			name = External;
			path = Classes/External;
			sourceTree = SOURCE_ROOT;
		};
		3F5EDCDE12564C6A00FF2D80 /* RegexKitLite */ = {
			isa = PBXGroup;
			children = (
				3F5EDCDF12564C6A00FF2D80 /* RegexKitLite.h */,
				3F5EDCE012564C6A00FF2D80 /* RegexKitLite.m */,
			);
			name = RegexKitLite;
			path = Classes/External/RegexKitLite;
			sourceTree = SOURCE_ROOT;
		};
		3F5EDCE212564C6A00FF2D80 /* JONTUAuth */ = {
			isa = PBXGroup;
			children = (
				3F5EDCE312564C6A00FF2D80 /* JONTUAuth.h */,
				3F5EDCE412564C6A00FF2D80 /* JONTUAuth.m */,
			);
			name = JONTUAuth;
			path = Classes/JONTUAuth;
			sourceTree = SOURCE_ROOT;
		};
		3F5EDCE512564C6A00FF2D80 /* JONTUBusCore */ = {
			isa = PBXGroup;
			children = (
				3F5EDCE612564C6A00FF2D80 /* JONTUBus.h */,
				3F5EDCE712564C6A00FF2D80 /* JONTUBus.m */,
				3F5EDCE812564C6A00FF2D80 /* JONTUBusEngine.h */,
				3F5EDCE912564C6A00FF2D80 /* JONTUBusEngine.m */,
				3F5EDCEA12564C6A00FF2D80 /* JONTUBusRoute.h */,
				3F5EDCEB12564C6A00FF2D80 /* JONTUBusRoute.m */,
				3F5EDCEC12564C6A00FF2D80 /* JONTUBusStop.h */,
				3F5EDCED12564C6A00FF2D80 /* JONTUBusStop.m */,
			);
			name = JONTUBusCore;
			path = Classes/JONTUBusCore;
			sourceTree = SOURCE_ROOT;
		};
		3F5EDCEE12564C6A00FF2D80 /* JONTUTimeTable */ = {
			isa = PBXGroup;
			children = (
				3F5EDCEF12564C6A00FF2D80 /* JONTUClass.h */,
				3F5EDCF012564C6A00FF2D80 /* JONTUClass.m */,
				3F5EDCF112564C6A00FF2D80 /* JONTUCourse.h */,
				3F5EDCF212564C6A00FF2D80 /* JONTUCourse.m */,
				3F5EDCF312564C6A00FF2D80 /* JONTUSemester.h */,
				3F5EDCF412564C6B00FF2D80 /* JONTUSemester.m */,
				3F5EDCF512564C6B00FF2D80 /* JONTUSemesterDates.h */,
				3F5EDCF612564C6B00FF2D80 /* JONTUSemesterDates.m */,
			);
			name = JONTUTimeTable;
			path = Classes/JONTUTimeTable;
			sourceTree = SOURCE_ROOT;
		};
		3F5EDCFC12564C9100FF2D80 /* Products */ = {
			isa = PBXGroup;
			children = (
				3F5EDCFB12564C9100FF2D80 /* libEdventurous-Device.a */,
				3F5EDD1812564D7600FF2D80 /* libEdventurous-OSX.a */,
				3F5EDD9512564F8100FF2D80 /* libEdventurous-Simulator.a */,
			);
			name = Products;
			sourceTree = "<group>";
		};
		3F5EDDC1125650E000FF2D80 /* lipo */ = {
			isa = PBXGroup;
			children = (
				3F5EDDCA1256515F00FF2D80 /* libEdventurous-iOS-Release.a */,
				3F5EDDCB1256515F00FF2D80 /* libEdventurous-Release.a */,
				3F5EDDC51256513200FF2D80 /* libEdventurous-iOS-Debug.a */,
				3F5EDDC61256513200FF2D80 /* libEdventurous-Debug.a */,
			);
			name = lipo;
			sourceTree = "<group>";
		};
		3F7D67021264C5EC008059BA /* AculeanTypes */ = {
			isa = PBXGroup;
			children = (
				3F7D66FA1264C5E8008059BA /* JONTUAculearnV7.h */,
				3F7D66FB1264C5E8008059BA /* JONTUAculearnV7.m */,
				3F7D67031264C5FB008059BA /* JONTUAculearnV4.h */,
				3F7D67041264C5FB008059BA /* JONTUAculearnV4.m */,
			);
			path = AculeanTypes;
			sourceTree = "<group>";
		};
		3FAFD1B2125A3CD30089E5C1 /* JONTUVideoLecture */ = {
			isa = PBXGroup;
			children = (
				3F7D67021264C5EC008059BA /* AculeanTypes */,
				3FAFD1B8125A3D7F0089E5C1 /* JONTUVideoLecture.h */,
				3FAFD1B9125A3D7F0089E5C1 /* JONTUVideoLecture.m */,
				3F5BEA27125CEC9000DF5B2B /* JONTUVideoStreamingServer.h */,
				3F5BEA28125CEC9000DF5B2B /* JONTUVideoStreamingServer.m */,
			);
			path = JONTUVideoLecture;
			sourceTree = "<group>";
		};
		3FC5E2241272ABCF004B991C /* JSON */ = {
			isa = PBXGroup;
			children = (
				3FC5E2261272ABD8004B991C /* JSON.h */,
				3FC5E2271272ABD8004B991C /* NSObject+SBJSON.h */,
				3FC5E2281272ABD8004B991C /* NSObject+SBJSON.m */,
				3FC5E2291272ABD8004B991C /* NSString+SBJSON.h */,
				3FC5E22A1272ABD8004B991C /* NSString+SBJSON.m */,
				3FC5E22B1272ABD8004B991C /* SBJsonBase.h */,
				3FC5E22C1272ABD8004B991C /* SBJsonBase.m */,
				3FC5E22D1272ABD8004B991C /* SBJsonParser.h */,
				3FC5E22E1272ABD8004B991C /* SBJsonParser.m */,
				3FC5E22F1272ABD8004B991C /* SBJsonStreamWriter.h */,
				3FC5E2301272ABD8004B991C /* SBJsonStreamWriter.m */,
				3FC5E2311272ABD8004B991C /* SBJsonWriter.h */,
				3FC5E2321272ABD8004B991C /* SBJsonWriter.m */,
				3FC5E2331272ABD8004B991C /* SBProxyForJson.h */,
			);
			name = JSON;
			sourceTree = "<group>";
		};
/* End PBXGroup section */

/* Begin PBXHeadersBuildPhase section */
		3F5EDCF712564C9100FF2D80 /* Headers */ = {
			isa = PBXHeadersBuildPhase;
			buildActionMask = 2147483647;
			files = (
				3F5EDD3712564E1200FF2D80 /* JONTUBusStop.h in Headers */,
				3F5EDD3812564E1200FF2D80 /* JONTUClass.h in Headers */,
				3F5EDD3912564E1200FF2D80 /* JONTUCourse.h in Headers */,
				3F5EDD3A12564E1200FF2D80 /* JONTUAuth.h in Headers */,
				3F5EDD3B12564E1200FF2D80 /* JONTUBus.h in Headers */,
				3F5EDD3C12564E1200FF2D80 /* RegexKitLite.h in Headers */,
				3F5EDD3D12564E1200FF2D80 /* JONTUSemester.h in Headers */,
				3F5EDD3E12564E1200FF2D80 /* NSString+htmlentitiesaddition.h in Headers */,
				3F5EDD3F12564E1200FF2D80 /* JONTUSemesterDates.h in Headers */,
				3F5EDD4012564E1200FF2D80 /* JONTUBusEngine.h in Headers */,
				3F5EDD4112564E1200FF2D80 /* JONTUBusRoute.h in Headers */,
				3F5EDD4212564E1200FF2D80 /* SynthesizeSingleton.h in Headers */,
				3F54E16C125CF75000D17762 /* JONTUVideoLecture.h in Headers */,
				3F54E16E125CF75000D17762 /* JONTUVideoStreamingServer.h in Headers */,
				3F7D66FE1264C5E8008059BA /* JONTUAculearnV7.h in Headers */,
				3F7D67071264C5FB008059BA /* JONTUAculearnV4.h in Headers */,
				3F5240C7126809B9009698EA /* JONTULocation.h in Headers */,
				3F5241601268243C009698EA /* JONTULocationDirections.h in Headers */,
				3F5241681268244B009698EA /* JONTULocationRoute.h in Headers */,
				3FC7CE6F12719E2A00CE1EFA /* JOUTM.h in Headers */,
				3FC5E2341272ABD8004B991C /* JSON.h in Headers */,
				3FC5E2351272ABD8004B991C /* NSObject+SBJSON.h in Headers */,
				3FC5E2371272ABD8004B991C /* NSString+SBJSON.h in Headers */,
				3FC5E2391272ABD8004B991C /* SBJsonBase.h in Headers */,
				3FC5E23B1272ABD8004B991C /* SBJsonParser.h in Headers */,
				3FC5E23D1272ABD8004B991C /* SBJsonStreamWriter.h in Headers */,
				3FC5E23F1272ABD8004B991C /* SBJsonWriter.h in Headers */,
				3FC5E2411272ABD8004B991C /* SBProxyForJson.h in Headers */,
			);
			runOnlyForDeploymentPostprocessing = 0;
		};
		3F5EDD1412564D7600FF2D80 /* Headers */ = {
			isa = PBXHeadersBuildPhase;
			buildActionMask = 2147483647;
			files = (
				3F5EDD4312564E1F00FF2D80 /* JONTUBusStop.h in Headers */,
				3F5EDD4412564E1F00FF2D80 /* JONTUClass.h in Headers */,
				3F5EDD4512564E1F00FF2D80 /* JONTUCourse.h in Headers */,
				3F5EDD4612564E1F00FF2D80 /* JONTUAuth.h in Headers */,
				3F5EDD4712564E1F00FF2D80 /* JONTUBus.h in Headers */,
				3F5EDD4812564E1F00FF2D80 /* RegexKitLite.h in Headers */,
				3F5EDD4912564E1F00FF2D80 /* JONTUSemester.h in Headers */,
				3F5EDD4A12564E1F00FF2D80 /* NSString+htmlentitiesaddition.h in Headers */,
				3F5EDD4B12564E1F00FF2D80 /* JONTUSemesterDates.h in Headers */,
				3F5EDD4C12564E1F00FF2D80 /* JONTUBusEngine.h in Headers */,
				3F5EDD4D12564E1F00FF2D80 /* JONTUBusRoute.h in Headers */,
				3F5EDD4E12564E1F00FF2D80 /* SynthesizeSingleton.h in Headers */,
				3F54E170125CF75000D17762 /* JONTUVideoLecture.h in Headers */,
				3F54E172125CF75000D17762 /* JONTUVideoStreamingServer.h in Headers */,
				3F7D66FC1264C5E8008059BA /* JONTUAculearnV7.h in Headers */,
				3F7D67051264C5FB008059BA /* JONTUAculearnV4.h in Headers */,
				3F5240CB126809B9009698EA /* JONTULocation.h in Headers */,
				3F5241641268243C009698EA /* JONTULocationDirections.h in Headers */,
				3F52416C1268244B009698EA /* JONTULocationRoute.h in Headers */,
				3FC7CE7312719E2A00CE1EFA /* JOUTM.h in Headers */,
				3FC5E2501272ABD8004B991C /* JSON.h in Headers */,
				3FC5E2511272ABD8004B991C /* NSObject+SBJSON.h in Headers */,
				3FC5E2531272ABD8004B991C /* NSString+SBJSON.h in Headers */,
				3FC5E2551272ABD8004B991C /* SBJsonBase.h in Headers */,
				3FC5E2571272ABD8004B991C /* SBJsonParser.h in Headers */,
				3FC5E2591272ABD8004B991C /* SBJsonStreamWriter.h in Headers */,
				3FC5E25B1272ABD8004B991C /* SBJsonWriter.h in Headers */,
				3FC5E25D1272ABD8004B991C /* SBProxyForJson.h in Headers */,
			);
			runOnlyForDeploymentPostprocessing = 0;
		};
		3F5EDD9112564F8100FF2D80 /* Headers */ = {
			isa = PBXHeadersBuildPhase;
			buildActionMask = 2147483647;
			files = (
				3F5EDD9B12564FF600FF2D80 /* JONTUBusStop.h in Headers */,
				3F5EDD9C12564FF600FF2D80 /* JONTUClass.h in Headers */,
				3F5EDD9D12564FF600FF2D80 /* JONTUCourse.h in Headers */,
				3F5EDD9E12564FF600FF2D80 /* JONTUAuth.h in Headers */,
				3F5EDD9F12564FF600FF2D80 /* JONTUBus.h in Headers */,
				3F5EDDA012564FF600FF2D80 /* RegexKitLite.h in Headers */,
				3F5EDDA112564FF600FF2D80 /* JONTUSemester.h in Headers */,
				3F5EDDA212564FF600FF2D80 /* NSString+htmlentitiesaddition.h in Headers */,
				3F5EDDA312564FF600FF2D80 /* JONTUSemesterDates.h in Headers */,
				3F5EDDA412564FF600FF2D80 /* JONTUBusEngine.h in Headers */,
				3F5EDDA512564FF600FF2D80 /* JONTUBusRoute.h in Headers */,
				3F5EDDA612564FF600FF2D80 /* SynthesizeSingleton.h in Headers */,
				3F54E174125CF75100D17762 /* JONTUVideoLecture.h in Headers */,
				3F54E176125CF75100D17762 /* JONTUVideoStreamingServer.h in Headers */,
				3F7D67001264C5E8008059BA /* JONTUAculearnV7.h in Headers */,
				3F7D67091264C5FB008059BA /* JONTUAculearnV4.h in Headers */,
				3F5240C9126809B9009698EA /* JONTULocation.h in Headers */,
				3F5241621268243C009698EA /* JONTULocationDirections.h in Headers */,
				3F52416A1268244B009698EA /* JONTULocationRoute.h in Headers */,
				3FC7CE7112719E2A00CE1EFA /* JOUTM.h in Headers */,
				3FC5E2421272ABD8004B991C /* JSON.h in Headers */,
				3FC5E2431272ABD8004B991C /* NSObject+SBJSON.h in Headers */,
				3FC5E2451272ABD8004B991C /* NSString+SBJSON.h in Headers */,
				3FC5E2471272ABD8004B991C /* SBJsonBase.h in Headers */,
				3FC5E2491272ABD8004B991C /* SBJsonParser.h in Headers */,
				3FC5E24B1272ABD8004B991C /* SBJsonStreamWriter.h in Headers */,
				3FC5E24D1272ABD8004B991C /* SBJsonWriter.h in Headers */,
				3FC5E24F1272ABD8004B991C /* SBProxyForJson.h in Headers */,
			);
			runOnlyForDeploymentPostprocessing = 0;
		};
/* End PBXHeadersBuildPhase section */

/* Begin PBXNativeTarget section */
		3F5EDCFA12564C9100FF2D80 /* Edventurous-Device */ = {
			isa = PBXNativeTarget;
			buildConfigurationList = 3F5EDCFF12564C9200FF2D80 /* Build configuration list for PBXNativeTarget "Edventurous-Device" */;
			buildPhases = (
				3F5EDCF712564C9100FF2D80 /* Headers */,
				3F5EDCF812564C9100FF2D80 /* Sources */,
				3F5EDCF912564C9100FF2D80 /* Frameworks */,
			);
			buildRules = (
			);
			dependencies = (
			);
			name = "Edventurous-Device";
			productName = "Edventurous-Device";
			productReference = 3F5EDCFB12564C9100FF2D80 /* libEdventurous-Device.a */;
			productType = "com.apple.product-type.library.static";
		};
		3F5EDD1712564D7600FF2D80 /* Edventurous-OSX */ = {
			isa = PBXNativeTarget;
			buildConfigurationList = 3F5EDD1D12564D9B00FF2D80 /* Build configuration list for PBXNativeTarget "Edventurous-OSX" */;
			buildPhases = (
				3F5EDD1412564D7600FF2D80 /* Headers */,
				3F5EDD1512564D7600FF2D80 /* Sources */,
				3F5EDD1612564D7600FF2D80 /* Frameworks */,
			);
			buildRules = (
			);
			dependencies = (
			);
			name = "Edventurous-OSX";
			productName = "Edventurous-OSX";
			productReference = 3F5EDD1812564D7600FF2D80 /* libEdventurous-OSX.a */;
			productType = "com.apple.product-type.library.static";
		};
		3F5EDD9412564F8100FF2D80 /* Edventurous-Simulator */ = {
			isa = PBXNativeTarget;
			buildConfigurationList = 3F5EDD9A12564F8F00FF2D80 /* Build configuration list for PBXNativeTarget "Edventurous-Simulator" */;
			buildPhases = (
				3F5EDD9112564F8100FF2D80 /* Headers */,
				3F5EDD9212564F8100FF2D80 /* Sources */,
				3F5EDD9312564F8100FF2D80 /* Frameworks */,
			);
			buildRules = (
			);
			dependencies = (
			);
			name = "Edventurous-Simulator";
			productName = "Edventurous-Simulator";
			productReference = 3F5EDD9512564F8100FF2D80 /* libEdventurous-Simulator.a */;
			productType = "com.apple.product-type.library.static";
		};
/* End PBXNativeTarget section */

/* Begin PBXProject section */
		3F5EDCCE12564B8D00FF2D80 /* Project object */ = {
			isa = PBXProject;
			buildConfigurationList = 3F5EDCD112564B8D00FF2D80 /* Build configuration list for PBXProject "Edventurous" */;
			compatibilityVersion = "Xcode 2.4";
			developmentRegion = English;
			hasScannedForEncodings = 0;
			knownRegions = (
				English,
				Japanese,
				French,
				German,
			);
			mainGroup = 3F5EDCCC12564B8D00FF2D80;
			productRefGroup = 3F5EDCFC12564C9100FF2D80 /* Products */;
			projectDirPath = "";
			projectRoot = "";
			targets = (
				3F5EDCFA12564C9100FF2D80 /* Edventurous-Device */,
				3F5EDD1712564D7600FF2D80 /* Edventurous-OSX */,
				3F5EDD9412564F8100FF2D80 /* Edventurous-Simulator */,
				3F5EDD2B12564DCC00FF2D80 /* Edventurous */,
			);
		};
/* End PBXProject section */

/* Begin PBXShellScriptBuildPhase section */
		3F5EDD7812564F3000FF2D80 /* ShellScript */ = {
			isa = PBXShellScriptBuildPhase;
			buildActionMask = 2147483647;
			files = (
			);
			inputPaths = (
			);
			outputPaths = (
			);
			runOnlyForDeploymentPostprocessing = 0;
			shellPath = /bin/sh;
			shellScript = "rm -fr build/${BUILD_STYLE}/libEdventurous-iOS-${BUILD_STYLE}.a\nrm -fr build/${BUILD_STYLE}/libEdventurous-${BUILD_STYLE}.a\n\nlipo -create \\\n\"build/${BUILD_STYLE}/libEdventurous-Device.a\" \\\n\"build/${BUILD_STYLE}/libEdventurous-Simulator.a\" \\\n-output build/libEdventurous-iOS-${BUILD_STYLE}.a\n\nlipo -create \\\n\"build/${BUILD_STYLE}/libEdventurous-Device.a\" \\\n\"build/${BUILD_STYLE}/libEdventurous-OSX.a\" \\\n-output build/libEdventurous-${BUILD_STYLE}.a";
		};
/* End PBXShellScriptBuildPhase section */

/* Begin PBXSourcesBuildPhase section */
		3F5EDCF812564C9100FF2D80 /* Sources */ = {
			isa = PBXSourcesBuildPhase;
			buildActionMask = 2147483647;
			files = (
				3F5EDD4F12564E2C00FF2D80 /* JONTUSemester.m in Sources */,
				3F5EDD5012564E2C00FF2D80 /* JONTUBusRoute.m in Sources */,
				3F5EDD5112564E2C00FF2D80 /* JONTUBusEngine.m in Sources */,
				3F5EDD5212564E2C00FF2D80 /* JONTUAuth.m in Sources */,
				3F5EDD5312564E2C00FF2D80 /* JONTUSemesterDates.m in Sources */,
				3F5EDD5412564E2C00FF2D80 /* JONTUCourse.m in Sources */,
				3F5EDD5512564E2C00FF2D80 /* JONTUBus.m in Sources */,
				3F5EDD5612564E2C00FF2D80 /* JONTUBusStop.m in Sources */,
				3F5EDD5712564E2C00FF2D80 /* RegexKitLite.m in Sources */,
				3F5EDD5812564E2C00FF2D80 /* JONTUClass.m in Sources */,
				3F5EDD5912564E2C00FF2D80 /* NSString+htmlentitiesaddition.m in Sources */,
				3F54E16D125CF75000D17762 /* JONTUVideoLecture.m in Sources */,
				3F54E16F125CF75000D17762 /* JONTUVideoStreamingServer.m in Sources */,
				3F7D66FF1264C5E8008059BA /* JONTUAculearnV7.m in Sources */,
				3F7D67081264C5FB008059BA /* JONTUAculearnV4.m in Sources */,
				3F5240C8126809B9009698EA /* JONTULocation.m in Sources */,
				3F5241611268243C009698EA /* JONTULocationDirections.m in Sources */,
				3F5241691268244B009698EA /* JONTULocationRoute.m in Sources */,
				3FC7CE7012719E2A00CE1EFA /* JOUTM.m in Sources */,
				3FC5E2361272ABD8004B991C /* NSObject+SBJSON.m in Sources */,
				3FC5E2381272ABD8004B991C /* NSString+SBJSON.m in Sources */,
				3FC5E23A1272ABD8004B991C /* SBJsonBase.m in Sources */,
				3FC5E23C1272ABD8004B991C /* SBJsonParser.m in Sources */,
				3FC5E23E1272ABD8004B991C /* SBJsonStreamWriter.m in Sources */,
				3FC5E2401272ABD8004B991C /* SBJsonWriter.m in Sources */,
			);
			runOnlyForDeploymentPostprocessing = 0;
		};
		3F5EDD1512564D7600FF2D80 /* Sources */ = {
			isa = PBXSourcesBuildPhase;
			buildActionMask = 2147483647;
			files = (
				3F5EDD5A12564E3500FF2D80 /* JONTUSemester.m in Sources */,
				3F5EDD5B12564E3500FF2D80 /* JONTUBusRoute.m in Sources */,
				3F5EDD5C12564E3500FF2D80 /* JONTUBusEngine.m in Sources */,
				3F5EDD5D12564E3500FF2D80 /* JONTUAuth.m in Sources */,
				3F5EDD5E12564E3500FF2D80 /* JONTUSemesterDates.m in Sources */,
				3F5EDD5F12564E3500FF2D80 /* JONTUCourse.m in Sources */,
				3F5EDD6012564E3500FF2D80 /* JONTUBus.m in Sources */,
				3F5EDD6112564E3500FF2D80 /* JONTUBusStop.m in Sources */,
				3F5EDD6212564E3500FF2D80 /* RegexKitLite.m in Sources */,
				3F5EDD6312564E3500FF2D80 /* JONTUClass.m in Sources */,
				3F5EDD6412564E3500FF2D80 /* NSString+htmlentitiesaddition.m in Sources */,
				3F54E171125CF75000D17762 /* JONTUVideoLecture.m in Sources */,
				3F54E173125CF75000D17762 /* JONTUVideoStreamingServer.m in Sources */,
				3F7D66FD1264C5E8008059BA /* JONTUAculearnV7.m in Sources */,
				3F7D67061264C5FB008059BA /* JONTUAculearnV4.m in Sources */,
				3F5240CC126809B9009698EA /* JONTULocation.m in Sources */,
				3F5241651268243C009698EA /* JONTULocationDirections.m in Sources */,
				3F52416D1268244B009698EA /* JONTULocationRoute.m in Sources */,
				3FC7CE7412719E2A00CE1EFA /* JOUTM.m in Sources */,
				3FC5E2521272ABD8004B991C /* NSObject+SBJSON.m in Sources */,
				3FC5E2541272ABD8004B991C /* NSString+SBJSON.m in Sources */,
				3FC5E2561272ABD8004B991C /* SBJsonBase.m in Sources */,
				3FC5E2581272ABD8004B991C /* SBJsonParser.m in Sources */,
				3FC5E25A1272ABD8004B991C /* SBJsonStreamWriter.m in Sources */,
				3FC5E25C1272ABD8004B991C /* SBJsonWriter.m in Sources */,
			);
			runOnlyForDeploymentPostprocessing = 0;
		};
		3F5EDD9212564F8100FF2D80 /* Sources */ = {
			isa = PBXSourcesBuildPhase;
			buildActionMask = 2147483647;
			files = (
				3F5EDDA71256500800FF2D80 /* JONTUSemester.m in Sources */,
				3F5EDDA81256500800FF2D80 /* JONTUBusRoute.m in Sources */,
				3F5EDDA91256500800FF2D80 /* JONTUBusEngine.m in Sources */,
				3F5EDDAA1256500800FF2D80 /* JONTUAuth.m in Sources */,
				3F5EDDAB1256500800FF2D80 /* JONTUSemesterDates.m in Sources */,
				3F5EDDAC1256500800FF2D80 /* JONTUCourse.m in Sources */,
				3F5EDDAD1256500800FF2D80 /* JONTUBus.m in Sources */,
				3F5EDDAE1256500800FF2D80 /* JONTUBusStop.m in Sources */,
				3F5EDDAF1256500800FF2D80 /* RegexKitLite.m in Sources */,
				3F5EDDB01256500800FF2D80 /* JONTUClass.m in Sources */,
				3F5EDDB11256500800FF2D80 /* NSString+htmlentitiesaddition.m in Sources */,
				3F54E175125CF75100D17762 /* JONTUVideoLecture.m in Sources */,
				3F54E177125CF75100D17762 /* JONTUVideoStreamingServer.m in Sources */,
				3F7D67011264C5E8008059BA /* JONTUAculearnV7.m in Sources */,
				3F7D670A1264C5FB008059BA /* JONTUAculearnV4.m in Sources */,
				3F5240CA126809B9009698EA /* JONTULocation.m in Sources */,
				3F5241631268243C009698EA /* JONTULocationDirections.m in Sources */,
				3F52416B1268244B009698EA /* JONTULocationRoute.m in Sources */,
				3FC7CE7212719E2A00CE1EFA /* JOUTM.m in Sources */,
				3FC5E2441272ABD8004B991C /* NSObject+SBJSON.m in Sources */,
				3FC5E2461272ABD8004B991C /* NSString+SBJSON.m in Sources */,
				3FC5E2481272ABD8004B991C /* SBJsonBase.m in Sources */,
				3FC5E24A1272ABD8004B991C /* SBJsonParser.m in Sources */,
				3FC5E24C1272ABD8004B991C /* SBJsonStreamWriter.m in Sources */,
				3FC5E24E1272ABD8004B991C /* SBJsonWriter.m in Sources */,
			);
			runOnlyForDeploymentPostprocessing = 0;
		};
/* End PBXSourcesBuildPhase section */

/* Begin PBXTargetDependency section */
		3F5EDD2F12564DD500FF2D80 /* PBXTargetDependency */ = {
			isa = PBXTargetDependency;
			target = 3F5EDCFA12564C9100FF2D80 /* Edventurous-Device */;
			targetProxy = 3F5EDD2E12564DD500FF2D80 /* PBXContainerItemProxy */;
		};
		3F5EDD3112564DD800FF2D80 /* PBXTargetDependency */ = {
			isa = PBXTargetDependency;
			target = 3F5EDD1712564D7600FF2D80 /* Edventurous-OSX */;
			targetProxy = 3F5EDD3012564DD800FF2D80 /* PBXContainerItemProxy */;
		};
		3F5EDDB71256506500FF2D80 /* PBXTargetDependency */ = {
			isa = PBXTargetDependency;
			target = 3F5EDD9412564F8100FF2D80 /* Edventurous-Simulator */;
			targetProxy = 3F5EDDB61256506500FF2D80 /* PBXContainerItemProxy */;
		};
/* End PBXTargetDependency section */

/* Begin XCBuildConfiguration section */
		3F5EDCCF12564B8D00FF2D80 /* Debug */ = {
			isa = XCBuildConfiguration;
			buildSettings = {
				COPY_PHASE_STRIP = NO;
				RUN_CLANG_STATIC_ANALYZER = NO;
			};
			name = Debug;
		};
		3F5EDCD012564B8D00FF2D80 /* Release */ = {
			isa = XCBuildConfiguration;
			buildSettings = {
				COPY_PHASE_STRIP = YES;
				RUN_CLANG_STATIC_ANALYZER = NO;
			};
			name = Release;
		};
		3F5EDCFD12564C9200FF2D80 /* Debug */ = {
			isa = XCBuildConfiguration;
			buildSettings = {
				ALWAYS_SEARCH_USER_PATHS = NO;
				ARCHS = "$(ARCHS_STANDARD_32_BIT_PRE_XCODE_3_1)";
				ARCHS_STANDARD_32_BIT_PRE_XCODE_3_1 = "ppc i386";
				CONFIGURATION_BUILD_DIR = "$(BUILD_DIR)/$(CONFIGURATION)";
				COPY_PHASE_STRIP = NO;
				GCC_C_LANGUAGE_STANDARD = c99;
				GCC_DYNAMIC_NO_PIC = NO;
				GCC_MODEL_TUNING = G5;
				GCC_OPTIMIZATION_LEVEL = s;
				GCC_PRECOMPILE_PREFIX_HEADER = YES;
				GCC_PREFIX_HEADER = Edventurous.pch;
				GCC_VERSION = com.apple.compilers.llvm.clang.1_0;
				IPHONEOS_DEPLOYMENT_TARGET = 4.0;
				OTHER_LDFLAGS = "-ObjC";
				PREBINDING = NO;
				PRODUCT_NAME = "Edventurous-Device";
				SDKROOT = iphoneos4.1;
				TARGETED_DEVICE_FAMILY = "1,2";
				ZERO_LINK = "";
			};
			name = Debug;
		};
		3F5EDCFE12564C9200FF2D80 /* Release */ = {
			isa = XCBuildConfiguration;
			buildSettings = {
				ALWAYS_SEARCH_USER_PATHS = NO;
				ARCHS = "$(ARCHS_STANDARD_32_BIT_PRE_XCODE_3_1)";
				ARCHS_STANDARD_32_BIT_PRE_XCODE_3_1 = "ppc i386";
				CONFIGURATION_BUILD_DIR = "$(BUILD_DIR)/$(CONFIGURATION)";
				COPY_PHASE_STRIP = YES;
				DEBUG_INFORMATION_FORMAT = "dwarf-with-dsym";
				GCC_C_LANGUAGE_STANDARD = c99;
				GCC_ENABLE_FIX_AND_CONTINUE = NO;
				GCC_MODEL_TUNING = G5;
				GCC_OPTIMIZATION_LEVEL = s;
				GCC_PRECOMPILE_PREFIX_HEADER = YES;
				GCC_PREFIX_HEADER = Edventurous.pch;
				GCC_VERSION = com.apple.compilers.llvm.clang.1_0;
				IPHONEOS_DEPLOYMENT_TARGET = 4.0;
				OTHER_LDFLAGS = "-ObjC";
				PREBINDING = NO;
				PRODUCT_NAME = "Edventurous-Device";
				SDKROOT = iphoneos4.1;
				TARGETED_DEVICE_FAMILY = "1,2";
				ZERO_LINK = "";
			};
			name = Release;
		};
		3F5EDD1912564D7700FF2D80 /* Debug */ = {
			isa = XCBuildConfiguration;
			buildSettings = {
				ALWAYS_SEARCH_USER_PATHS = NO;
				ARCHS = "$(ARCHS_STANDARD_32_64_BIT_PRE_XCODE_3_1)";
				ARCHS_STANDARD_32_64_BIT_PRE_XCODE_3_1 = "x86_64 i386 ppc";
				COPY_PHASE_STRIP = NO;
				DEBUG_INFORMATION_FORMAT = "dwarf-with-dsym";
				GCC_C_LANGUAGE_STANDARD = c99;
				GCC_DYNAMIC_NO_PIC = NO;
				GCC_ENABLE_FIX_AND_CONTINUE = YES;
				GCC_MODEL_TUNING = G5;
				GCC_OPTIMIZATION_LEVEL = s;
				GCC_PRECOMPILE_PREFIX_HEADER = YES;
				GCC_PREFIX_HEADER = Edventurous.pch;
				GCC_VERSION = com.apple.compilers.llvm.clang.1_0;
				INSTALL_PATH = /usr/local/lib;
				OTHER_LDFLAGS = "-ObjC";
				PREBINDING = NO;
				PRODUCT_NAME = "Edventurous-OSX";
				SDKROOT = "$(DEVELOPER_SDK_DIR)/MacOSX10.6.sdk";
				ZERO_LINK = "";
			};
			name = Debug;
		};
		3F5EDD1A12564D7700FF2D80 /* Release */ = {
			isa = XCBuildConfiguration;
			buildSettings = {
				ALWAYS_SEARCH_USER_PATHS = NO;
				ARCHS = "$(ARCHS_STANDARD_32_64_BIT_PRE_XCODE_3_1)";
				ARCHS_STANDARD_32_64_BIT_PRE_XCODE_3_1 = "x86_64 i386 ppc";
				COPY_PHASE_STRIP = YES;
				DEBUG_INFORMATION_FORMAT = "dwarf-with-dsym";
				GCC_C_LANGUAGE_STANDARD = c99;
				GCC_ENABLE_FIX_AND_CONTINUE = NO;
				GCC_MODEL_TUNING = G5;
				GCC_OPTIMIZATION_LEVEL = s;
				GCC_PRECOMPILE_PREFIX_HEADER = YES;
				GCC_PREFIX_HEADER = Edventurous.pch;
				GCC_VERSION = com.apple.compilers.llvm.clang.1_0;
				INSTALL_PATH = /usr/local/lib;
				OTHER_LDFLAGS = "-ObjC";
				PREBINDING = NO;
				PRODUCT_NAME = "Edventurous-OSX";
				SDKROOT = "$(DEVELOPER_SDK_DIR)/MacOSX10.6.sdk";
				ZERO_LINK = "";
			};
			name = Release;
		};
		3F5EDD2C12564DCD00FF2D80 /* Debug */ = {
			isa = XCBuildConfiguration;
			buildSettings = {
				COPY_PHASE_STRIP = NO;
				GCC_DYNAMIC_NO_PIC = NO;
				GCC_OPTIMIZATION_LEVEL = 0;
				PRODUCT_NAME = Edventurous;
			};
			name = Debug;
		};
		3F5EDD2D12564DCD00FF2D80 /* Release */ = {
			isa = XCBuildConfiguration;
			buildSettings = {
				COPY_PHASE_STRIP = YES;
				DEBUG_INFORMATION_FORMAT = "dwarf-with-dsym";
				GCC_ENABLE_FIX_AND_CONTINUE = NO;
				PRODUCT_NAME = Edventurous;
				ZERO_LINK = NO;
			};
			name = Release;
		};
		3F5EDD9612564F8100FF2D80 /* Debug */ = {
			isa = XCBuildConfiguration;
			buildSettings = {
				ALWAYS_SEARCH_USER_PATHS = NO;
				ARCHS = "$(ARCHS_UNIVERSAL_IPHONE_OS)";
				CONFIGURATION_BUILD_DIR = "$(BUILD_DIR)/$(CONFIGURATION)";
				COPY_PHASE_STRIP = NO;
				GCC_C_LANGUAGE_STANDARD = c99;
				GCC_DYNAMIC_NO_PIC = NO;
				GCC_MODEL_TUNING = G5;
				GCC_OPTIMIZATION_LEVEL = s;
				GCC_PRECOMPILE_PREFIX_HEADER = YES;
				GCC_PREFIX_HEADER = Edventurous.pch;
				GCC_VERSION = com.apple.compilers.llvm.clang.1_0;
				IPHONEOS_DEPLOYMENT_TARGET = 4.0;
				OTHER_LDFLAGS = "-ObjC";
				PREBINDING = NO;
				PRODUCT_NAME = "Edventurous-Simulator";
				SDKROOT = iphonesimulator4.0;
				VALID_ARCHS = i386;
				ZERO_LINK = "";
			};
			name = Debug;
		};
		3F5EDD9712564F8100FF2D80 /* Release */ = {
			isa = XCBuildConfiguration;
			buildSettings = {
				ALWAYS_SEARCH_USER_PATHS = NO;
				ARCHS = "$(ARCHS_UNIVERSAL_IPHONE_OS)";
				CONFIGURATION_BUILD_DIR = "$(BUILD_DIR)/$(CONFIGURATION)";
				COPY_PHASE_STRIP = YES;
				DEBUG_INFORMATION_FORMAT = "dwarf-with-dsym";
				GCC_C_LANGUAGE_STANDARD = c99;
				GCC_ENABLE_FIX_AND_CONTINUE = NO;
				GCC_MODEL_TUNING = G5;
				GCC_OPTIMIZATION_LEVEL = s;
				GCC_PRECOMPILE_PREFIX_HEADER = YES;
				GCC_PREFIX_HEADER = Edventurous.pch;
				GCC_VERSION = com.apple.compilers.llvm.clang.1_0;
				IPHONEOS_DEPLOYMENT_TARGET = 4.0;
				OTHER_LDFLAGS = "-ObjC";
				PREBINDING = NO;
				PRODUCT_NAME = "Edventurous-Simulator";
				SDKROOT = iphonesimulator4.0;
				VALID_ARCHS = i386;
				ZERO_LINK = "";
			};
			name = Release;
		};
/* End XCBuildConfiguration section */

/* Begin XCConfigurationList section */
		3F5EDCD112564B8D00FF2D80 /* Build configuration list for PBXProject "Edventurous" */ = {
			isa = XCConfigurationList;
			buildConfigurations = (
				3F5EDCCF12564B8D00FF2D80 /* Debug */,
				3F5EDCD012564B8D00FF2D80 /* Release */,
			);
			defaultConfigurationIsVisible = 0;
			defaultConfigurationName = Release;
		};
		3F5EDCFF12564C9200FF2D80 /* Build configuration list for PBXNativeTarget "Edventurous-Device" */ = {
			isa = XCConfigurationList;
			buildConfigurations = (
				3F5EDCFD12564C9200FF2D80 /* Debug */,
				3F5EDCFE12564C9200FF2D80 /* Release */,
			);
			defaultConfigurationIsVisible = 0;
			defaultConfigurationName = Release;
		};
		3F5EDD1D12564D9B00FF2D80 /* Build configuration list for PBXNativeTarget "Edventurous-OSX" */ = {
			isa = XCConfigurationList;
			buildConfigurations = (
				3F5EDD1912564D7700FF2D80 /* Debug */,
				3F5EDD1A12564D7700FF2D80 /* Release */,
			);
			defaultConfigurationIsVisible = 0;
			defaultConfigurationName = Release;
		};
		3F5EDD3612564DFF00FF2D80 /* Build configuration list for PBXAggregateTarget "Edventurous" */ = {
			isa = XCConfigurationList;
			buildConfigurations = (
				3F5EDD2C12564DCD00FF2D80 /* Debug */,
				3F5EDD2D12564DCD00FF2D80 /* Release */,
			);
			defaultConfigurationIsVisible = 0;
			defaultConfigurationName = Release;
		};
		3F5EDD9A12564F8F00FF2D80 /* Build configuration list for PBXNativeTarget "Edventurous-Simulator" */ = {
			isa = XCConfigurationList;
			buildConfigurations = (
				3F5EDD9612564F8100FF2D80 /* Debug */,
				3F5EDD9712564F8100FF2D80 /* Release */,
			);
			defaultConfigurationIsVisible = 0;
			defaultConfigurationName = Release;
		};
/* End XCConfigurationList section */
	};
	rootObject = 3F5EDCCE12564B8D00FF2D80 /* Project object */;
}
