// !$*UTF8*$!
{
	archiveVersion = 1;
	classes = {
	};
	objectVersion = 44;
	objects = {

/* Begin PBXBuildFile section */
		3F33A87E1316009200F95F8E /* JORequestQueue.h in Headers */ = {isa = PBXBuildFile; fileRef = 3F33A87A1316009200F95F8E /* JORequestQueue.h */; };
		3F33A87F1316009200F95F8E /* JORequestQueue.h in Headers */ = {isa = PBXBuildFile; fileRef = 3F33A87A1316009200F95F8E /* JORequestQueue.h */; };
		3F33A8811316009200F95F8E /* JORequestQueue.m in Sources */ = {isa = PBXBuildFile; fileRef = 3F33A87B1316009200F95F8E /* JORequestQueue.m */; };
		3F33A8821316009200F95F8E /* JORequestQueue.m in Sources */ = {isa = PBXBuildFile; fileRef = 3F33A87B1316009200F95F8E /* JORequestQueue.m */; };
		3F33A8841316009200F95F8E /* JOURLRequest.h in Headers */ = {isa = PBXBuildFile; fileRef = 3F33A87C1316009200F95F8E /* JOURLRequest.h */; };
		3F33A8851316009200F95F8E /* JOURLRequest.h in Headers */ = {isa = PBXBuildFile; fileRef = 3F33A87C1316009200F95F8E /* JOURLRequest.h */; };
		3F33A8871316009200F95F8E /* JOURLRequest.m in Sources */ = {isa = PBXBuildFile; fileRef = 3F33A87D1316009200F95F8E /* JOURLRequest.m */; };
		3F33A8881316009200F95F8E /* JOURLRequest.m in Sources */ = {isa = PBXBuildFile; fileRef = 3F33A87D1316009200F95F8E /* JOURLRequest.m */; };
		3F33A8C81316127200F95F8E /* Reachability.h in Headers */ = {isa = PBXBuildFile; fileRef = 3F33A8C61316127100F95F8E /* Reachability.h */; };
		3F33A8CB1316127200F95F8E /* Reachability.m in Sources */ = {isa = PBXBuildFile; fileRef = 3F33A8C71316127100F95F8E /* Reachability.m */; };
		3F5240C7126809B9009698EA /* JONTULocation.h in Headers */ = {isa = PBXBuildFile; fileRef = 3F5240C5126809B9009698EA /* JONTULocation.h */; settings = {ATTRIBUTES = (Public, ); }; };
		3F5240C8126809B9009698EA /* JONTULocation.m in Sources */ = {isa = PBXBuildFile; fileRef = 3F5240C6126809B9009698EA /* JONTULocation.m */; };
		3F5240CB126809B9009698EA /* JONTULocation.h in Headers */ = {isa = PBXBuildFile; fileRef = 3F5240C5126809B9009698EA /* JONTULocation.h */; settings = {ATTRIBUTES = (Public, ); }; };
		3F5240CC126809B9009698EA /* JONTULocation.m in Sources */ = {isa = PBXBuildFile; fileRef = 3F5240C6126809B9009698EA /* JONTULocation.m */; };
		3F5241601268243C009698EA /* JONTULocationDirections.h in Headers */ = {isa = PBXBuildFile; fileRef = 3F52415E1268243C009698EA /* JONTULocationDirections.h */; settings = {ATTRIBUTES = (Public, ); }; };
		3F5241611268243C009698EA /* JONTULocationDirections.m in Sources */ = {isa = PBXBuildFile; fileRef = 3F52415F1268243C009698EA /* JONTULocationDirections.m */; };
		3F5241641268243C009698EA /* JONTULocationDirections.h in Headers */ = {isa = PBXBuildFile; fileRef = 3F52415E1268243C009698EA /* JONTULocationDirections.h */; settings = {ATTRIBUTES = (Public, ); }; };
		3F5241651268243C009698EA /* JONTULocationDirections.m in Sources */ = {isa = PBXBuildFile; fileRef = 3F52415F1268243C009698EA /* JONTULocationDirections.m */; };
		3F5241681268244B009698EA /* JONTULocationRoute.h in Headers */ = {isa = PBXBuildFile; fileRef = 3F5241661268244B009698EA /* JONTULocationRoute.h */; settings = {ATTRIBUTES = (Public, ); }; };
		3F5241691268244B009698EA /* JONTULocationRoute.m in Sources */ = {isa = PBXBuildFile; fileRef = 3F5241671268244B009698EA /* JONTULocationRoute.m */; };
		3F52416C1268244B009698EA /* JONTULocationRoute.h in Headers */ = {isa = PBXBuildFile; fileRef = 3F5241661268244B009698EA /* JONTULocationRoute.h */; settings = {ATTRIBUTES = (Public, ); }; };
		3F52416D1268244B009698EA /* JONTULocationRoute.m in Sources */ = {isa = PBXBuildFile; fileRef = 3F5241671268244B009698EA /* JONTULocationRoute.m */; };
		3F54E16C125CF75000D17762 /* JONTUVideoLecture.h in Headers */ = {isa = PBXBuildFile; fileRef = 3FAFD1B8125A3D7F0089E5C1 /* JONTUVideoLecture.h */; settings = {ATTRIBUTES = (Public, ); }; };
		3F54E16D125CF75000D17762 /* JONTUVideoLecture.m in Sources */ = {isa = PBXBuildFile; fileRef = 3FAFD1B9125A3D7F0089E5C1 /* JONTUVideoLecture.m */; };
		3F54E16E125CF75000D17762 /* JONTUVideoStreamingServer.h in Headers */ = {isa = PBXBuildFile; fileRef = 3F5BEA27125CEC9000DF5B2B /* JONTUVideoStreamingServer.h */; settings = {ATTRIBUTES = (Public, ); }; };
		3F54E16F125CF75000D17762 /* JONTUVideoStreamingServer.m in Sources */ = {isa = PBXBuildFile; fileRef = 3F5BEA28125CEC9000DF5B2B /* JONTUVideoStreamingServer.m */; };
		3F54E170125CF75000D17762 /* JONTUVideoLecture.h in Headers */ = {isa = PBXBuildFile; fileRef = 3FAFD1B8125A3D7F0089E5C1 /* JONTUVideoLecture.h */; settings = {ATTRIBUTES = (Public, ); }; };
		3F54E171125CF75000D17762 /* JONTUVideoLecture.m in Sources */ = {isa = PBXBuildFile; fileRef = 3FAFD1B9125A3D7F0089E5C1 /* JONTUVideoLecture.m */; };
		3F54E172125CF75000D17762 /* JONTUVideoStreamingServer.h in Headers */ = {isa = PBXBuildFile; fileRef = 3F5BEA27125CEC9000DF5B2B /* JONTUVideoStreamingServer.h */; settings = {ATTRIBUTES = (Public, ); }; };
		3F54E173125CF75000D17762 /* JONTUVideoStreamingServer.m in Sources */ = {isa = PBXBuildFile; fileRef = 3F5BEA28125CEC9000DF5B2B /* JONTUVideoStreamingServer.m */; };
		3F56FE021346148800982DBE /* _JONTUClass.h in Headers */ = {isa = PBXBuildFile; fileRef = 3F56FDF81346148800982DBE /* _JONTUClass.h */; };
		3F56FE031346148800982DBE /* _JONTUClass.h in Headers */ = {isa = PBXBuildFile; fileRef = 3F56FDF81346148800982DBE /* _JONTUClass.h */; };
		3F56FE041346148800982DBE /* _JONTUClass.m in Sources */ = {isa = PBXBuildFile; fileRef = 3F56FDF91346148800982DBE /* _JONTUClass.m */; };
		3F56FE051346148800982DBE /* _JONTUClass.m in Sources */ = {isa = PBXBuildFile; fileRef = 3F56FDF91346148800982DBE /* _JONTUClass.m */; };
		3F56FE061346148800982DBE /* _JONTUCourse.h in Headers */ = {isa = PBXBuildFile; fileRef = 3F56FDFA1346148800982DBE /* _JONTUCourse.h */; };
		3F56FE071346148800982DBE /* _JONTUCourse.h in Headers */ = {isa = PBXBuildFile; fileRef = 3F56FDFA1346148800982DBE /* _JONTUCourse.h */; };
		3F56FE081346148800982DBE /* _JONTUCourse.m in Sources */ = {isa = PBXBuildFile; fileRef = 3F56FDFB1346148800982DBE /* _JONTUCourse.m */; };
		3F56FE091346148800982DBE /* _JONTUCourse.m in Sources */ = {isa = PBXBuildFile; fileRef = 3F56FDFB1346148800982DBE /* _JONTUCourse.m */; };
		3F56FE0A1346148800982DBE /* _JONTUCourseDetails.h in Headers */ = {isa = PBXBuildFile; fileRef = 3F56FDFC1346148800982DBE /* _JONTUCourseDetails.h */; };
		3F56FE0B1346148800982DBE /* _JONTUCourseDetails.h in Headers */ = {isa = PBXBuildFile; fileRef = 3F56FDFC1346148800982DBE /* _JONTUCourseDetails.h */; };
		3F56FE0C1346148800982DBE /* _JONTUCourseDetails.m in Sources */ = {isa = PBXBuildFile; fileRef = 3F56FDFD1346148800982DBE /* _JONTUCourseDetails.m */; };
		3F56FE0D1346148800982DBE /* _JONTUCourseDetails.m in Sources */ = {isa = PBXBuildFile; fileRef = 3F56FDFD1346148800982DBE /* _JONTUCourseDetails.m */; };
		3F56FE0E1346148800982DBE /* _JONTUSemester.h in Headers */ = {isa = PBXBuildFile; fileRef = 3F56FDFE1346148800982DBE /* _JONTUSemester.h */; };
		3F56FE0F1346148800982DBE /* _JONTUSemester.h in Headers */ = {isa = PBXBuildFile; fileRef = 3F56FDFE1346148800982DBE /* _JONTUSemester.h */; };
		3F56FE101346148800982DBE /* _JONTUSemester.m in Sources */ = {isa = PBXBuildFile; fileRef = 3F56FDFF1346148800982DBE /* _JONTUSemester.m */; };
		3F56FE111346148800982DBE /* _JONTUSemester.m in Sources */ = {isa = PBXBuildFile; fileRef = 3F56FDFF1346148800982DBE /* _JONTUSemester.m */; };
		3F56FE121346148800982DBE /* _JONTUSemesterDates.h in Headers */ = {isa = PBXBuildFile; fileRef = 3F56FE001346148800982DBE /* _JONTUSemesterDates.h */; };
		3F56FE131346148800982DBE /* _JONTUSemesterDates.h in Headers */ = {isa = PBXBuildFile; fileRef = 3F56FE001346148800982DBE /* _JONTUSemesterDates.h */; };
		3F56FE141346148800982DBE /* _JONTUSemesterDates.m in Sources */ = {isa = PBXBuildFile; fileRef = 3F56FE011346148800982DBE /* _JONTUSemesterDates.m */; };
		3F56FE151346148800982DBE /* _JONTUSemesterDates.m in Sources */ = {isa = PBXBuildFile; fileRef = 3F56FE011346148800982DBE /* _JONTUSemesterDates.m */; };
		3F56FE181346162B00982DBE /* JONTUCourseDetails.h in Headers */ = {isa = PBXBuildFile; fileRef = 3F56FE161346162B00982DBE /* JONTUCourseDetails.h */; };
		3F56FE191346162B00982DBE /* JONTUCourseDetails.h in Headers */ = {isa = PBXBuildFile; fileRef = 3F56FE161346162B00982DBE /* JONTUCourseDetails.h */; };
		3F56FE1A1346162B00982DBE /* JONTUCourseDetails.m in Sources */ = {isa = PBXBuildFile; fileRef = 3F56FE171346162B00982DBE /* JONTUCourseDetails.m */; };
		3F56FE1B1346162B00982DBE /* JONTUCourseDetails.m in Sources */ = {isa = PBXBuildFile; fileRef = 3F56FE171346162B00982DBE /* JONTUCourseDetails.m */; };
		3F56FE1D1346166600982DBE /* CoreData.framework in Frameworks */ = {isa = PBXBuildFile; fileRef = 3F56FE1C1346166600982DBE /* CoreData.framework */; };
		3F56FE1F1346166E00982DBE /* CoreData.framework in Frameworks */ = {isa = PBXBuildFile; fileRef = 3F56FE1E1346166E00982DBE /* CoreData.framework */; };
		3F573639128CE9B30063C313 /* JOIris.h in Headers */ = {isa = PBXBuildFile; fileRef = 3F573637128CE9B30063C313 /* JOIris.h */; };
		3F57363A128CE9B30063C313 /* JOIris.m in Sources */ = {isa = PBXBuildFile; fileRef = 3F573638128CE9B30063C313 /* JOIris.m */; };
		3F57363D128CE9B30063C313 /* JOIris.h in Headers */ = {isa = PBXBuildFile; fileRef = 3F573637128CE9B30063C313 /* JOIris.h */; };
		3F57363E128CE9B30063C313 /* JOIris.m in Sources */ = {isa = PBXBuildFile; fileRef = 3F573638128CE9B30063C313 /* JOIris.m */; };
		3F5D885913460FE100B45134 /* JONTUTimeTable.xcdatamodeld in Sources */ = {isa = PBXBuildFile; fileRef = 3F5D885713460FE100B45134 /* JONTUTimeTable.xcdatamodeld */; };
		3F5D885A13460FE100B45134 /* JONTUTimeTable.xcdatamodeld in Sources */ = {isa = PBXBuildFile; fileRef = 3F5D885713460FE100B45134 /* JONTUTimeTable.xcdatamodeld */; };
		3F5EDD0112564C9F00FF2D80 /* Foundation.framework in Frameworks */ = {isa = PBXBuildFile; fileRef = 3F5EDD0012564C9F00FF2D80 /* Foundation.framework */; };
		3F5EDD0512564CA300FF2D80 /* libicucore.dylib in Frameworks */ = {isa = PBXBuildFile; fileRef = 3F5EDD0412564CA300FF2D80 /* libicucore.dylib */; };
		3F5EDD2512564DB400FF2D80 /* Foundation.framework in Frameworks */ = {isa = PBXBuildFile; fileRef = 3F5EDD2412564DB400FF2D80 /* Foundation.framework */; };
		3F5EDD2912564DBD00FF2D80 /* libicucore.dylib in Frameworks */ = {isa = PBXBuildFile; fileRef = 3F5EDD2812564DBD00FF2D80 /* libicucore.dylib */; };
		3F5EDD3712564E1200FF2D80 /* JONTUBusStop.h in Headers */ = {isa = PBXBuildFile; fileRef = 3F5EDCEC12564C6A00FF2D80 /* JONTUBusStop.h */; settings = {ATTRIBUTES = (Public, ); }; };
		3F5EDD3812564E1200FF2D80 /* JONTUClass.h in Headers */ = {isa = PBXBuildFile; fileRef = 3F5EDCEF12564C6A00FF2D80 /* JONTUClass.h */; settings = {ATTRIBUTES = (Public, ); }; };
		3F5EDD3912564E1200FF2D80 /* JONTUCourse.h in Headers */ = {isa = PBXBuildFile; fileRef = 3F5EDCF112564C6A00FF2D80 /* JONTUCourse.h */; settings = {ATTRIBUTES = (Public, ); }; };
		3F5EDD3A12564E1200FF2D80 /* JONTUAuth.h in Headers */ = {isa = PBXBuildFile; fileRef = 3F5EDCE312564C6A00FF2D80 /* JONTUAuth.h */; settings = {ATTRIBUTES = (Public, ); }; };
		3F5EDD3B12564E1200FF2D80 /* JONTUBus.h in Headers */ = {isa = PBXBuildFile; fileRef = 3F5EDCE612564C6A00FF2D80 /* JONTUBus.h */; settings = {ATTRIBUTES = (Public, ); }; };
		3F5EDD3C12564E1200FF2D80 /* RegexKitLite.h in Headers */ = {isa = PBXBuildFile; fileRef = 3F5EDCDF12564C6A00FF2D80 /* RegexKitLite.h */; settings = {ATTRIBUTES = (Private, ); }; };
		3F5EDD3D12564E1200FF2D80 /* JONTUSemester.h in Headers */ = {isa = PBXBuildFile; fileRef = 3F5EDCF312564C6A00FF2D80 /* JONTUSemester.h */; settings = {ATTRIBUTES = (Public, ); }; };
		3F5EDD3E12564E1200FF2D80 /* NSString+htmlentitiesaddition.h in Headers */ = {isa = PBXBuildFile; fileRef = 3F5EDCDC12564C6A00FF2D80 /* NSString+htmlentitiesaddition.h */; settings = {ATTRIBUTES = (Public, ); }; };
		3F5EDD3F12564E1200FF2D80 /* JONTUSemesterDates.h in Headers */ = {isa = PBXBuildFile; fileRef = 3F5EDCF512564C6B00FF2D80 /* JONTUSemesterDates.h */; settings = {ATTRIBUTES = (Public, ); }; };
		3F5EDD4012564E1200FF2D80 /* JONTUBusEngine.h in Headers */ = {isa = PBXBuildFile; fileRef = 3F5EDCE812564C6A00FF2D80 /* JONTUBusEngine.h */; settings = {ATTRIBUTES = (Public, ); }; };
		3F5EDD4112564E1200FF2D80 /* JONTUBusRoute.h in Headers */ = {isa = PBXBuildFile; fileRef = 3F5EDCEA12564C6A00FF2D80 /* JONTUBusRoute.h */; settings = {ATTRIBUTES = (Public, ); }; };
		3F5EDD4212564E1200FF2D80 /* SynthesizeSingleton.h in Headers */ = {isa = PBXBuildFile; fileRef = 3F5EDCE112564C6A00FF2D80 /* SynthesizeSingleton.h */; settings = {ATTRIBUTES = (Private, ); }; };
		3F5EDD4312564E1F00FF2D80 /* JONTUBusStop.h in Headers */ = {isa = PBXBuildFile; fileRef = 3F5EDCEC12564C6A00FF2D80 /* JONTUBusStop.h */; settings = {ATTRIBUTES = (Public, ); }; };
		3F5EDD4412564E1F00FF2D80 /* JONTUClass.h in Headers */ = {isa = PBXBuildFile; fileRef = 3F5EDCEF12564C6A00FF2D80 /* JONTUClass.h */; settings = {ATTRIBUTES = (Public, ); }; };
		3F5EDD4512564E1F00FF2D80 /* JONTUCourse.h in Headers */ = {isa = PBXBuildFile; fileRef = 3F5EDCF112564C6A00FF2D80 /* JONTUCourse.h */; settings = {ATTRIBUTES = (Public, ); }; };
		3F5EDD4612564E1F00FF2D80 /* JONTUAuth.h in Headers */ = {isa = PBXBuildFile; fileRef = 3F5EDCE312564C6A00FF2D80 /* JONTUAuth.h */; settings = {ATTRIBUTES = (Public, ); }; };
		3F5EDD4712564E1F00FF2D80 /* JONTUBus.h in Headers */ = {isa = PBXBuildFile; fileRef = 3F5EDCE612564C6A00FF2D80 /* JONTUBus.h */; settings = {ATTRIBUTES = (Public, ); }; };
		3F5EDD4812564E1F00FF2D80 /* RegexKitLite.h in Headers */ = {isa = PBXBuildFile; fileRef = 3F5EDCDF12564C6A00FF2D80 /* RegexKitLite.h */; settings = {ATTRIBUTES = (Private, ); }; };
		3F5EDD4912564E1F00FF2D80 /* JONTUSemester.h in Headers */ = {isa = PBXBuildFile; fileRef = 3F5EDCF312564C6A00FF2D80 /* JONTUSemester.h */; settings = {ATTRIBUTES = (Public, ); }; };
		3F5EDD4A12564E1F00FF2D80 /* NSString+htmlentitiesaddition.h in Headers */ = {isa = PBXBuildFile; fileRef = 3F5EDCDC12564C6A00FF2D80 /* NSString+htmlentitiesaddition.h */; settings = {ATTRIBUTES = (Public, ); }; };
		3F5EDD4B12564E1F00FF2D80 /* JONTUSemesterDates.h in Headers */ = {isa = PBXBuildFile; fileRef = 3F5EDCF512564C6B00FF2D80 /* JONTUSemesterDates.h */; settings = {ATTRIBUTES = (Public, ); }; };
		3F5EDD4C12564E1F00FF2D80 /* JONTUBusEngine.h in Headers */ = {isa = PBXBuildFile; fileRef = 3F5EDCE812564C6A00FF2D80 /* JONTUBusEngine.h */; settings = {ATTRIBUTES = (Public, ); }; };
		3F5EDD4D12564E1F00FF2D80 /* JONTUBusRoute.h in Headers */ = {isa = PBXBuildFile; fileRef = 3F5EDCEA12564C6A00FF2D80 /* JONTUBusRoute.h */; settings = {ATTRIBUTES = (Public, ); }; };
		3F5EDD4E12564E1F00FF2D80 /* SynthesizeSingleton.h in Headers */ = {isa = PBXBuildFile; fileRef = 3F5EDCE112564C6A00FF2D80 /* SynthesizeSingleton.h */; settings = {ATTRIBUTES = (Private, ); }; };
		3F5EDD4F12564E2C00FF2D80 /* JONTUSemester.m in Sources */ = {isa = PBXBuildFile; fileRef = 3F5EDCF412564C6B00FF2D80 /* JONTUSemester.m */; };
		3F5EDD5012564E2C00FF2D80 /* JONTUBusRoute.m in Sources */ = {isa = PBXBuildFile; fileRef = 3F5EDCEB12564C6A00FF2D80 /* JONTUBusRoute.m */; };
		3F5EDD5112564E2C00FF2D80 /* JONTUBusEngine.m in Sources */ = {isa = PBXBuildFile; fileRef = 3F5EDCE912564C6A00FF2D80 /* JONTUBusEngine.m */; };
		3F5EDD5212564E2C00FF2D80 /* JONTUAuth.m in Sources */ = {isa = PBXBuildFile; fileRef = 3F5EDCE412564C6A00FF2D80 /* JONTUAuth.m */; };
		3F5EDD5312564E2C00FF2D80 /* JONTUSemesterDates.m in Sources */ = {isa = PBXBuildFile; fileRef = 3F5EDCF612564C6B00FF2D80 /* JONTUSemesterDates.m */; };
		3F5EDD5412564E2C00FF2D80 /* JONTUCourse.m in Sources */ = {isa = PBXBuildFile; fileRef = 3F5EDCF212564C6A00FF2D80 /* JONTUCourse.m */; };
		3F5EDD5512564E2C00FF2D80 /* JONTUBus.m in Sources */ = {isa = PBXBuildFile; fileRef = 3F5EDCE712564C6A00FF2D80 /* JONTUBus.m */; };
		3F5EDD5612564E2C00FF2D80 /* JONTUBusStop.m in Sources */ = {isa = PBXBuildFile; fileRef = 3F5EDCED12564C6A00FF2D80 /* JONTUBusStop.m */; };
		3F5EDD5712564E2C00FF2D80 /* RegexKitLite.m in Sources */ = {isa = PBXBuildFile; fileRef = 3F5EDCE012564C6A00FF2D80 /* RegexKitLite.m */; };
		3F5EDD5812564E2C00FF2D80 /* JONTUClass.m in Sources */ = {isa = PBXBuildFile; fileRef = 3F5EDCF012564C6A00FF2D80 /* JONTUClass.m */; };
		3F5EDD5912564E2C00FF2D80 /* NSString+htmlentitiesaddition.m in Sources */ = {isa = PBXBuildFile; fileRef = 3F5EDCDD12564C6A00FF2D80 /* NSString+htmlentitiesaddition.m */; };
		3F5EDD5A12564E3500FF2D80 /* JONTUSemester.m in Sources */ = {isa = PBXBuildFile; fileRef = 3F5EDCF412564C6B00FF2D80 /* JONTUSemester.m */; };
		3F5EDD5B12564E3500FF2D80 /* JONTUBusRoute.m in Sources */ = {isa = PBXBuildFile; fileRef = 3F5EDCEB12564C6A00FF2D80 /* JONTUBusRoute.m */; };
		3F5EDD5C12564E3500FF2D80 /* JONTUBusEngine.m in Sources */ = {isa = PBXBuildFile; fileRef = 3F5EDCE912564C6A00FF2D80 /* JONTUBusEngine.m */; };
		3F5EDD5D12564E3500FF2D80 /* JONTUAuth.m in Sources */ = {isa = PBXBuildFile; fileRef = 3F5EDCE412564C6A00FF2D80 /* JONTUAuth.m */; };
		3F5EDD5E12564E3500FF2D80 /* JONTUSemesterDates.m in Sources */ = {isa = PBXBuildFile; fileRef = 3F5EDCF612564C6B00FF2D80 /* JONTUSemesterDates.m */; };
		3F5EDD5F12564E3500FF2D80 /* JONTUCourse.m in Sources */ = {isa = PBXBuildFile; fileRef = 3F5EDCF212564C6A00FF2D80 /* JONTUCourse.m */; };
		3F5EDD6012564E3500FF2D80 /* JONTUBus.m in Sources */ = {isa = PBXBuildFile; fileRef = 3F5EDCE712564C6A00FF2D80 /* JONTUBus.m */; };
		3F5EDD6112564E3500FF2D80 /* JONTUBusStop.m in Sources */ = {isa = PBXBuildFile; fileRef = 3F5EDCED12564C6A00FF2D80 /* JONTUBusStop.m */; };
		3F5EDD6212564E3500FF2D80 /* RegexKitLite.m in Sources */ = {isa = PBXBuildFile; fileRef = 3F5EDCE012564C6A00FF2D80 /* RegexKitLite.m */; };
		3F5EDD6312564E3500FF2D80 /* JONTUClass.m in Sources */ = {isa = PBXBuildFile; fileRef = 3F5EDCF012564C6A00FF2D80 /* JONTUClass.m */; };
		3F5EDD6412564E3500FF2D80 /* NSString+htmlentitiesaddition.m in Sources */ = {isa = PBXBuildFile; fileRef = 3F5EDCDD12564C6A00FF2D80 /* NSString+htmlentitiesaddition.m */; };
		3F7D66FC1264C5E8008059BA /* JONTUAculearnV7.h in Headers */ = {isa = PBXBuildFile; fileRef = 3F7D66FA1264C5E8008059BA /* JONTUAculearnV7.h */; settings = {ATTRIBUTES = (Public, ); }; };
		3F7D66FD1264C5E8008059BA /* JONTUAculearnV7.m in Sources */ = {isa = PBXBuildFile; fileRef = 3F7D66FB1264C5E8008059BA /* JONTUAculearnV7.m */; };
		3F7D66FE1264C5E8008059BA /* JONTUAculearnV7.h in Headers */ = {isa = PBXBuildFile; fileRef = 3F7D66FA1264C5E8008059BA /* JONTUAculearnV7.h */; settings = {ATTRIBUTES = (Public, ); }; };
		3F7D66FF1264C5E8008059BA /* JONTUAculearnV7.m in Sources */ = {isa = PBXBuildFile; fileRef = 3F7D66FB1264C5E8008059BA /* JONTUAculearnV7.m */; };
		3F7D67051264C5FB008059BA /* JONTUAculearnV4.h in Headers */ = {isa = PBXBuildFile; fileRef = 3F7D67031264C5FB008059BA /* JONTUAculearnV4.h */; settings = {ATTRIBUTES = (Public, ); }; };
		3F7D67061264C5FB008059BA /* JONTUAculearnV4.m in Sources */ = {isa = PBXBuildFile; fileRef = 3F7D67041264C5FB008059BA /* JONTUAculearnV4.m */; };
		3F7D67071264C5FB008059BA /* JONTUAculearnV4.h in Headers */ = {isa = PBXBuildFile; fileRef = 3F7D67031264C5FB008059BA /* JONTUAculearnV4.h */; settings = {ATTRIBUTES = (Public, ); }; };
		3F7D67081264C5FB008059BA /* JONTUAculearnV4.m in Sources */ = {isa = PBXBuildFile; fileRef = 3F7D67041264C5FB008059BA /* JONTUAculearnV4.m */; };
		3F88B6B3125E033400714C6B /* CoreLocation.framework in Frameworks */ = {isa = PBXBuildFile; fileRef = 3F88B6B2125E033400714C6B /* CoreLocation.framework */; };
		3F88B6B7125E034100714C6B /* CoreLocation.framework in Frameworks */ = {isa = PBXBuildFile; fileRef = 3F88B6B6125E034100714C6B /* CoreLocation.framework */; };
		3FC5E2341272ABD8004B991C /* JSON.h in Headers */ = {isa = PBXBuildFile; fileRef = 3FC5E2261272ABD8004B991C /* JSON.h */; settings = {ATTRIBUTES = (Private, ); }; };
		3FC5E2351272ABD8004B991C /* NSObject+SBJSON.h in Headers */ = {isa = PBXBuildFile; fileRef = 3FC5E2271272ABD8004B991C /* NSObject+SBJSON.h */; settings = {ATTRIBUTES = (Private, ); }; };
		3FC5E2361272ABD8004B991C /* NSObject+SBJSON.m in Sources */ = {isa = PBXBuildFile; fileRef = 3FC5E2281272ABD8004B991C /* NSObject+SBJSON.m */; };
		3FC5E2371272ABD8004B991C /* NSString+SBJSON.h in Headers */ = {isa = PBXBuildFile; fileRef = 3FC5E2291272ABD8004B991C /* NSString+SBJSON.h */; settings = {ATTRIBUTES = (Private, ); }; };
		3FC5E2381272ABD8004B991C /* NSString+SBJSON.m in Sources */ = {isa = PBXBuildFile; fileRef = 3FC5E22A1272ABD8004B991C /* NSString+SBJSON.m */; };
		3FC5E2391272ABD8004B991C /* SBJsonBase.h in Headers */ = {isa = PBXBuildFile; fileRef = 3FC5E22B1272ABD8004B991C /* SBJsonBase.h */; settings = {ATTRIBUTES = (Private, ); }; };
		3FC5E23A1272ABD8004B991C /* SBJsonBase.m in Sources */ = {isa = PBXBuildFile; fileRef = 3FC5E22C1272ABD8004B991C /* SBJsonBase.m */; };
		3FC5E23B1272ABD8004B991C /* SBJsonParser.h in Headers */ = {isa = PBXBuildFile; fileRef = 3FC5E22D1272ABD8004B991C /* SBJsonParser.h */; settings = {ATTRIBUTES = (Private, ); }; };
		3FC5E23C1272ABD8004B991C /* SBJsonParser.m in Sources */ = {isa = PBXBuildFile; fileRef = 3FC5E22E1272ABD8004B991C /* SBJsonParser.m */; };
		3FC5E23D1272ABD8004B991C /* SBJsonStreamWriter.h in Headers */ = {isa = PBXBuildFile; fileRef = 3FC5E22F1272ABD8004B991C /* SBJsonStreamWriter.h */; settings = {ATTRIBUTES = (Private, ); }; };
		3FC5E23E1272ABD8004B991C /* SBJsonStreamWriter.m in Sources */ = {isa = PBXBuildFile; fileRef = 3FC5E2301272ABD8004B991C /* SBJsonStreamWriter.m */; };
		3FC5E23F1272ABD8004B991C /* SBJsonWriter.h in Headers */ = {isa = PBXBuildFile; fileRef = 3FC5E2311272ABD8004B991C /* SBJsonWriter.h */; settings = {ATTRIBUTES = (Private, ); }; };
		3FC5E2401272ABD8004B991C /* SBJsonWriter.m in Sources */ = {isa = PBXBuildFile; fileRef = 3FC5E2321272ABD8004B991C /* SBJsonWriter.m */; };
		3FC5E2411272ABD8004B991C /* SBProxyForJson.h in Headers */ = {isa = PBXBuildFile; fileRef = 3FC5E2331272ABD8004B991C /* SBProxyForJson.h */; settings = {ATTRIBUTES = (Private, ); }; };
		3FC5E2501272ABD8004B991C /* JSON.h in Headers */ = {isa = PBXBuildFile; fileRef = 3FC5E2261272ABD8004B991C /* JSON.h */; settings = {ATTRIBUTES = (Private, ); }; };
		3FC5E2511272ABD8004B991C /* NSObject+SBJSON.h in Headers */ = {isa = PBXBuildFile; fileRef = 3FC5E2271272ABD8004B991C /* NSObject+SBJSON.h */; settings = {ATTRIBUTES = (Private, ); }; };
		3FC5E2521272ABD8004B991C /* NSObject+SBJSON.m in Sources */ = {isa = PBXBuildFile; fileRef = 3FC5E2281272ABD8004B991C /* NSObject+SBJSON.m */; };
		3FC5E2531272ABD8004B991C /* NSString+SBJSON.h in Headers */ = {isa = PBXBuildFile; fileRef = 3FC5E2291272ABD8004B991C /* NSString+SBJSON.h */; settings = {ATTRIBUTES = (Private, ); }; };
		3FC5E2541272ABD8004B991C /* NSString+SBJSON.m in Sources */ = {isa = PBXBuildFile; fileRef = 3FC5E22A1272ABD8004B991C /* NSString+SBJSON.m */; };
		3FC5E2551272ABD8004B991C /* SBJsonBase.h in Headers */ = {isa = PBXBuildFile; fileRef = 3FC5E22B1272ABD8004B991C /* SBJsonBase.h */; settings = {ATTRIBUTES = (Private, ); }; };
		3FC5E2561272ABD8004B991C /* SBJsonBase.m in Sources */ = {isa = PBXBuildFile; fileRef = 3FC5E22C1272ABD8004B991C /* SBJsonBase.m */; };
		3FC5E2571272ABD8004B991C /* SBJsonParser.h in Headers */ = {isa = PBXBuildFile; fileRef = 3FC5E22D1272ABD8004B991C /* SBJsonParser.h */; settings = {ATTRIBUTES = (Private, ); }; };
		3FC5E2581272ABD8004B991C /* SBJsonParser.m in Sources */ = {isa = PBXBuildFile; fileRef = 3FC5E22E1272ABD8004B991C /* SBJsonParser.m */; };
		3FC5E2591272ABD8004B991C /* SBJsonStreamWriter.h in Headers */ = {isa = PBXBuildFile; fileRef = 3FC5E22F1272ABD8004B991C /* SBJsonStreamWriter.h */; settings = {ATTRIBUTES = (Private, ); }; };
		3FC5E25A1272ABD8004B991C /* SBJsonStreamWriter.m in Sources */ = {isa = PBXBuildFile; fileRef = 3FC5E2301272ABD8004B991C /* SBJsonStreamWriter.m */; };
		3FC5E25B1272ABD8004B991C /* SBJsonWriter.h in Headers */ = {isa = PBXBuildFile; fileRef = 3FC5E2311272ABD8004B991C /* SBJsonWriter.h */; settings = {ATTRIBUTES = (Private, ); }; };
		3FC5E25C1272ABD8004B991C /* SBJsonWriter.m in Sources */ = {isa = PBXBuildFile; fileRef = 3FC5E2321272ABD8004B991C /* SBJsonWriter.m */; };
		3FC5E25D1272ABD8004B991C /* SBProxyForJson.h in Headers */ = {isa = PBXBuildFile; fileRef = 3FC5E2331272ABD8004B991C /* SBProxyForJson.h */; settings = {ATTRIBUTES = (Private, ); }; };
		3FC7CE6F12719E2A00CE1EFA /* JOUTM.h in Headers */ = {isa = PBXBuildFile; fileRef = 3FC7CE6D12719E2A00CE1EFA /* JOUTM.h */; settings = {ATTRIBUTES = (Public, ); }; };
		3FC7CE7012719E2A00CE1EFA /* JOUTM.m in Sources */ = {isa = PBXBuildFile; fileRef = 3FC7CE6E12719E2A00CE1EFA /* JOUTM.m */; };
		3FC7CE7312719E2A00CE1EFA /* JOUTM.h in Headers */ = {isa = PBXBuildFile; fileRef = 3FC7CE6D12719E2A00CE1EFA /* JOUTM.h */; settings = {ATTRIBUTES = (Public, ); }; };
		3FC7CE7412719E2A00CE1EFA /* JOUTM.m in Sources */ = {isa = PBXBuildFile; fileRef = 3FC7CE6E12719E2A00CE1EFA /* JOUTM.m */; };
		3FC99D06128ADD0A009E2B06 /* libxml2.dylib in Frameworks */ = {isa = PBXBuildFile; fileRef = 3FC99D05128ADD0A009E2B06 /* libxml2.dylib */; };
		3FC99D08128ADD26009E2B06 /* libxml2.dylib in Frameworks */ = {isa = PBXBuildFile; fileRef = 3FC99D07128ADD26009E2B06 /* libxml2.dylib */; };
		3FC99E66128AEAC0009E2B06 /* TFHpple.h in Headers */ = {isa = PBXBuildFile; fileRef = 3FC99E60128AEAC0009E2B06 /* TFHpple.h */; settings = {ATTRIBUTES = (Private, ); }; };
		3FC99E67128AEAC0009E2B06 /* TFHpple.m in Sources */ = {isa = PBXBuildFile; fileRef = 3FC99E61128AEAC0009E2B06 /* TFHpple.m */; };
		3FC99E68128AEAC0009E2B06 /* TFHppleElement.h in Headers */ = {isa = PBXBuildFile; fileRef = 3FC99E62128AEAC0009E2B06 /* TFHppleElement.h */; settings = {ATTRIBUTES = (Private, ); }; };
		3FC99E69128AEAC0009E2B06 /* TFHppleElement.m in Sources */ = {isa = PBXBuildFile; fileRef = 3FC99E63128AEAC0009E2B06 /* TFHppleElement.m */; };
		3FC99E6A128AEAC0009E2B06 /* XPathQuery.h in Headers */ = {isa = PBXBuildFile; fileRef = 3FC99E64128AEAC0009E2B06 /* XPathQuery.h */; settings = {ATTRIBUTES = (Private, ); }; };
		3FC99E6B128AEAC0009E2B06 /* XPathQuery.m in Sources */ = {isa = PBXBuildFile; fileRef = 3FC99E65128AEAC0009E2B06 /* XPathQuery.m */; };
		3FC99E72128AEAC0009E2B06 /* TFHpple.h in Headers */ = {isa = PBXBuildFile; fileRef = 3FC99E60128AEAC0009E2B06 /* TFHpple.h */; settings = {ATTRIBUTES = (Private, ); }; };
		3FC99E73128AEAC0009E2B06 /* TFHpple.m in Sources */ = {isa = PBXBuildFile; fileRef = 3FC99E61128AEAC0009E2B06 /* TFHpple.m */; };
		3FC99E74128AEAC0009E2B06 /* TFHppleElement.h in Headers */ = {isa = PBXBuildFile; fileRef = 3FC99E62128AEAC0009E2B06 /* TFHppleElement.h */; settings = {ATTRIBUTES = (Private, ); }; };
		3FC99E75128AEAC0009E2B06 /* TFHppleElement.m in Sources */ = {isa = PBXBuildFile; fileRef = 3FC99E63128AEAC0009E2B06 /* TFHppleElement.m */; };
		3FC99E76128AEAC0009E2B06 /* XPathQuery.h in Headers */ = {isa = PBXBuildFile; fileRef = 3FC99E64128AEAC0009E2B06 /* XPathQuery.h */; settings = {ATTRIBUTES = (Private, ); }; };
		3FC99E77128AEAC0009E2B06 /* XPathQuery.m in Sources */ = {isa = PBXBuildFile; fileRef = 3FC99E65128AEAC0009E2B06 /* XPathQuery.m */; };
		3FE74C4D131620C900673DBD /* Security.framework in Frameworks */ = {isa = PBXBuildFile; fileRef = 3FE74C4C131620C900673DBD /* Security.framework */; };
		3FE74C4F131620D300673DBD /* Security.framework in Frameworks */ = {isa = PBXBuildFile; fileRef = 3FE74C4E131620D300673DBD /* Security.framework */; };
/* End PBXBuildFile section */

/* Begin PBXFileReference section */
		3F25B6C9125B17E3005CEBF4 /* NSDataAdditions.h */ = {isa = PBXFileReference; fileEncoding = 4; lastKnownFileType = sourcecode.c.h; path = NSDataAdditions.h; sourceTree = "<group>"; };
		3F25B6CA125B17E3005CEBF4 /* NSDataAdditions.m */ = {isa = PBXFileReference; fileEncoding = 4; lastKnownFileType = sourcecode.c.objc; path = NSDataAdditions.m; sourceTree = "<group>"; };
		3F33A87A1316009200F95F8E /* JORequestQueue.h */ = {isa = PBXFileReference; fileEncoding = 4; lastKnownFileType = sourcecode.c.h; path = JORequestQueue.h; sourceTree = "<group>"; };
		3F33A87B1316009200F95F8E /* JORequestQueue.m */ = {isa = PBXFileReference; fileEncoding = 4; lastKnownFileType = sourcecode.c.objc; path = JORequestQueue.m; sourceTree = "<group>"; };
		3F33A87C1316009200F95F8E /* JOURLRequest.h */ = {isa = PBXFileReference; fileEncoding = 4; lastKnownFileType = sourcecode.c.h; path = JOURLRequest.h; sourceTree = "<group>"; };
		3F33A87D1316009200F95F8E /* JOURLRequest.m */ = {isa = PBXFileReference; fileEncoding = 4; lastKnownFileType = sourcecode.c.objc; path = JOURLRequest.m; sourceTree = "<group>"; };
		3F33A8C61316127100F95F8E /* Reachability.h */ = {isa = PBXFileReference; fileEncoding = 4; lastKnownFileType = sourcecode.c.h; path = Reachability.h; sourceTree = "<group>"; };
		3F33A8C71316127100F95F8E /* Reachability.m */ = {isa = PBXFileReference; fileEncoding = 4; lastKnownFileType = sourcecode.c.objc; path = Reachability.m; sourceTree = "<group>"; };
		3F5240C5126809B9009698EA /* JONTULocation.h */ = {isa = PBXFileReference; fileEncoding = 4; lastKnownFileType = sourcecode.c.h; path = JONTULocation.h; sourceTree = "<group>"; };
		3F5240C6126809B9009698EA /* JONTULocation.m */ = {isa = PBXFileReference; fileEncoding = 4; lastKnownFileType = sourcecode.c.objc; path = JONTULocation.m; sourceTree = "<group>"; };
		3F52415E1268243C009698EA /* JONTULocationDirections.h */ = {isa = PBXFileReference; fileEncoding = 4; lastKnownFileType = sourcecode.c.h; path = JONTULocationDirections.h; sourceTree = "<group>"; };
		3F52415F1268243C009698EA /* JONTULocationDirections.m */ = {isa = PBXFileReference; fileEncoding = 4; lastKnownFileType = sourcecode.c.objc; path = JONTULocationDirections.m; sourceTree = "<group>"; };
		3F5241661268244B009698EA /* JONTULocationRoute.h */ = {isa = PBXFileReference; fileEncoding = 4; lastKnownFileType = sourcecode.c.h; path = JONTULocationRoute.h; sourceTree = "<group>"; };
		3F5241671268244B009698EA /* JONTULocationRoute.m */ = {isa = PBXFileReference; fileEncoding = 4; lastKnownFileType = sourcecode.c.objc; path = JONTULocationRoute.m; sourceTree = "<group>"; };
		3F56FDF81346148800982DBE /* _JONTUClass.h */ = {isa = PBXFileReference; fileEncoding = 4; lastKnownFileType = sourcecode.c.h; path = _JONTUClass.h; sourceTree = "<group>"; };
		3F56FDF91346148800982DBE /* _JONTUClass.m */ = {isa = PBXFileReference; fileEncoding = 4; lastKnownFileType = sourcecode.c.objc; path = _JONTUClass.m; sourceTree = "<group>"; };
		3F56FDFA1346148800982DBE /* _JONTUCourse.h */ = {isa = PBXFileReference; fileEncoding = 4; lastKnownFileType = sourcecode.c.h; path = _JONTUCourse.h; sourceTree = "<group>"; };
		3F56FDFB1346148800982DBE /* _JONTUCourse.m */ = {isa = PBXFileReference; fileEncoding = 4; lastKnownFileType = sourcecode.c.objc; path = _JONTUCourse.m; sourceTree = "<group>"; };
		3F56FDFC1346148800982DBE /* _JONTUCourseDetails.h */ = {isa = PBXFileReference; fileEncoding = 4; lastKnownFileType = sourcecode.c.h; path = _JONTUCourseDetails.h; sourceTree = "<group>"; };
		3F56FDFD1346148800982DBE /* _JONTUCourseDetails.m */ = {isa = PBXFileReference; fileEncoding = 4; lastKnownFileType = sourcecode.c.objc; path = _JONTUCourseDetails.m; sourceTree = "<group>"; };
		3F56FDFE1346148800982DBE /* _JONTUSemester.h */ = {isa = PBXFileReference; fileEncoding = 4; lastKnownFileType = sourcecode.c.h; path = _JONTUSemester.h; sourceTree = "<group>"; };
		3F56FDFF1346148800982DBE /* _JONTUSemester.m */ = {isa = PBXFileReference; fileEncoding = 4; lastKnownFileType = sourcecode.c.objc; path = _JONTUSemester.m; sourceTree = "<group>"; };
		3F56FE001346148800982DBE /* _JONTUSemesterDates.h */ = {isa = PBXFileReference; fileEncoding = 4; lastKnownFileType = sourcecode.c.h; path = _JONTUSemesterDates.h; sourceTree = "<group>"; };
		3F56FE011346148800982DBE /* _JONTUSemesterDates.m */ = {isa = PBXFileReference; fileEncoding = 4; lastKnownFileType = sourcecode.c.objc; path = _JONTUSemesterDates.m; sourceTree = "<group>"; };
		3F56FE161346162B00982DBE /* JONTUCourseDetails.h */ = {isa = PBXFileReference; fileEncoding = 4; lastKnownFileType = sourcecode.c.h; name = JONTUCourseDetails.h; path = Classes/JONTUTimeTable/JONTUCourseDetails.h; sourceTree = SOURCE_ROOT; };
		3F56FE171346162B00982DBE /* JONTUCourseDetails.m */ = {isa = PBXFileReference; fileEncoding = 4; lastKnownFileType = sourcecode.c.objc; name = JONTUCourseDetails.m; path = Classes/JONTUTimeTable/JONTUCourseDetails.m; sourceTree = SOURCE_ROOT; };
		3F56FE1C1346166600982DBE /* CoreData.framework */ = {isa = PBXFileReference; lastKnownFileType = wrapper.framework; name = CoreData.framework; path = Platforms/iPhoneOS.platform/Developer/SDKs/iPhoneOS4.3.sdk/System/Library/Frameworks/CoreData.framework; sourceTree = DEVELOPER_DIR; };
		3F56FE1E1346166E00982DBE /* CoreData.framework */ = {isa = PBXFileReference; lastKnownFileType = wrapper.framework; name = CoreData.framework; path = SDKs/MacOSX10.6.sdk/System/Library/Frameworks/CoreData.framework; sourceTree = DEVELOPER_DIR; };
		3F573637128CE9B30063C313 /* JOIris.h */ = {isa = PBXFileReference; fileEncoding = 4; lastKnownFileType = sourcecode.c.h; path = JOIris.h; sourceTree = "<group>"; };
		3F573638128CE9B30063C313 /* JOIris.m */ = {isa = PBXFileReference; fileEncoding = 4; lastKnownFileType = sourcecode.c.objc; path = JOIris.m; sourceTree = "<group>"; };
		3F5BEA27125CEC9000DF5B2B /* JONTUVideoStreamingServer.h */ = {isa = PBXFileReference; fileEncoding = 4; lastKnownFileType = sourcecode.c.h; path = JONTUVideoStreamingServer.h; sourceTree = "<group>"; };
		3F5BEA28125CEC9000DF5B2B /* JONTUVideoStreamingServer.m */ = {isa = PBXFileReference; fileEncoding = 4; lastKnownFileType = sourcecode.c.objc; path = JONTUVideoStreamingServer.m; sourceTree = "<group>"; };
		3F5D885813460FE100B45134 /* JONTUTimeTable.xcdatamodel */ = {isa = PBXFileReference; lastKnownFileType = wrapper.xcdatamodel; path = JONTUTimeTable.xcdatamodel; sourceTree = "<group>"; };
		3F5EDCDC12564C6A00FF2D80 /* NSString+htmlentitiesaddition.h */ = {isa = PBXFileReference; fileEncoding = 4; lastKnownFileType = sourcecode.c.h; name = "NSString+htmlentitiesaddition.h"; path = "Classes/External/NSString+htmlentitiesaddition.h"; sourceTree = SOURCE_ROOT; };
		3F5EDCDD12564C6A00FF2D80 /* NSString+htmlentitiesaddition.m */ = {isa = PBXFileReference; fileEncoding = 4; lastKnownFileType = sourcecode.c.objc; name = "NSString+htmlentitiesaddition.m"; path = "Classes/External/NSString+htmlentitiesaddition.m"; sourceTree = SOURCE_ROOT; };
		3F5EDCDF12564C6A00FF2D80 /* RegexKitLite.h */ = {isa = PBXFileReference; fileEncoding = 4; lastKnownFileType = sourcecode.c.h; name = RegexKitLite.h; path = Classes/External/RegexKitLite/RegexKitLite.h; sourceTree = SOURCE_ROOT; };
		3F5EDCE012564C6A00FF2D80 /* RegexKitLite.m */ = {isa = PBXFileReference; fileEncoding = 4; lastKnownFileType = sourcecode.c.objc; name = RegexKitLite.m; path = Classes/External/RegexKitLite/RegexKitLite.m; sourceTree = SOURCE_ROOT; };
		3F5EDCE112564C6A00FF2D80 /* SynthesizeSingleton.h */ = {isa = PBXFileReference; fileEncoding = 4; lastKnownFileType = sourcecode.c.h; name = SynthesizeSingleton.h; path = Classes/External/SynthesizeSingleton.h; sourceTree = SOURCE_ROOT; };
		3F5EDCE312564C6A00FF2D80 /* JONTUAuth.h */ = {isa = PBXFileReference; fileEncoding = 4; lastKnownFileType = sourcecode.c.h; name = JONTUAuth.h; path = Classes/JONTUAuth/JONTUAuth.h; sourceTree = SOURCE_ROOT; };
		3F5EDCE412564C6A00FF2D80 /* JONTUAuth.m */ = {isa = PBXFileReference; fileEncoding = 4; lastKnownFileType = sourcecode.c.objc; name = JONTUAuth.m; path = Classes/JONTUAuth/JONTUAuth.m; sourceTree = SOURCE_ROOT; };
		3F5EDCE612564C6A00FF2D80 /* JONTUBus.h */ = {isa = PBXFileReference; fileEncoding = 4; lastKnownFileType = sourcecode.c.h; name = JONTUBus.h; path = Classes/JONTUBusCore/JONTUBus.h; sourceTree = SOURCE_ROOT; };
		3F5EDCE712564C6A00FF2D80 /* JONTUBus.m */ = {isa = PBXFileReference; fileEncoding = 4; lastKnownFileType = sourcecode.c.objc; name = JONTUBus.m; path = Classes/JONTUBusCore/JONTUBus.m; sourceTree = SOURCE_ROOT; };
		3F5EDCE812564C6A00FF2D80 /* JONTUBusEngine.h */ = {isa = PBXFileReference; fileEncoding = 4; lastKnownFileType = sourcecode.c.h; name = JONTUBusEngine.h; path = Classes/JONTUBusCore/JONTUBusEngine.h; sourceTree = SOURCE_ROOT; };
		3F5EDCE912564C6A00FF2D80 /* JONTUBusEngine.m */ = {isa = PBXFileReference; fileEncoding = 4; lastKnownFileType = sourcecode.c.objc; name = JONTUBusEngine.m; path = Classes/JONTUBusCore/JONTUBusEngine.m; sourceTree = SOURCE_ROOT; };
		3F5EDCEA12564C6A00FF2D80 /* JONTUBusRoute.h */ = {isa = PBXFileReference; fileEncoding = 4; lastKnownFileType = sourcecode.c.h; name = JONTUBusRoute.h; path = Classes/JONTUBusCore/JONTUBusRoute.h; sourceTree = SOURCE_ROOT; };
		3F5EDCEB12564C6A00FF2D80 /* JONTUBusRoute.m */ = {isa = PBXFileReference; fileEncoding = 4; lastKnownFileType = sourcecode.c.objc; name = JONTUBusRoute.m; path = Classes/JONTUBusCore/JONTUBusRoute.m; sourceTree = SOURCE_ROOT; };
		3F5EDCEC12564C6A00FF2D80 /* JONTUBusStop.h */ = {isa = PBXFileReference; fileEncoding = 4; lastKnownFileType = sourcecode.c.h; name = JONTUBusStop.h; path = Classes/JONTUBusCore/JONTUBusStop.h; sourceTree = SOURCE_ROOT; };
		3F5EDCED12564C6A00FF2D80 /* JONTUBusStop.m */ = {isa = PBXFileReference; fileEncoding = 4; lastKnownFileType = sourcecode.c.objc; name = JONTUBusStop.m; path = Classes/JONTUBusCore/JONTUBusStop.m; sourceTree = SOURCE_ROOT; };
		3F5EDCEF12564C6A00FF2D80 /* JONTUClass.h */ = {isa = PBXFileReference; fileEncoding = 4; lastKnownFileType = sourcecode.c.h; name = JONTUClass.h; path = Classes/JONTUTimeTable/JONTUClass.h; sourceTree = SOURCE_ROOT; };
		3F5EDCF012564C6A00FF2D80 /* JONTUClass.m */ = {isa = PBXFileReference; fileEncoding = 4; lastKnownFileType = sourcecode.c.objc; name = JONTUClass.m; path = Classes/JONTUTimeTable/JONTUClass.m; sourceTree = SOURCE_ROOT; };
		3F5EDCF112564C6A00FF2D80 /* JONTUCourse.h */ = {isa = PBXFileReference; fileEncoding = 4; lastKnownFileType = sourcecode.c.h; name = JONTUCourse.h; path = Classes/JONTUTimeTable/JONTUCourse.h; sourceTree = SOURCE_ROOT; };
		3F5EDCF212564C6A00FF2D80 /* JONTUCourse.m */ = {isa = PBXFileReference; fileEncoding = 4; lastKnownFileType = sourcecode.c.objc; name = JONTUCourse.m; path = Classes/JONTUTimeTable/JONTUCourse.m; sourceTree = SOURCE_ROOT; };
		3F5EDCF312564C6A00FF2D80 /* JONTUSemester.h */ = {isa = PBXFileReference; fileEncoding = 4; lastKnownFileType = sourcecode.c.h; name = JONTUSemester.h; path = Classes/JONTUTimeTable/JONTUSemester.h; sourceTree = SOURCE_ROOT; };
		3F5EDCF412564C6B00FF2D80 /* JONTUSemester.m */ = {isa = PBXFileReference; fileEncoding = 4; lastKnownFileType = sourcecode.c.objc; name = JONTUSemester.m; path = Classes/JONTUTimeTable/JONTUSemester.m; sourceTree = SOURCE_ROOT; };
		3F5EDCF512564C6B00FF2D80 /* JONTUSemesterDates.h */ = {isa = PBXFileReference; fileEncoding = 4; lastKnownFileType = sourcecode.c.h; name = JONTUSemesterDates.h; path = Classes/JONTUTimeTable/JONTUSemesterDates.h; sourceTree = SOURCE_ROOT; };
		3F5EDCF612564C6B00FF2D80 /* JONTUSemesterDates.m */ = {isa = PBXFileReference; fileEncoding = 4; lastKnownFileType = sourcecode.c.objc; name = JONTUSemesterDates.m; path = Classes/JONTUTimeTable/JONTUSemesterDates.m; sourceTree = SOURCE_ROOT; };
		3F5EDCFB12564C9100FF2D80 /* libEdventurous-Device.a */ = {isa = PBXFileReference; explicitFileType = archive.ar; includeInIndex = 0; path = "libEdventurous-Device.a"; sourceTree = BUILT_PRODUCTS_DIR; };
		3F5EDD0012564C9F00FF2D80 /* Foundation.framework */ = {isa = PBXFileReference; lastKnownFileType = wrapper.framework; name = Foundation.framework; path = /System/Library/Frameworks/Foundation.framework; sourceTree = "<absolute>"; };
		3F5EDD0412564CA300FF2D80 /* libicucore.dylib */ = {isa = PBXFileReference; lastKnownFileType = "compiled.mach-o.dylib"; name = libicucore.dylib; path = /usr/lib/libicucore.dylib; sourceTree = "<absolute>"; };
		3F5EDD0612564CB600FF2D80 /* Edventurous.pch */ = {isa = PBXFileReference; fileEncoding = 4; lastKnownFileType = sourcecode.c.h; path = Edventurous.pch; sourceTree = "<group>"; };
		3F5EDD1812564D7600FF2D80 /* libEdventurous-OSX.a */ = {isa = PBXFileReference; explicitFileType = archive.ar; includeInIndex = 0; path = "libEdventurous-OSX.a"; sourceTree = BUILT_PRODUCTS_DIR; };
		3F5EDD2412564DB400FF2D80 /* Foundation.framework */ = {isa = PBXFileReference; lastKnownFileType = wrapper.framework; name = Foundation.framework; path = System/Library/Frameworks/Foundation.framework; sourceTree = SDKROOT; };
		3F5EDD2812564DBD00FF2D80 /* libicucore.dylib */ = {isa = PBXFileReference; lastKnownFileType = "compiled.mach-o.dylib"; name = libicucore.dylib; path = usr/lib/libicucore.dylib; sourceTree = SDKROOT; };
		3F5EDDB21256505100FF2D80 /* Foundation.framework */ = {isa = PBXFileReference; lastKnownFileType = wrapper.framework; name = Foundation.framework; path = System/Library/Frameworks/Foundation.framework; sourceTree = SDKROOT; };
		3F5EDDB41256505B00FF2D80 /* libicucore.dylib */ = {isa = PBXFileReference; lastKnownFileType = "compiled.mach-o.dylib"; name = libicucore.dylib; path = usr/lib/libicucore.dylib; sourceTree = SDKROOT; };
		3F7D66FA1264C5E8008059BA /* JONTUAculearnV7.h */ = {isa = PBXFileReference; fileEncoding = 4; lastKnownFileType = sourcecode.c.h; path = JONTUAculearnV7.h; sourceTree = "<group>"; };
		3F7D66FB1264C5E8008059BA /* JONTUAculearnV7.m */ = {isa = PBXFileReference; fileEncoding = 4; lastKnownFileType = sourcecode.c.objc; path = JONTUAculearnV7.m; sourceTree = "<group>"; };
		3F7D67031264C5FB008059BA /* JONTUAculearnV4.h */ = {isa = PBXFileReference; fileEncoding = 4; lastKnownFileType = sourcecode.c.h; path = JONTUAculearnV4.h; sourceTree = "<group>"; };
		3F7D67041264C5FB008059BA /* JONTUAculearnV4.m */ = {isa = PBXFileReference; fileEncoding = 4; lastKnownFileType = sourcecode.c.objc; path = JONTUAculearnV4.m; sourceTree = "<group>"; };
		3F88B6B2125E033400714C6B /* CoreLocation.framework */ = {isa = PBXFileReference; lastKnownFileType = wrapper.framework; name = CoreLocation.framework; path = System/Library/Frameworks/CoreLocation.framework; sourceTree = SDKROOT; };
		3F88B6B6125E034100714C6B /* CoreLocation.framework */ = {isa = PBXFileReference; lastKnownFileType = wrapper.framework; name = CoreLocation.framework; path = System/Library/Frameworks/CoreLocation.framework; sourceTree = SDKROOT; };
		3F88B6B8125E034D00714C6B /* CoreLocation.framework */ = {isa = PBXFileReference; lastKnownFileType = wrapper.framework; name = CoreLocation.framework; path = System/Library/Frameworks/CoreLocation.framework; sourceTree = SDKROOT; };
		3FAFD1B8125A3D7F0089E5C1 /* JONTUVideoLecture.h */ = {isa = PBXFileReference; fileEncoding = 4; lastKnownFileType = sourcecode.c.h; path = JONTUVideoLecture.h; sourceTree = "<group>"; };
		3FAFD1B9125A3D7F0089E5C1 /* JONTUVideoLecture.m */ = {isa = PBXFileReference; fileEncoding = 4; lastKnownFileType = sourcecode.c.objc; path = JONTUVideoLecture.m; sourceTree = "<group>"; };
		3FC5E2261272ABD8004B991C /* JSON.h */ = {isa = PBXFileReference; fileEncoding = 4; lastKnownFileType = sourcecode.c.h; name = JSON.h; path = JSON/Classes/JSON.h; sourceTree = "<group>"; };
		3FC5E2271272ABD8004B991C /* NSObject+SBJSON.h */ = {isa = PBXFileReference; fileEncoding = 4; lastKnownFileType = sourcecode.c.h; name = "NSObject+SBJSON.h"; path = "JSON/Classes/NSObject+SBJSON.h"; sourceTree = "<group>"; };
		3FC5E2281272ABD8004B991C /* NSObject+SBJSON.m */ = {isa = PBXFileReference; fileEncoding = 4; lastKnownFileType = sourcecode.c.objc; name = "NSObject+SBJSON.m"; path = "JSON/Classes/NSObject+SBJSON.m"; sourceTree = "<group>"; };
		3FC5E2291272ABD8004B991C /* NSString+SBJSON.h */ = {isa = PBXFileReference; fileEncoding = 4; lastKnownFileType = sourcecode.c.h; name = "NSString+SBJSON.h"; path = "JSON/Classes/NSString+SBJSON.h"; sourceTree = "<group>"; };
		3FC5E22A1272ABD8004B991C /* NSString+SBJSON.m */ = {isa = PBXFileReference; fileEncoding = 4; lastKnownFileType = sourcecode.c.objc; name = "NSString+SBJSON.m"; path = "JSON/Classes/NSString+SBJSON.m"; sourceTree = "<group>"; };
		3FC5E22B1272ABD8004B991C /* SBJsonBase.h */ = {isa = PBXFileReference; fileEncoding = 4; lastKnownFileType = sourcecode.c.h; name = SBJsonBase.h; path = JSON/Classes/SBJsonBase.h; sourceTree = "<group>"; };
		3FC5E22C1272ABD8004B991C /* SBJsonBase.m */ = {isa = PBXFileReference; fileEncoding = 4; lastKnownFileType = sourcecode.c.objc; name = SBJsonBase.m; path = JSON/Classes/SBJsonBase.m; sourceTree = "<group>"; };
		3FC5E22D1272ABD8004B991C /* SBJsonParser.h */ = {isa = PBXFileReference; fileEncoding = 4; lastKnownFileType = sourcecode.c.h; name = SBJsonParser.h; path = JSON/Classes/SBJsonParser.h; sourceTree = "<group>"; };
		3FC5E22E1272ABD8004B991C /* SBJsonParser.m */ = {isa = PBXFileReference; fileEncoding = 4; lastKnownFileType = sourcecode.c.objc; name = SBJsonParser.m; path = JSON/Classes/SBJsonParser.m; sourceTree = "<group>"; };
		3FC5E22F1272ABD8004B991C /* SBJsonStreamWriter.h */ = {isa = PBXFileReference; fileEncoding = 4; lastKnownFileType = sourcecode.c.h; name = SBJsonStreamWriter.h; path = JSON/Classes/SBJsonStreamWriter.h; sourceTree = "<group>"; };
		3FC5E2301272ABD8004B991C /* SBJsonStreamWriter.m */ = {isa = PBXFileReference; fileEncoding = 4; lastKnownFileType = sourcecode.c.objc; name = SBJsonStreamWriter.m; path = JSON/Classes/SBJsonStreamWriter.m; sourceTree = "<group>"; };
		3FC5E2311272ABD8004B991C /* SBJsonWriter.h */ = {isa = PBXFileReference; fileEncoding = 4; lastKnownFileType = sourcecode.c.h; name = SBJsonWriter.h; path = JSON/Classes/SBJsonWriter.h; sourceTree = "<group>"; };
		3FC5E2321272ABD8004B991C /* SBJsonWriter.m */ = {isa = PBXFileReference; fileEncoding = 4; lastKnownFileType = sourcecode.c.objc; name = SBJsonWriter.m; path = JSON/Classes/SBJsonWriter.m; sourceTree = "<group>"; };
		3FC5E2331272ABD8004B991C /* SBProxyForJson.h */ = {isa = PBXFileReference; fileEncoding = 4; lastKnownFileType = sourcecode.c.h; name = SBProxyForJson.h; path = JSON/Classes/SBProxyForJson.h; sourceTree = "<group>"; };
		3FC7CE6D12719E2A00CE1EFA /* JOUTM.h */ = {isa = PBXFileReference; fileEncoding = 4; lastKnownFileType = sourcecode.c.h; path = JOUTM.h; sourceTree = "<group>"; };
		3FC7CE6E12719E2A00CE1EFA /* JOUTM.m */ = {isa = PBXFileReference; fileEncoding = 4; lastKnownFileType = sourcecode.c.objc; path = JOUTM.m; sourceTree = "<group>"; };
		3FC99D05128ADD0A009E2B06 /* libxml2.dylib */ = {isa = PBXFileReference; lastKnownFileType = "compiled.mach-o.dylib"; name = libxml2.dylib; path = /usr/lib/libxml2.dylib; sourceTree = "<absolute>"; };
		3FC99D07128ADD26009E2B06 /* libxml2.dylib */ = {isa = PBXFileReference; lastKnownFileType = "compiled.mach-o.dylib"; name = libxml2.dylib; path = usr/lib/libxml2.dylib; sourceTree = SDKROOT; };
		3FC99D09128ADD39009E2B06 /* libxml2.dylib */ = {isa = PBXFileReference; lastKnownFileType = "compiled.mach-o.dylib"; name = libxml2.dylib; path = usr/lib/libxml2.dylib; sourceTree = SDKROOT; };
		3FC99E60128AEAC0009E2B06 /* TFHpple.h */ = {isa = PBXFileReference; fileEncoding = 4; lastKnownFileType = sourcecode.c.h; name = TFHpple.h; path = Classes/External/hpple/TFHpple.h; sourceTree = SOURCE_ROOT; };
		3FC99E61128AEAC0009E2B06 /* TFHpple.m */ = {isa = PBXFileReference; fileEncoding = 4; lastKnownFileType = sourcecode.c.objc; name = TFHpple.m; path = Classes/External/hpple/TFHpple.m; sourceTree = SOURCE_ROOT; };
		3FC99E62128AEAC0009E2B06 /* TFHppleElement.h */ = {isa = PBXFileReference; fileEncoding = 4; lastKnownFileType = sourcecode.c.h; name = TFHppleElement.h; path = Classes/External/hpple/TFHppleElement.h; sourceTree = SOURCE_ROOT; };
		3FC99E63128AEAC0009E2B06 /* TFHppleElement.m */ = {isa = PBXFileReference; fileEncoding = 4; lastKnownFileType = sourcecode.c.objc; name = TFHppleElement.m; path = Classes/External/hpple/TFHppleElement.m; sourceTree = SOURCE_ROOT; };
		3FC99E64128AEAC0009E2B06 /* XPathQuery.h */ = {isa = PBXFileReference; fileEncoding = 4; lastKnownFileType = sourcecode.c.h; name = XPathQuery.h; path = Classes/External/hpple/XPathQuery.h; sourceTree = SOURCE_ROOT; };
		3FC99E65128AEAC0009E2B06 /* XPathQuery.m */ = {isa = PBXFileReference; fileEncoding = 4; lastKnownFileType = sourcecode.c.objc; name = XPathQuery.m; path = Classes/External/hpple/XPathQuery.m; sourceTree = SOURCE_ROOT; };
		3FE74C4C131620C900673DBD /* Security.framework */ = {isa = PBXFileReference; lastKnownFileType = wrapper.framework; name = Security.framework; path = Platforms/iPhoneOS.platform/Developer/SDKs/iPhoneOS4.2.sdk/System/Library/Frameworks/Security.framework; sourceTree = DEVELOPER_DIR; };
		3FE74C4E131620D300673DBD /* Security.framework */ = {isa = PBXFileReference; lastKnownFileType = wrapper.framework; name = Security.framework; path = SDKs/MacOSX10.6.sdk/System/Library/Frameworks/Security.framework; sourceTree = DEVELOPER_DIR; };
/* End PBXFileReference section */

/* Begin PBXFrameworksBuildPhase section */
		3F5EDCF912564C9100FF2D80 /* Frameworks */ = {
			isa = PBXFrameworksBuildPhase;
			buildActionMask = 2147483647;
			files = (
				3F56FE1D1346166600982DBE /* CoreData.framework in Frameworks */,
				3FE74C4D131620C900673DBD /* Security.framework in Frameworks */,
				3F5EDD0112564C9F00FF2D80 /* Foundation.framework in Frameworks */,
				3F5EDD0512564CA300FF2D80 /* libicucore.dylib in Frameworks */,
				3F88B6B3125E033400714C6B /* CoreLocation.framework in Frameworks */,
				3FC99D06128ADD0A009E2B06 /* libxml2.dylib in Frameworks */,
			);
			runOnlyForDeploymentPostprocessing = 0;
		};
		3F5EDD1612564D7600FF2D80 /* Frameworks */ = {
			isa = PBXFrameworksBuildPhase;
			buildActionMask = 2147483647;
			files = (
				3F56FE1F1346166E00982DBE /* CoreData.framework in Frameworks */,
				3FE74C4F131620D300673DBD /* Security.framework in Frameworks */,
				3F5EDD2512564DB400FF2D80 /* Foundation.framework in Frameworks */,
				3F5EDD2912564DBD00FF2D80 /* libicucore.dylib in Frameworks */,
				3F88B6B7125E034100714C6B /* CoreLocation.framework in Frameworks */,
				3FC99D08128ADD26009E2B06 /* libxml2.dylib in Frameworks */,
			);
			runOnlyForDeploymentPostprocessing = 0;
		};
/* End PBXFrameworksBuildPhase section */

/* Begin PBXGroup section */
		3F33A8781316000A00F95F8E /* Frameworks */ = {
			isa = PBXGroup;
			children = (
				3F56FE1E1346166E00982DBE /* CoreData.framework */,
				3F56FE1C1346166600982DBE /* CoreData.framework */,
				3FE74C4E131620D300673DBD /* Security.framework */,
				3FE74C4C131620C900673DBD /* Security.framework */,
				3F5EDD0012564C9F00FF2D80 /* Foundation.framework */,
				3F5EDD0412564CA300FF2D80 /* libicucore.dylib */,
				3F5EDD2412564DB400FF2D80 /* Foundation.framework */,
				3F5EDD2812564DBD00FF2D80 /* libicucore.dylib */,
				3F5EDDB21256505100FF2D80 /* Foundation.framework */,
				3F5EDDB41256505B00FF2D80 /* libicucore.dylib */,
				3F88B6B2125E033400714C6B /* CoreLocation.framework */,
				3F88B6B6125E034100714C6B /* CoreLocation.framework */,
				3F88B6B8125E034D00714C6B /* CoreLocation.framework */,
				3FC99D05128ADD0A009E2B06 /* libxml2.dylib */,
				3FC99D07128ADD26009E2B06 /* libxml2.dylib */,
				3FC99D09128ADD39009E2B06 /* libxml2.dylib */,
			);
			name = Frameworks;
			sourceTree = "<group>";
		};
		3F33A8791316002300F95F8E /* JONetwork */ = {
			isa = PBXGroup;
			children = (
				3F33A8C61316127100F95F8E /* Reachability.h */,
				3F33A8C71316127100F95F8E /* Reachability.m */,
				3F33A87A1316009200F95F8E /* JORequestQueue.h */,
				3F33A87B1316009200F95F8E /* JORequestQueue.m */,
				3F33A87C1316009200F95F8E /* JOURLRequest.h */,
				3F33A87D1316009200F95F8E /* JOURLRequest.m */,
			);
			path = JONetwork;
			sourceTree = "<group>";
		};
		3F4E9B49125B074400C6319F /* JONTULocation */ = {
			isa = PBXGroup;
			children = (
				3FC7CE6D12719E2A00CE1EFA /* JOUTM.h */,
				3FC7CE6E12719E2A00CE1EFA /* JOUTM.m */,
				3F5240C5126809B9009698EA /* JONTULocation.h */,
				3F5240C6126809B9009698EA /* JONTULocation.m */,
				3F52415E1268243C009698EA /* JONTULocationDirections.h */,
				3F52415F1268243C009698EA /* JONTULocationDirections.m */,
				3F5241661268244B009698EA /* JONTULocationRoute.h */,
				3F5241671268244B009698EA /* JONTULocationRoute.m */,
			);
			name = JONTULocation;
			path = Classes/JONTULocation;
			sourceTree = SOURCE_ROOT;
		};
		3F56FDF71346148800982DBE /* Machine */ = {
			isa = PBXGroup;
			children = (
				3F56FDF81346148800982DBE /* _JONTUClass.h */,
				3F56FDF91346148800982DBE /* _JONTUClass.m */,
				3F56FDFA1346148800982DBE /* _JONTUCourse.h */,
				3F56FDFB1346148800982DBE /* _JONTUCourse.m */,
				3F56FDFC1346148800982DBE /* _JONTUCourseDetails.h */,
				3F56FDFD1346148800982DBE /* _JONTUCourseDetails.m */,
				3F56FDFE1346148800982DBE /* _JONTUSemester.h */,
				3F56FDFF1346148800982DBE /* _JONTUSemester.m */,
				3F56FE001346148800982DBE /* _JONTUSemesterDates.h */,
				3F56FE011346148800982DBE /* _JONTUSemesterDates.m */,
			);
			path = Machine;
			sourceTree = "<group>";
		};
		3F5EDCCC12564B8D00FF2D80 = {
			isa = PBXGroup;
			children = (
				3F33A8781316000A00F95F8E /* Frameworks */,
				3F5EDD0612564CB600FF2D80 /* Edventurous.pch */,
				3F5EDCDA12564C6A00FF2D80 /* Classes */,
				3F5EDCFC12564C9100FF2D80 /* Products */,
			);
			sourceTree = "<group>";
		};
		3F5EDCDA12564C6A00FF2D80 /* Classes */ = {
			isa = PBXGroup;
			children = (
				3F33A8791316002300F95F8E /* JONetwork */,
				3FC99CF7128AD549009E2B06 /* JONTUStudent */,
				3F5EDCDB12564C6A00FF2D80 /* External */,
				3F4E9B49125B074400C6319F /* JONTULocation */,
				3FAFD1B2125A3CD30089E5C1 /* JONTUVideoLecture */,
				3F5EDCE212564C6A00FF2D80 /* JONTUAuth */,
				3F5EDCE512564C6A00FF2D80 /* JONTUBusCore */,
				3F5EDCEE12564C6A00FF2D80 /* JONTUTimeTable */,
			);
			path = Classes;
			sourceTree = SOURCE_ROOT;
		};
		3F5EDCDB12564C6A00FF2D80 /* External */ = {
			isa = PBXGroup;
			children = (
				3FC99E5B128AEAAF009E2B06 /* hpple */,
				3FC5E2241272ABCF004B991C /* JSON */,
				3F5EDCDE12564C6A00FF2D80 /* RegexKitLite */,
				3F25B6C9125B17E3005CEBF4 /* NSDataAdditions.h */,
				3F25B6CA125B17E3005CEBF4 /* NSDataAdditions.m */,
				3F5EDCDC12564C6A00FF2D80 /* NSString+htmlentitiesaddition.h */,
				3F5EDCDD12564C6A00FF2D80 /* NSString+htmlentitiesaddition.m */,
				3F5EDCE112564C6A00FF2D80 /* SynthesizeSingleton.h */,
			);
			name = External;
			path = Classes/External;
			sourceTree = SOURCE_ROOT;
		};
		3F5EDCDE12564C6A00FF2D80 /* RegexKitLite */ = {
			isa = PBXGroup;
			children = (
				3F5EDCDF12564C6A00FF2D80 /* RegexKitLite.h */,
				3F5EDCE012564C6A00FF2D80 /* RegexKitLite.m */,
			);
			name = RegexKitLite;
			path = Classes/External/RegexKitLite;
			sourceTree = SOURCE_ROOT;
		};
		3F5EDCE212564C6A00FF2D80 /* JONTUAuth */ = {
			isa = PBXGroup;
			children = (
				3F5EDCE312564C6A00FF2D80 /* JONTUAuth.h */,
				3F5EDCE412564C6A00FF2D80 /* JONTUAuth.m */,
			);
			name = JONTUAuth;
			path = Classes/JONTUAuth;
			sourceTree = SOURCE_ROOT;
		};
		3F5EDCE512564C6A00FF2D80 /* JONTUBusCore */ = {
			isa = PBXGroup;
			children = (
				3F5EDCE612564C6A00FF2D80 /* JONTUBus.h */,
				3F5EDCE712564C6A00FF2D80 /* JONTUBus.m */,
				3F5EDCE812564C6A00FF2D80 /* JONTUBusEngine.h */,
				3F5EDCE912564C6A00FF2D80 /* JONTUBusEngine.m */,
				3F5EDCEA12564C6A00FF2D80 /* JONTUBusRoute.h */,
				3F5EDCEB12564C6A00FF2D80 /* JONTUBusRoute.m */,
				3F5EDCEC12564C6A00FF2D80 /* JONTUBusStop.h */,
				3F5EDCED12564C6A00FF2D80 /* JONTUBusStop.m */,
				3F573637128CE9B30063C313 /* JOIris.h */,
				3F573638128CE9B30063C313 /* JOIris.m */,
			);
			name = JONTUBusCore;
			path = Classes/JONTUBusCore;
			sourceTree = SOURCE_ROOT;
		};
		3F5EDCEE12564C6A00FF2D80 /* JONTUTimeTable */ = {
			isa = PBXGroup;
			children = (
				3F56FDF71346148800982DBE /* Machine */,
				3F5EDCEF12564C6A00FF2D80 /* JONTUClass.h */,
				3F5EDCF012564C6A00FF2D80 /* JONTUClass.m */,
				3F5EDCF112564C6A00FF2D80 /* JONTUCourse.h */,
				3F5EDCF212564C6A00FF2D80 /* JONTUCourse.m */,
				3F56FE161346162B00982DBE /* JONTUCourseDetails.h */,
				3F56FE171346162B00982DBE /* JONTUCourseDetails.m */,
				3F5EDCF312564C6A00FF2D80 /* JONTUSemester.h */,
				3F5EDCF412564C6B00FF2D80 /* JONTUSemester.m */,
				3F5EDCF512564C6B00FF2D80 /* JONTUSemesterDates.h */,
				3F5EDCF612564C6B00FF2D80 /* JONTUSemesterDates.m */,
				3F5D885713460FE100B45134 /* JONTUTimeTable.xcdatamodeld */,
			);
			name = JONTUTimeTable;
			path = Classes/JONTUTimeTable;
			sourceTree = SOURCE_ROOT;
		};
		3F5EDCFC12564C9100FF2D80 /* Products */ = {
			isa = PBXGroup;
			children = (
				3F5EDCFB12564C9100FF2D80 /* libEdventurous-Device.a */,
				3F5EDD1812564D7600FF2D80 /* libEdventurous-OSX.a */,
			);
			name = Products;
			sourceTree = "<group>";
		};
		3F7D67021264C5EC008059BA /* AculeanTypes */ = {
			isa = PBXGroup;
			children = (
				3F7D66FA1264C5E8008059BA /* JONTUAculearnV7.h */,
				3F7D66FB1264C5E8008059BA /* JONTUAculearnV7.m */,
				3F7D67031264C5FB008059BA /* JONTUAculearnV4.h */,
				3F7D67041264C5FB008059BA /* JONTUAculearnV4.m */,
			);
			path = AculeanTypes;
			sourceTree = "<group>";
		};
		3FAFD1B2125A3CD30089E5C1 /* JONTUVideoLecture */ = {
			isa = PBXGroup;
			children = (
				3F7D67021264C5EC008059BA /* AculeanTypes */,
				3FAFD1B8125A3D7F0089E5C1 /* JONTUVideoLecture.h */,
				3FAFD1B9125A3D7F0089E5C1 /* JONTUVideoLecture.m */,
				3F5BEA27125CEC9000DF5B2B /* JONTUVideoStreamingServer.h */,
				3F5BEA28125CEC9000DF5B2B /* JONTUVideoStreamingServer.m */,
			);
			path = JONTUVideoLecture;
			sourceTree = "<group>";
		};
		3FC5E2241272ABCF004B991C /* JSON */ = {
			isa = PBXGroup;
			children = (
				3FC5E2261272ABD8004B991C /* JSON.h */,
				3FC5E2271272ABD8004B991C /* NSObject+SBJSON.h */,
				3FC5E2281272ABD8004B991C /* NSObject+SBJSON.m */,
				3FC5E2291272ABD8004B991C /* NSString+SBJSON.h */,
				3FC5E22A1272ABD8004B991C /* NSString+SBJSON.m */,
				3FC5E22B1272ABD8004B991C /* SBJsonBase.h */,
				3FC5E22C1272ABD8004B991C /* SBJsonBase.m */,
				3FC5E22D1272ABD8004B991C /* SBJsonParser.h */,
				3FC5E22E1272ABD8004B991C /* SBJsonParser.m */,
				3FC5E22F1272ABD8004B991C /* SBJsonStreamWriter.h */,
				3FC5E2301272ABD8004B991C /* SBJsonStreamWriter.m */,
				3FC5E2311272ABD8004B991C /* SBJsonWriter.h */,
				3FC5E2321272ABD8004B991C /* SBJsonWriter.m */,
				3FC5E2331272ABD8004B991C /* SBProxyForJson.h */,
			);
			name = JSON;
			sourceTree = "<group>";
		};
		3FC99CF7128AD549009E2B06 /* JONTUStudent */ = {
			isa = PBXGroup;
			children = (
			);
			name = JONTUStudent;
			sourceTree = "<group>";
		};
		3FC99E5B128AEAAF009E2B06 /* hpple */ = {
			isa = PBXGroup;
			children = (
				3FC99E60128AEAC0009E2B06 /* TFHpple.h */,
				3FC99E61128AEAC0009E2B06 /* TFHpple.m */,
				3FC99E62128AEAC0009E2B06 /* TFHppleElement.h */,
				3FC99E63128AEAC0009E2B06 /* TFHppleElement.m */,
				3FC99E64128AEAC0009E2B06 /* XPathQuery.h */,
				3FC99E65128AEAC0009E2B06 /* XPathQuery.m */,
			);
			name = hpple;
			sourceTree = "<group>";
		};
/* End PBXGroup section */

/* Begin PBXHeadersBuildPhase section */
		3F5EDCF712564C9100FF2D80 /* Headers */ = {
			isa = PBXHeadersBuildPhase;
			buildActionMask = 2147483647;
			files = (
				3F5EDD3712564E1200FF2D80 /* JONTUBusStop.h in Headers */,
				3F5EDD3812564E1200FF2D80 /* JONTUClass.h in Headers */,
				3F5EDD3912564E1200FF2D80 /* JONTUCourse.h in Headers */,
				3F5EDD3A12564E1200FF2D80 /* JONTUAuth.h in Headers */,
				3F5EDD3B12564E1200FF2D80 /* JONTUBus.h in Headers */,
				3F5EDD3C12564E1200FF2D80 /* RegexKitLite.h in Headers */,
				3F5EDD3D12564E1200FF2D80 /* JONTUSemester.h in Headers */,
				3F5EDD3E12564E1200FF2D80 /* NSString+htmlentitiesaddition.h in Headers */,
				3F5EDD3F12564E1200FF2D80 /* JONTUSemesterDates.h in Headers */,
				3F5EDD4012564E1200FF2D80 /* JONTUBusEngine.h in Headers */,
				3F5EDD4112564E1200FF2D80 /* JONTUBusRoute.h in Headers */,
				3F5EDD4212564E1200FF2D80 /* SynthesizeSingleton.h in Headers */,
				3F54E16C125CF75000D17762 /* JONTUVideoLecture.h in Headers */,
				3F54E16E125CF75000D17762 /* JONTUVideoStreamingServer.h in Headers */,
				3F7D66FE1264C5E8008059BA /* JONTUAculearnV7.h in Headers */,
				3F7D67071264C5FB008059BA /* JONTUAculearnV4.h in Headers */,
				3F5240C7126809B9009698EA /* JONTULocation.h in Headers */,
				3F5241601268243C009698EA /* JONTULocationDirections.h in Headers */,
				3F5241681268244B009698EA /* JONTULocationRoute.h in Headers */,
				3FC7CE6F12719E2A00CE1EFA /* JOUTM.h in Headers */,
				3FC5E2341272ABD8004B991C /* JSON.h in Headers */,
				3FC5E2351272ABD8004B991C /* NSObject+SBJSON.h in Headers */,
				3FC5E2371272ABD8004B991C /* NSString+SBJSON.h in Headers */,
				3FC5E2391272ABD8004B991C /* SBJsonBase.h in Headers */,
				3FC5E23B1272ABD8004B991C /* SBJsonParser.h in Headers */,
				3FC5E23D1272ABD8004B991C /* SBJsonStreamWriter.h in Headers */,
				3FC5E23F1272ABD8004B991C /* SBJsonWriter.h in Headers */,
				3FC5E2411272ABD8004B991C /* SBProxyForJson.h in Headers */,
				3FC99E66128AEAC0009E2B06 /* TFHpple.h in Headers */,
				3FC99E68128AEAC0009E2B06 /* TFHppleElement.h in Headers */,
				3FC99E6A128AEAC0009E2B06 /* XPathQuery.h in Headers */,
				3F573639128CE9B30063C313 /* JOIris.h in Headers */,
				3F33A87E1316009200F95F8E /* JORequestQueue.h in Headers */,
				3F33A8841316009200F95F8E /* JOURLRequest.h in Headers */,
				3F33A8C81316127200F95F8E /* Reachability.h in Headers */,
				3F56FE021346148800982DBE /* _JONTUClass.h in Headers */,
				3F56FE061346148800982DBE /* _JONTUCourse.h in Headers */,
				3F56FE0A1346148800982DBE /* _JONTUCourseDetails.h in Headers */,
				3F56FE0E1346148800982DBE /* _JONTUSemester.h in Headers */,
				3F56FE121346148800982DBE /* _JONTUSemesterDates.h in Headers */,
				3F56FE181346162B00982DBE /* JONTUCourseDetails.h in Headers */,
			);
			runOnlyForDeploymentPostprocessing = 0;
		};
		3F5EDD1412564D7600FF2D80 /* Headers */ = {
			isa = PBXHeadersBuildPhase;
			buildActionMask = 2147483647;
			files = (
				3F5EDD4312564E1F00FF2D80 /* JONTUBusStop.h in Headers */,
				3F5EDD4412564E1F00FF2D80 /* JONTUClass.h in Headers */,
				3F5EDD4512564E1F00FF2D80 /* JONTUCourse.h in Headers */,
				3F5EDD4612564E1F00FF2D80 /* JONTUAuth.h in Headers */,
				3F5EDD4712564E1F00FF2D80 /* JONTUBus.h in Headers */,
				3F5EDD4812564E1F00FF2D80 /* RegexKitLite.h in Headers */,
				3F5EDD4912564E1F00FF2D80 /* JONTUSemester.h in Headers */,
				3F5EDD4A12564E1F00FF2D80 /* NSString+htmlentitiesaddition.h in Headers */,
				3F5EDD4B12564E1F00FF2D80 /* JONTUSemesterDates.h in Headers */,
				3F5EDD4C12564E1F00FF2D80 /* JONTUBusEngine.h in Headers */,
				3F5EDD4D12564E1F00FF2D80 /* JONTUBusRoute.h in Headers */,
				3F5EDD4E12564E1F00FF2D80 /* SynthesizeSingleton.h in Headers */,
				3F54E170125CF75000D17762 /* JONTUVideoLecture.h in Headers */,
				3F54E172125CF75000D17762 /* JONTUVideoStreamingServer.h in Headers */,
				3F7D66FC1264C5E8008059BA /* JONTUAculearnV7.h in Headers */,
				3F7D67051264C5FB008059BA /* JONTUAculearnV4.h in Headers */,
				3F5240CB126809B9009698EA /* JONTULocation.h in Headers */,
				3F5241641268243C009698EA /* JONTULocationDirections.h in Headers */,
				3F52416C1268244B009698EA /* JONTULocationRoute.h in Headers */,
				3FC7CE7312719E2A00CE1EFA /* JOUTM.h in Headers */,
				3FC5E2501272ABD8004B991C /* JSON.h in Headers */,
				3FC5E2511272ABD8004B991C /* NSObject+SBJSON.h in Headers */,
				3FC5E2531272ABD8004B991C /* NSString+SBJSON.h in Headers */,
				3FC5E2551272ABD8004B991C /* SBJsonBase.h in Headers */,
				3FC5E2571272ABD8004B991C /* SBJsonParser.h in Headers */,
				3FC5E2591272ABD8004B991C /* SBJsonStreamWriter.h in Headers */,
				3FC5E25B1272ABD8004B991C /* SBJsonWriter.h in Headers */,
				3FC5E25D1272ABD8004B991C /* SBProxyForJson.h in Headers */,
				3FC99E72128AEAC0009E2B06 /* TFHpple.h in Headers */,
				3FC99E74128AEAC0009E2B06 /* TFHppleElement.h in Headers */,
				3FC99E76128AEAC0009E2B06 /* XPathQuery.h in Headers */,
				3F57363D128CE9B30063C313 /* JOIris.h in Headers */,
				3F33A87F1316009200F95F8E /* JORequestQueue.h in Headers */,
				3F33A8851316009200F95F8E /* JOURLRequest.h in Headers */,
				3F56FE031346148800982DBE /* _JONTUClass.h in Headers */,
				3F56FE071346148800982DBE /* _JONTUCourse.h in Headers */,
				3F56FE0B1346148800982DBE /* _JONTUCourseDetails.h in Headers */,
				3F56FE0F1346148800982DBE /* _JONTUSemester.h in Headers */,
				3F56FE131346148800982DBE /* _JONTUSemesterDates.h in Headers */,
				3F56FE191346162B00982DBE /* JONTUCourseDetails.h in Headers */,
			);
			runOnlyForDeploymentPostprocessing = 0;
		};
/* End PBXHeadersBuildPhase section */

/* Begin PBXNativeTarget section */
		3F5EDCFA12564C9100FF2D80 /* Edventurous-Device */ = {
			isa = PBXNativeTarget;
			buildConfigurationList = 3F5EDCFF12564C9200FF2D80 /* Build configuration list for PBXNativeTarget "Edventurous-Device" */;
			buildPhases = (
				3F5EDCF712564C9100FF2D80 /* Headers */,
				3F5EDCF812564C9100FF2D80 /* Sources */,
				3F5EDCF912564C9100FF2D80 /* Frameworks */,
			);
			buildRules = (
			);
			dependencies = (
			);
			name = "Edventurous-Device";
			productName = "Edventurous-Device";
			productReference = 3F5EDCFB12564C9100FF2D80 /* libEdventurous-Device.a */;
			productType = "com.apple.product-type.library.static";
		};
		3F5EDD1712564D7600FF2D80 /* Edventurous-OSX */ = {
			isa = PBXNativeTarget;
			buildConfigurationList = 3F5EDD1D12564D9B00FF2D80 /* Build configuration list for PBXNativeTarget "Edventurous-OSX" */;
			buildPhases = (
				3F5EDD1412564D7600FF2D80 /* Headers */,
				3F5EDD1512564D7600FF2D80 /* Sources */,
				3F5EDD1612564D7600FF2D80 /* Frameworks */,
			);
			buildRules = (
			);
			dependencies = (
			);
			name = "Edventurous-OSX";
			productName = "Edventurous-OSX";
			productReference = 3F5EDD1812564D7600FF2D80 /* libEdventurous-OSX.a */;
			productType = "com.apple.product-type.library.static";
		};
/* End PBXNativeTarget section */

/* Begin PBXProject section */
		3F5EDCCE12564B8D00FF2D80 /* Project object */ = {
			isa = PBXProject;
			buildConfigurationList = 3F5EDCD112564B8D00FF2D80 /* Build configuration list for PBXProject "Edventurous" */;
			compatibilityVersion = "Xcode 2.4";
			developmentRegion = English;
			hasScannedForEncodings = 0;
			knownRegions = (
				English,
				Japanese,
				French,
				German,
			);
			mainGroup = 3F5EDCCC12564B8D00FF2D80;
			productRefGroup = 3F5EDCFC12564C9100FF2D80 /* Products */;
			projectDirPath = "";
			projectRoot = "";
			targets = (
				3F5EDCFA12564C9100FF2D80 /* Edventurous-Device */,
				3F5EDD1712564D7600FF2D80 /* Edventurous-OSX */,
			);
		};
/* End PBXProject section */

/* Begin PBXSourcesBuildPhase section */
		3F5EDCF812564C9100FF2D80 /* Sources */ = {
			isa = PBXSourcesBuildPhase;
			buildActionMask = 2147483647;
			files = (
				3F5EDD4F12564E2C00FF2D80 /* JONTUSemester.m in Sources */,
				3F5EDD5012564E2C00FF2D80 /* JONTUBusRoute.m in Sources */,
				3F5EDD5112564E2C00FF2D80 /* JONTUBusEngine.m in Sources */,
				3F5EDD5212564E2C00FF2D80 /* JONTUAuth.m in Sources */,
				3F5EDD5312564E2C00FF2D80 /* JONTUSemesterDates.m in Sources */,
				3F5EDD5412564E2C00FF2D80 /* JONTUCourse.m in Sources */,
				3F5EDD5512564E2C00FF2D80 /* JONTUBus.m in Sources */,
				3F5EDD5612564E2C00FF2D80 /* JONTUBusStop.m in Sources */,
				3F5EDD5712564E2C00FF2D80 /* RegexKitLite.m in Sources */,
				3F5EDD5812564E2C00FF2D80 /* JONTUClass.m in Sources */,
				3F5EDD5912564E2C00FF2D80 /* NSString+htmlentitiesaddition.m in Sources */,
				3F54E16D125CF75000D17762 /* JONTUVideoLecture.m in Sources */,
				3F54E16F125CF75000D17762 /* JONTUVideoStreamingServer.m in Sources */,
				3F7D66FF1264C5E8008059BA /* JONTUAculearnV7.m in Sources */,
				3F7D67081264C5FB008059BA /* JONTUAculearnV4.m in Sources */,
				3F5240C8126809B9009698EA /* JONTULocation.m in Sources */,
				3F5241611268243C009698EA /* JONTULocationDirections.m in Sources */,
				3F5241691268244B009698EA /* JONTULocationRoute.m in Sources */,
				3FC7CE7012719E2A00CE1EFA /* JOUTM.m in Sources */,
				3FC5E2361272ABD8004B991C /* NSObject+SBJSON.m in Sources */,
				3FC5E2381272ABD8004B991C /* NSString+SBJSON.m in Sources */,
				3FC5E23A1272ABD8004B991C /* SBJsonBase.m in Sources */,
				3FC5E23C1272ABD8004B991C /* SBJsonParser.m in Sources */,
				3FC5E23E1272ABD8004B991C /* SBJsonStreamWriter.m in Sources */,
				3FC5E2401272ABD8004B991C /* SBJsonWriter.m in Sources */,
				3FC99E67128AEAC0009E2B06 /* TFHpple.m in Sources */,
				3FC99E69128AEAC0009E2B06 /* TFHppleElement.m in Sources */,
				3FC99E6B128AEAC0009E2B06 /* XPathQuery.m in Sources */,
				3F57363A128CE9B30063C313 /* JOIris.m in Sources */,
				3F33A8811316009200F95F8E /* JORequestQueue.m in Sources */,
				3F33A8871316009200F95F8E /* JOURLRequest.m in Sources */,
				3F33A8CB1316127200F95F8E /* Reachability.m in Sources */,
				3F5D885913460FE100B45134 /* JONTUTimeTable.xcdatamodeld in Sources */,
				3F56FE041346148800982DBE /* _JONTUClass.m in Sources */,
				3F56FE081346148800982DBE /* _JONTUCourse.m in Sources */,
				3F56FE0C1346148800982DBE /* _JONTUCourseDetails.m in Sources */,
				3F56FE101346148800982DBE /* _JONTUSemester.m in Sources */,
				3F56FE141346148800982DBE /* _JONTUSemesterDates.m in Sources */,
				3F56FE1A1346162B00982DBE /* JONTUCourseDetails.m in Sources */,
			);
			runOnlyForDeploymentPostprocessing = 0;
		};
		3F5EDD1512564D7600FF2D80 /* Sources */ = {
			isa = PBXSourcesBuildPhase;
			buildActionMask = 2147483647;
			files = (
				3F5EDD5A12564E3500FF2D80 /* JONTUSemester.m in Sources */,
				3F5EDD5B12564E3500FF2D80 /* JONTUBusRoute.m in Sources */,
				3F5EDD5C12564E3500FF2D80 /* JONTUBusEngine.m in Sources */,
				3F5EDD5D12564E3500FF2D80 /* JONTUAuth.m in Sources */,
				3F5EDD5E12564E3500FF2D80 /* JONTUSemesterDates.m in Sources */,
				3F5EDD5F12564E3500FF2D80 /* JONTUCourse.m in Sources */,
				3F5EDD6012564E3500FF2D80 /* JONTUBus.m in Sources */,
				3F5EDD6112564E3500FF2D80 /* JONTUBusStop.m in Sources */,
				3F5EDD6212564E3500FF2D80 /* RegexKitLite.m in Sources */,
				3F5EDD6312564E3500FF2D80 /* JONTUClass.m in Sources */,
				3F5EDD6412564E3500FF2D80 /* NSString+htmlentitiesaddition.m in Sources */,
				3F54E171125CF75000D17762 /* JONTUVideoLecture.m in Sources */,
				3F54E173125CF75000D17762 /* JONTUVideoStreamingServer.m in Sources */,
				3F7D66FD1264C5E8008059BA /* JONTUAculearnV7.m in Sources */,
				3F7D67061264C5FB008059BA /* JONTUAculearnV4.m in Sources */,
				3F5240CC126809B9009698EA /* JONTULocation.m in Sources */,
				3F5241651268243C009698EA /* JONTULocationDirections.m in Sources */,
				3F52416D1268244B009698EA /* JONTULocationRoute.m in Sources */,
				3FC7CE7412719E2A00CE1EFA /* JOUTM.m in Sources */,
				3FC5E2521272ABD8004B991C /* NSObject+SBJSON.m in Sources */,
				3FC5E2541272ABD8004B991C /* NSString+SBJSON.m in Sources */,
				3FC5E2561272ABD8004B991C /* SBJsonBase.m in Sources */,
				3FC5E2581272ABD8004B991C /* SBJsonParser.m in Sources */,
				3FC5E25A1272ABD8004B991C /* SBJsonStreamWriter.m in Sources */,
				3FC5E25C1272ABD8004B991C /* SBJsonWriter.m in Sources */,
				3FC99E73128AEAC0009E2B06 /* TFHpple.m in Sources */,
				3FC99E75128AEAC0009E2B06 /* TFHppleElement.m in Sources */,
				3FC99E77128AEAC0009E2B06 /* XPathQuery.m in Sources */,
				3F57363E128CE9B30063C313 /* JOIris.m in Sources */,
				3F33A8821316009200F95F8E /* JORequestQueue.m in Sources */,
				3F33A8881316009200F95F8E /* JOURLRequest.m in Sources */,
				3F5D885A13460FE100B45134 /* JONTUTimeTable.xcdatamodeld in Sources */,
				3F56FE051346148800982DBE /* _JONTUClass.m in Sources */,
				3F56FE091346148800982DBE /* _JONTUCourse.m in Sources */,
				3F56FE0D1346148800982DBE /* _JONTUCourseDetails.m in Sources */,
				3F56FE111346148800982DBE /* _JONTUSemester.m in Sources */,
				3F56FE151346148800982DBE /* _JONTUSemesterDates.m in Sources */,
				3F56FE1B1346162B00982DBE /* JONTUCourseDetails.m in Sources */,
			);
			runOnlyForDeploymentPostprocessing = 0;
		};
/* End PBXSourcesBuildPhase section */

/* Begin XCBuildConfiguration section */
		3F5EDCCF12564B8D00FF2D80 /* Debug */ = {
			isa = XCBuildConfiguration;
			buildSettings = {
				COPY_PHASE_STRIP = NO;
				RUN_CLANG_STATIC_ANALYZER = NO;
				SKIP_INSTALL = YES;
			};
			name = Debug;
		};
		3F5EDCD012564B8D00FF2D80 /* Release */ = {
			isa = XCBuildConfiguration;
			buildSettings = {
				COPY_PHASE_STRIP = YES;
				RUN_CLANG_STATIC_ANALYZER = NO;
				SKIP_INSTALL = YES;
			};
			name = Release;
		};
		3F5EDCFD12564C9200FF2D80 /* Debug */ = {
			isa = XCBuildConfiguration;
			buildSettings = {
				ALWAYS_SEARCH_USER_PATHS = NO;
				ARCHS = "$(ARCHS_STANDARD_32_BIT_PRE_XCODE_3_1)";
				ARCHS_STANDARD_32_BIT_PRE_XCODE_3_1 = "ppc i386";
				CONFIGURATION_BUILD_DIR = "$(BUILD_DIR)/$(CONFIGURATION)";
				COPY_PHASE_STRIP = NO;
				GCC_C_LANGUAGE_STANDARD = c99;
				GCC_DYNAMIC_NO_PIC = NO;
				GCC_MODEL_TUNING = G5;
				GCC_OPTIMIZATION_LEVEL = s;
				GCC_PRECOMPILE_PREFIX_HEADER = YES;
				GCC_PREFIX_HEADER = Edventurous.pch;
				GCC_VERSION = com.apple.compilers.llvm.clang.1_0;
				HEADER_SEARCH_PATHS = /usr/include/libxml2;
				IPHONEOS_DEPLOYMENT_TARGET = 4.0;
				OTHER_CFLAGS = "";
				OTHER_LDFLAGS = "-ObjC";
				PREBINDING = NO;
				PRODUCT_NAME = "Edventurous-Device";
				SDKROOT = iphoneos;
				SKIP_INSTALL = YES;
				TARGETED_DEVICE_FAMILY = "1,2";
				VALID_ARCHS = "armv6 armv7 i386";
				ZERO_LINK = "";
			};
			name = Debug;
		};
		3F5EDCFE12564C9200FF2D80 /* Release */ = {
			isa = XCBuildConfiguration;
			buildSettings = {
				ALWAYS_SEARCH_USER_PATHS = NO;
				ARCHS = "$(ARCHS_STANDARD_32_BIT_PRE_XCODE_3_1)";
				ARCHS_STANDARD_32_BIT_PRE_XCODE_3_1 = "ppc i386";
				CONFIGURATION_BUILD_DIR = "$(BUILD_DIR)/$(CONFIGURATION)";
				COPY_PHASE_STRIP = YES;
				DEBUG_INFORMATION_FORMAT = "dwarf-with-dsym";
				GCC_C_LANGUAGE_STANDARD = c99;
				GCC_ENABLE_FIX_AND_CONTINUE = NO;
				GCC_MODEL_TUNING = G5;
				GCC_OPTIMIZATION_LEVEL = s;
				GCC_PRECOMPILE_PREFIX_HEADER = YES;
				GCC_PREFIX_HEADER = Edventurous.pch;
				GCC_VERSION = com.apple.compilers.llvm.clang.1_0;
				HEADER_SEARCH_PATHS = /usr/include/libxml2;
				IPHONEOS_DEPLOYMENT_TARGET = 4.0;
				OTHER_CFLAGS = "";
				OTHER_LDFLAGS = "-ObjC";
				PREBINDING = NO;
				PRODUCT_NAME = "Edventurous-Device";
				SDKROOT = iphoneos;
				SKIP_INSTALL = YES;
				TARGETED_DEVICE_FAMILY = "1,2";
				VALID_ARCHS = "armv6 armv7 i386";
				ZERO_LINK = "";
			};
			name = Release;
		};
		3F5EDD1912564D7700FF2D80 /* Debug */ = {
			isa = XCBuildConfiguration;
			buildSettings = {
				ALWAYS_SEARCH_USER_PATHS = NO;
				ARCHS = "$(ARCHS_STANDARD_32_64_BIT_PRE_XCODE_3_1)";
				ARCHS_STANDARD_32_64_BIT_PRE_XCODE_3_1 = "x86_64 i386 ppc";
				COPY_PHASE_STRIP = NO;
				DEBUG_INFORMATION_FORMAT = "dwarf-with-dsym";
				GCC_C_LANGUAGE_STANDARD = c99;
				GCC_DYNAMIC_NO_PIC = NO;
				GCC_ENABLE_FIX_AND_CONTINUE = YES;
				GCC_MODEL_TUNING = G5;
				GCC_OPTIMIZATION_LEVEL = s;
				GCC_PRECOMPILE_PREFIX_HEADER = YES;
				GCC_PREFIX_HEADER = Edventurous.pch;
				GCC_VERSION = com.apple.compilers.llvm.clang.1_0;
				HEADER_SEARCH_PATHS = /usr/include/libxml2;
				INSTALL_PATH = /usr/local/lib;
				OTHER_CFLAGS = "";
				OTHER_LDFLAGS = "-ObjC";
				PREBINDING = NO;
				PRODUCT_NAME = "Edventurous-OSX";
				SDKROOT = "$(DEVELOPER_SDK_DIR)/MacOSX10.6.sdk";
				SKIP_INSTALL = YES;
				ZERO_LINK = "";
			};
			name = Debug;
		};
		3F5EDD1A12564D7700FF2D80 /* Release */ = {
			isa = XCBuildConfiguration;
			buildSettings = {
				ALWAYS_SEARCH_USER_PATHS = NO;
				ARCHS = "$(ARCHS_STANDARD_32_64_BIT_PRE_XCODE_3_1)";
				ARCHS_STANDARD_32_64_BIT_PRE_XCODE_3_1 = "x86_64 i386 ppc";
				COPY_PHASE_STRIP = YES;
				DEBUG_INFORMATION_FORMAT = "dwarf-with-dsym";
				GCC_C_LANGUAGE_STANDARD = c99;
				GCC_ENABLE_FIX_AND_CONTINUE = NO;
				GCC_MODEL_TUNING = G5;
				GCC_OPTIMIZATION_LEVEL = s;
				GCC_PRECOMPILE_PREFIX_HEADER = YES;
				GCC_PREFIX_HEADER = Edventurous.pch;
				GCC_VERSION = com.apple.compilers.llvm.clang.1_0;
				HEADER_SEARCH_PATHS = /usr/include/libxml2;
				INSTALL_PATH = /usr/local/lib;
				OTHER_CFLAGS = "";
				OTHER_LDFLAGS = "-ObjC";
				PREBINDING = NO;
				PRODUCT_NAME = "Edventurous-OSX";
				SDKROOT = "$(DEVELOPER_SDK_DIR)/MacOSX10.6.sdk";
				SKIP_INSTALL = YES;
				ZERO_LINK = "";
			};
			name = Release;
		};
/* End XCBuildConfiguration section */

/* Begin XCConfigurationList section */
		3F5EDCD112564B8D00FF2D80 /* Build configuration list for PBXProject "Edventurous" */ = {
			isa = XCConfigurationList;
			buildConfigurations = (
				3F5EDCCF12564B8D00FF2D80 /* Debug */,
				3F5EDCD012564B8D00FF2D80 /* Release */,
			);
			defaultConfigurationIsVisible = 0;
			defaultConfigurationName = Release;
		};
		3F5EDCFF12564C9200FF2D80 /* Build configuration list for PBXNativeTarget "Edventurous-Device" */ = {
			isa = XCConfigurationList;
			buildConfigurations = (
				3F5EDCFD12564C9200FF2D80 /* Debug */,
				3F5EDCFE12564C9200FF2D80 /* Release */,
			);
			defaultConfigurationIsVisible = 0;
			defaultConfigurationName = Release;
		};
		3F5EDD1D12564D9B00FF2D80 /* Build configuration list for PBXNativeTarget "Edventurous-OSX" */ = {
			isa = XCConfigurationList;
			buildConfigurations = (
				3F5EDD1912564D7700FF2D80 /* Debug */,
				3F5EDD1A12564D7700FF2D80 /* Release */,
			);
			defaultConfigurationIsVisible = 0;
			defaultConfigurationName = Release;
		};
/* End XCConfigurationList section */

/* Begin XCVersionGroup section */
		3F5D885713460FE100B45134 /* JONTUTimeTable.xcdatamodeld */ = {
			isa = XCVersionGroup;
			children = (
				3F5D885813460FE100B45134 /* JONTUTimeTable.xcdatamodel */,
			);
			currentVersion = 3F5D885813460FE100B45134 /* JONTUTimeTable.xcdatamodel */;
			path = JONTUTimeTable.xcdatamodeld;
			sourceTree = "<group>";
			versionGroupType = wrapper.xcdatamodel;
		};
/* End XCVersionGroup section */
	};
	rootObject = 3F5EDCCE12564B8D00FF2D80 /* Project object */;
}
